
Microsoft Visual Studio Solution File, Format Version 12.00
# Visual Studio 2012
Project("{FAE04EC0-301F-11D3-BF4B-00C04F79EFBC}") = "Tester", "Tester\Tester.csproj", "{93088230-26E0-4380-BC23-715EA52750AB}"
EndProject
Project("{FAE04EC0-301F-11D3-BF4B-00C04F79EFBC}") = "BasicFodyAddin", "BasicFodyAddin-master\BasicFodyAddin\BasicFodyAddin.csproj", "{C3578A7B-09A6-4444-9383-0DEAFA4958BD}"
EndProject
Project("{FAE04EC0-301F-11D3-BF4B-00C04F79EFBC}") = "Realm", "BasicFodyAddin-master\Realm\Realm.csproj", "{2494214E-6005-4EB9-AD2C-1D4BCD7B0223}"
EndProject
Global
	GlobalSection(SolutionConfigurationPlatforms) = preSolution
		Debug|Any CPU = Debug|Any CPU
		Release|Any CPU = Release|Any CPU
	EndGlobalSection
	GlobalSection(ProjectConfigurationPlatforms) = postSolution
		{2494214E-6005-4EB9-AD2C-1D4BCD7B0223}.Debug|Any CPU.ActiveCfg = Debug|Any CPU
		{2494214E-6005-4EB9-AD2C-1D4BCD7B0223}.Debug|Any CPU.Build.0 = Debug|Any CPU
		{2494214E-6005-4EB9-AD2C-1D4BCD7B0223}.Release|Any CPU.ActiveCfg = Release|Any CPU
		{2494214E-6005-4EB9-AD2C-1D4BCD7B0223}.Release|Any CPU.Build.0 = Release|Any CPU
		{93088230-26E0-4380-BC23-715EA52750AB}.Debug|Any CPU.ActiveCfg = Debug|Any CPU
		{93088230-26E0-4380-BC23-715EA52750AB}.Debug|Any CPU.Build.0 = Debug|Any CPU
		{93088230-26E0-4380-BC23-715EA52750AB}.Release|Any CPU.ActiveCfg = Release|Any CPU
		{93088230-26E0-4380-BC23-715EA52750AB}.Release|Any CPU.Build.0 = Release|Any CPU
		{C3578A7B-09A6-4444-9383-0DEAFA4958BD}.Debug|Any CPU.ActiveCfg = Debug|Any CPU
		{C3578A7B-09A6-4444-9383-0DEAFA4958BD}.Debug|Any CPU.Build.0 = Debug|Any CPU
		{C3578A7B-09A6-4444-9383-0DEAFA4958BD}.Release|Any CPU.ActiveCfg = Release|Any CPU
		{C3578A7B-09A6-4444-9383-0DEAFA4958BD}.Release|Any CPU.Build.0 = Release|Any CPU
	EndGlobalSection
	GlobalSection(SolutionProperties) = preSolution
		HideSolutionNode = FALSE
	EndGlobalSection
EndGlobal
