
Microsoft Visual Studio Solution File, Format Version 12.00
# Visual Studio 15
VisualStudioVersion = 15.0.26020.0
MinimumVisualStudioVersion = 10.0.40219.1
Project("{2150E333-8FDC-42A3-9474-1A3956D46DE8}") = "WeaverTests", "WeaverTests", "{64B2E00E-D5D7-474B-9947-6ABC51070E7B}"
EndProject
Project("{FAE04EC0-301F-11D3-BF4B-00C04F79EFBC}") = "RealmWeaver.Tests", "Weaver\WeaverTests\RealmWeaver.Tests\RealmWeaver.Tests.csproj", "{C0DB15DA-0C51-408D-A386-A69880083B93}"
EndProject
Project("{FAE04EC0-301F-11D3-BF4B-00C04F79EFBC}") = "AssemblyToProcess", "Weaver\WeaverTests\AssemblyToProcess\AssemblyToProcess.csproj", "{E97E649F-B703-47E3-B18A-0871D3498742}"
EndProject
Project("{FAE04EC0-301F-11D3-BF4B-00C04F79EFBC}") = "RealmWeaver.Fody", "Weaver\RealmWeaver.Fody\RealmWeaver.Fody.csproj", "{C3578A7B-09A6-4444-9383-0DEAFA4958BD}"
EndProject
Project("{FAE04EC0-301F-11D3-BF4B-00C04F79EFBC}") = "Realm.PCL", "Platform.PCL\Realm.PCL\Realm.PCL.csproj", "{261C8EB6-9508-4D6A-9BED-39A544AA2736}"
EndProject
Project("{FAE04EC0-301F-11D3-BF4B-00C04F79EFBC}") = "PCLAssemblyToProcess", "Weaver\WeaverTests\PCLAssemblyToProcess\PCLAssemblyToProcess.csproj", "{F65E66C8-A3A0-40DC-AEE4-1BFF3174B9E7}"
EndProject
Project("{FAE04EC0-301F-11D3-BF4B-00C04F79EFBC}") = "Realm.FakeForWeaverTests", "Weaver\WeaverTests\Realm.FakeForWeaverTests\Realm.FakeForWeaverTests.csproj", "{A80A308A-3AFF-43F8-9186-383AAF148CA4}"
EndProject
Project("{2150E333-8FDC-42A3-9474-1A3956D46DE8}") = "Platform.PCL", "Platform.PCL", "{1CC5276B-0F47-49B2-BB78-E7F3D21F7801}"
EndProject
Project("{2150E333-8FDC-42A3-9474-1A3956D46DE8}") = "Weaver", "Weaver", "{45F181B2-CBDC-41DD-BF97-8CA114F0E53B}"
EndProject
Project("{FAE04EC0-301F-11D3-BF4B-00C04F79EFBC}") = "Realm.Sync.PCL", "Platform.PCL\Realm.Sync.PCL\Realm.Sync.PCL.csproj", "{361C8EB6-9508-4D6A-9BED-39A544AA2736}"
EndProject
Project("{FAE04EC0-301F-11D3-BF4B-00C04F79EFBC}") = "RealmFreeAssemblyToProcess", "Weaver\WeaverTests\RealmFreeAssemblyToProcess\RealmFreeAssemblyToProcess.csproj", "{3119928D-74D5-4F90-ADEA-4FE2A157126B}"
EndProject
Project("{FAE04EC0-301F-11D3-BF4B-00C04F79EFBC}") = "PCLRealmFreeAssemblyToProcess", "Weaver\WeaverTests\PCLRealmFreeAssemblyToProcess\PCLRealmFreeAssemblyToProcess.csproj", "{C273AC40-9B87-4A5B-A4B4-F4F8A7870BF0}"
EndProject
Project("{FAE04EC0-301F-11D3-BF4B-00C04F79EFBC}") = "Realm.BuildTasks", "Weaver\Realm.BuildTasks\Realm.BuildTasks.csproj", "{9C1A39EB-953B-4732-8E14-0238E2C88A1F}"
EndProject
Project("{2150E333-8FDC-42A3-9474-1A3956D46DE8}") = "Realm", "Realm", "{50F058DF-2B41-403C-BB73-8B4180D1CF39}"
EndProject
Project("{FAE04EC0-301F-11D3-BF4B-00C04F79EFBC}") = "Realm", "Realm\Realm\Realm.csproj", "{C0DB0E07-4FBC-44D1-8E84-A074497385C6}"
EndProject
Project("{FAE04EC0-301F-11D3-BF4B-00C04F79EFBC}") = "Realm.Sync", "Realm\Realm.Sync\Realm.Sync.csproj", "{2015403A-59D2-47F2-8E18-7DF85BB98467}"
EndProject
Project("{2150E333-8FDC-42A3-9474-1A3956D46DE8}") = "Tests", "Tests", "{D10BE048-9C20-4B8B-BE5B-48CC55F8BB07}"
EndProject
Global
	GlobalSection(SharedMSBuildProjectFiles) = preSolution
		Shared\Realm.Sync.Shared\Realm.Sync.Shared.projitems*{02c53890-5cfa-4443-b894-7d0d74301280}*SharedItemsImports = 4
		Shared\Tests.Shared\Tests.Shared.projitems*{06146619-d21c-414c-bfe3-2f59acba412e}*SharedItemsImports = 13
		Shared\Realm.Shared\Realm.Shared.projitems*{2379d669-4f4b-4ff6-af8a-49fea981efc3}*SharedItemsImports = 4
		Shared\Realm.Sync.Shared\Realm.Sync.Shared.projitems*{3379d669-4f4b-4ff6-af8a-49fea981efc3}*SharedItemsImports = 4
		Shared\Realm.Sync.Shared\Realm.Sync.Shared.projitems*{355bd773-5a29-4b2a-9db7-1ab1dd38b537}*SharedItemsImports = 4
		Shared\Realm.Sync.Shared\Realm.Sync.Shared.projitems*{76990168-1696-4f96-8eda-3dcf173a0e00}*SharedItemsImports = 13
		Shared\Realm.Shared\Realm.Shared.projitems*{826c8753-5c4a-4e95-b483-179b9892c008}*SharedItemsImports = 13
		Shared\Realm.Shared\Realm.Shared.projitems*{a55bd773-5a29-4b2a-9db7-1ab1dd38b537}*SharedItemsImports = 4
		Shared\Tests.Shared\Tests.Shared.projitems*{b9450ad4-e48b-479b-98ba-4563b32e278a}*SharedItemsImports = 4
		Shared\Tests.Sync.Shared\Tests.Sync.Shared.projitems*{b9450ad4-e48b-479b-98ba-4563b32e278a}*SharedItemsImports = 4
		Shared\Tests.Shared\Tests.Shared.projitems*{bfc1c1b7-2864-4456-9dec-309a3f006b66}*SharedItemsImports = 4
		Shared\Realm.Shared\Realm.Shared.projitems*{c211ede7-cc8e-4f53-a9df-0b105a350bbf}*SharedItemsImports = 4
		Shared\Tests.Sync.Shared\Tests.Sync.Shared.projitems*{c81983e0-58a0-4d67-b0d0-ae91aba71a2c}*SharedItemsImports = 13
		Shared\Tests.Shared\Tests.Shared.projitems*{ed17479c-2cfe-4e6d-a592-82c491ffbe4e}*SharedItemsImports = 4
		Shared\Tests.Sync.Shared\Tests.Sync.Shared.projitems*{ed17479c-2cfe-4e6d-a592-82c491ffbe4e}*SharedItemsImports = 4
	EndGlobalSection
	GlobalSection(SolutionConfigurationPlatforms) = preSolution
		Debug|Any CPU = Debug|Any CPU
		Debug|ARM = Debug|ARM
		Debug|iPhone = Debug|iPhone
		Debug|iPhoneSimulator = Debug|iPhoneSimulator
		Debug|x64 = Debug|x64
		Debug|x86 = Debug|x86
		Release|Any CPU = Release|Any CPU
		Release|ARM = Release|ARM
		Release|iPhone = Release|iPhone
		Release|iPhoneSimulator = Release|iPhoneSimulator
		Release|x64 = Release|x64
		Release|x86 = Release|x86
	EndGlobalSection
	GlobalSection(ProjectConfigurationPlatforms) = postSolution
		{C0DB15DA-0C51-408D-A386-A69880083B93}.Debug|Any CPU.ActiveCfg = Debug|Any CPU
		{C0DB15DA-0C51-408D-A386-A69880083B93}.Debug|Any CPU.Build.0 = Debug|Any CPU
		{C0DB15DA-0C51-408D-A386-A69880083B93}.Debug|ARM.ActiveCfg = Debug|Any CPU
		{C0DB15DA-0C51-408D-A386-A69880083B93}.Debug|ARM.Build.0 = Debug|Any CPU
		{C0DB15DA-0C51-408D-A386-A69880083B93}.Debug|iPhone.ActiveCfg = Debug|Any CPU
		{C0DB15DA-0C51-408D-A386-A69880083B93}.Debug|iPhone.Build.0 = Debug|Any CPU
		{C0DB15DA-0C51-408D-A386-A69880083B93}.Debug|iPhoneSimulator.ActiveCfg = Debug|Any CPU
		{C0DB15DA-0C51-408D-A386-A69880083B93}.Debug|iPhoneSimulator.Build.0 = Debug|Any CPU
		{C0DB15DA-0C51-408D-A386-A69880083B93}.Debug|x64.ActiveCfg = Debug|Any CPU
		{C0DB15DA-0C51-408D-A386-A69880083B93}.Debug|x64.Build.0 = Debug|Any CPU
		{C0DB15DA-0C51-408D-A386-A69880083B93}.Debug|x86.ActiveCfg = Debug|Any CPU
		{C0DB15DA-0C51-408D-A386-A69880083B93}.Debug|x86.Build.0 = Debug|Any CPU
		{C0DB15DA-0C51-408D-A386-A69880083B93}.Release|Any CPU.ActiveCfg = Release|Any CPU
		{C0DB15DA-0C51-408D-A386-A69880083B93}.Release|Any CPU.Build.0 = Release|Any CPU
		{C0DB15DA-0C51-408D-A386-A69880083B93}.Release|ARM.ActiveCfg = Release|Any CPU
		{C0DB15DA-0C51-408D-A386-A69880083B93}.Release|ARM.Build.0 = Release|Any CPU
		{C0DB15DA-0C51-408D-A386-A69880083B93}.Release|iPhone.ActiveCfg = Release|Any CPU
		{C0DB15DA-0C51-408D-A386-A69880083B93}.Release|iPhone.Build.0 = Release|Any CPU
		{C0DB15DA-0C51-408D-A386-A69880083B93}.Release|iPhoneSimulator.ActiveCfg = Release|Any CPU
		{C0DB15DA-0C51-408D-A386-A69880083B93}.Release|iPhoneSimulator.Build.0 = Release|Any CPU
		{C0DB15DA-0C51-408D-A386-A69880083B93}.Release|x64.ActiveCfg = Release|Any CPU
		{C0DB15DA-0C51-408D-A386-A69880083B93}.Release|x64.Build.0 = Release|Any CPU
		{C0DB15DA-0C51-408D-A386-A69880083B93}.Release|x86.ActiveCfg = Release|Any CPU
		{C0DB15DA-0C51-408D-A386-A69880083B93}.Release|x86.Build.0 = Release|Any CPU
		{E97E649F-B703-47E3-B18A-0871D3498742}.Debug|Any CPU.ActiveCfg = Debug|Any CPU
		{E97E649F-B703-47E3-B18A-0871D3498742}.Debug|Any CPU.Build.0 = Debug|Any CPU
		{E97E649F-B703-47E3-B18A-0871D3498742}.Debug|ARM.ActiveCfg = Debug|Any CPU
		{E97E649F-B703-47E3-B18A-0871D3498742}.Debug|ARM.Build.0 = Debug|Any CPU
		{E97E649F-B703-47E3-B18A-0871D3498742}.Debug|iPhone.ActiveCfg = Debug|Any CPU
		{E97E649F-B703-47E3-B18A-0871D3498742}.Debug|iPhone.Build.0 = Debug|Any CPU
		{E97E649F-B703-47E3-B18A-0871D3498742}.Debug|iPhoneSimulator.ActiveCfg = Debug|Any CPU
		{E97E649F-B703-47E3-B18A-0871D3498742}.Debug|iPhoneSimulator.Build.0 = Debug|Any CPU
		{E97E649F-B703-47E3-B18A-0871D3498742}.Debug|x64.ActiveCfg = Debug|Any CPU
		{E97E649F-B703-47E3-B18A-0871D3498742}.Debug|x64.Build.0 = Debug|Any CPU
		{E97E649F-B703-47E3-B18A-0871D3498742}.Debug|x86.ActiveCfg = Debug|Any CPU
		{E97E649F-B703-47E3-B18A-0871D3498742}.Debug|x86.Build.0 = Debug|Any CPU
		{E97E649F-B703-47E3-B18A-0871D3498742}.Release|Any CPU.ActiveCfg = Release|Any CPU
		{E97E649F-B703-47E3-B18A-0871D3498742}.Release|Any CPU.Build.0 = Release|Any CPU
		{E97E649F-B703-47E3-B18A-0871D3498742}.Release|ARM.ActiveCfg = Release|Any CPU
		{E97E649F-B703-47E3-B18A-0871D3498742}.Release|ARM.Build.0 = Release|Any CPU
		{E97E649F-B703-47E3-B18A-0871D3498742}.Release|iPhone.ActiveCfg = Release|Any CPU
		{E97E649F-B703-47E3-B18A-0871D3498742}.Release|iPhone.Build.0 = Release|Any CPU
		{E97E649F-B703-47E3-B18A-0871D3498742}.Release|iPhoneSimulator.ActiveCfg = Release|Any CPU
		{E97E649F-B703-47E3-B18A-0871D3498742}.Release|iPhoneSimulator.Build.0 = Release|Any CPU
		{E97E649F-B703-47E3-B18A-0871D3498742}.Release|x64.ActiveCfg = Release|Any CPU
		{E97E649F-B703-47E3-B18A-0871D3498742}.Release|x64.Build.0 = Release|Any CPU
		{E97E649F-B703-47E3-B18A-0871D3498742}.Release|x86.ActiveCfg = Release|Any CPU
		{E97E649F-B703-47E3-B18A-0871D3498742}.Release|x86.Build.0 = Release|Any CPU
		{C3578A7B-09A6-4444-9383-0DEAFA4958BD}.Debug|Any CPU.ActiveCfg = Debug|Any CPU
		{C3578A7B-09A6-4444-9383-0DEAFA4958BD}.Debug|Any CPU.Build.0 = Debug|Any CPU
		{C3578A7B-09A6-4444-9383-0DEAFA4958BD}.Debug|ARM.ActiveCfg = Debug|Any CPU
		{C3578A7B-09A6-4444-9383-0DEAFA4958BD}.Debug|ARM.Build.0 = Debug|Any CPU
		{C3578A7B-09A6-4444-9383-0DEAFA4958BD}.Debug|iPhone.ActiveCfg = Debug|Any CPU
		{C3578A7B-09A6-4444-9383-0DEAFA4958BD}.Debug|iPhone.Build.0 = Debug|Any CPU
		{C3578A7B-09A6-4444-9383-0DEAFA4958BD}.Debug|iPhoneSimulator.ActiveCfg = Debug|Any CPU
		{C3578A7B-09A6-4444-9383-0DEAFA4958BD}.Debug|iPhoneSimulator.Build.0 = Debug|Any CPU
		{C3578A7B-09A6-4444-9383-0DEAFA4958BD}.Debug|x64.ActiveCfg = Debug|Any CPU
		{C3578A7B-09A6-4444-9383-0DEAFA4958BD}.Debug|x64.Build.0 = Debug|Any CPU
		{C3578A7B-09A6-4444-9383-0DEAFA4958BD}.Debug|x86.ActiveCfg = Debug|Any CPU
		{C3578A7B-09A6-4444-9383-0DEAFA4958BD}.Debug|x86.Build.0 = Debug|Any CPU
		{C3578A7B-09A6-4444-9383-0DEAFA4958BD}.Release|Any CPU.ActiveCfg = Release|Any CPU
		{C3578A7B-09A6-4444-9383-0DEAFA4958BD}.Release|Any CPU.Build.0 = Release|Any CPU
		{C3578A7B-09A6-4444-9383-0DEAFA4958BD}.Release|ARM.ActiveCfg = Release|Any CPU
		{C3578A7B-09A6-4444-9383-0DEAFA4958BD}.Release|ARM.Build.0 = Release|Any CPU
		{C3578A7B-09A6-4444-9383-0DEAFA4958BD}.Release|iPhone.ActiveCfg = Release|Any CPU
		{C3578A7B-09A6-4444-9383-0DEAFA4958BD}.Release|iPhone.Build.0 = Release|Any CPU
		{C3578A7B-09A6-4444-9383-0DEAFA4958BD}.Release|iPhoneSimulator.ActiveCfg = Release|Any CPU
		{C3578A7B-09A6-4444-9383-0DEAFA4958BD}.Release|iPhoneSimulator.Build.0 = Release|Any CPU
		{C3578A7B-09A6-4444-9383-0DEAFA4958BD}.Release|x64.ActiveCfg = Release|Any CPU
		{C3578A7B-09A6-4444-9383-0DEAFA4958BD}.Release|x64.Build.0 = Release|Any CPU
		{C3578A7B-09A6-4444-9383-0DEAFA4958BD}.Release|x86.ActiveCfg = Release|Any CPU
		{C3578A7B-09A6-4444-9383-0DEAFA4958BD}.Release|x86.Build.0 = Release|Any CPU
		{261C8EB6-9508-4D6A-9BED-39A544AA2736}.Debug|Any CPU.ActiveCfg = Debug|Any CPU
		{261C8EB6-9508-4D6A-9BED-39A544AA2736}.Debug|Any CPU.Build.0 = Debug|Any CPU
		{261C8EB6-9508-4D6A-9BED-39A544AA2736}.Debug|ARM.ActiveCfg = Debug|Any CPU
		{261C8EB6-9508-4D6A-9BED-39A544AA2736}.Debug|ARM.Build.0 = Debug|Any CPU
		{261C8EB6-9508-4D6A-9BED-39A544AA2736}.Debug|iPhone.ActiveCfg = Debug|Any CPU
		{261C8EB6-9508-4D6A-9BED-39A544AA2736}.Debug|iPhone.Build.0 = Debug|Any CPU
		{261C8EB6-9508-4D6A-9BED-39A544AA2736}.Debug|iPhoneSimulator.ActiveCfg = Debug|Any CPU
		{261C8EB6-9508-4D6A-9BED-39A544AA2736}.Debug|iPhoneSimulator.Build.0 = Debug|Any CPU
		{261C8EB6-9508-4D6A-9BED-39A544AA2736}.Debug|x64.ActiveCfg = Debug|Any CPU
		{261C8EB6-9508-4D6A-9BED-39A544AA2736}.Debug|x64.Build.0 = Debug|Any CPU
		{261C8EB6-9508-4D6A-9BED-39A544AA2736}.Debug|x86.ActiveCfg = Debug|Any CPU
		{261C8EB6-9508-4D6A-9BED-39A544AA2736}.Debug|x86.Build.0 = Debug|Any CPU
		{261C8EB6-9508-4D6A-9BED-39A544AA2736}.Release|Any CPU.ActiveCfg = Release|Any CPU
		{261C8EB6-9508-4D6A-9BED-39A544AA2736}.Release|Any CPU.Build.0 = Release|Any CPU
		{261C8EB6-9508-4D6A-9BED-39A544AA2736}.Release|ARM.ActiveCfg = Release|Any CPU
		{261C8EB6-9508-4D6A-9BED-39A544AA2736}.Release|ARM.Build.0 = Release|Any CPU
		{261C8EB6-9508-4D6A-9BED-39A544AA2736}.Release|iPhone.ActiveCfg = Release|Any CPU
		{261C8EB6-9508-4D6A-9BED-39A544AA2736}.Release|iPhone.Build.0 = Release|Any CPU
		{261C8EB6-9508-4D6A-9BED-39A544AA2736}.Release|iPhoneSimulator.ActiveCfg = Release|Any CPU
		{261C8EB6-9508-4D6A-9BED-39A544AA2736}.Release|iPhoneSimulator.Build.0 = Release|Any CPU
		{261C8EB6-9508-4D6A-9BED-39A544AA2736}.Release|x64.ActiveCfg = Release|Any CPU
		{261C8EB6-9508-4D6A-9BED-39A544AA2736}.Release|x64.Build.0 = Release|Any CPU
		{261C8EB6-9508-4D6A-9BED-39A544AA2736}.Release|x86.ActiveCfg = Release|Any CPU
		{261C8EB6-9508-4D6A-9BED-39A544AA2736}.Release|x86.Build.0 = Release|Any CPU
		{F65E66C8-A3A0-40DC-AEE4-1BFF3174B9E7}.Debug|Any CPU.ActiveCfg = Debug|Any CPU
		{F65E66C8-A3A0-40DC-AEE4-1BFF3174B9E7}.Debug|Any CPU.Build.0 = Debug|Any CPU
		{F65E66C8-A3A0-40DC-AEE4-1BFF3174B9E7}.Debug|ARM.ActiveCfg = Debug|Any CPU
		{F65E66C8-A3A0-40DC-AEE4-1BFF3174B9E7}.Debug|ARM.Build.0 = Debug|Any CPU
		{F65E66C8-A3A0-40DC-AEE4-1BFF3174B9E7}.Debug|iPhone.ActiveCfg = Debug|Any CPU
		{F65E66C8-A3A0-40DC-AEE4-1BFF3174B9E7}.Debug|iPhone.Build.0 = Debug|Any CPU
		{F65E66C8-A3A0-40DC-AEE4-1BFF3174B9E7}.Debug|iPhoneSimulator.ActiveCfg = Debug|Any CPU
		{F65E66C8-A3A0-40DC-AEE4-1BFF3174B9E7}.Debug|iPhoneSimulator.Build.0 = Debug|Any CPU
		{F65E66C8-A3A0-40DC-AEE4-1BFF3174B9E7}.Debug|x64.ActiveCfg = Debug|Any CPU
		{F65E66C8-A3A0-40DC-AEE4-1BFF3174B9E7}.Debug|x64.Build.0 = Debug|Any CPU
		{F65E66C8-A3A0-40DC-AEE4-1BFF3174B9E7}.Debug|x86.ActiveCfg = Debug|Any CPU
		{F65E66C8-A3A0-40DC-AEE4-1BFF3174B9E7}.Debug|x86.Build.0 = Debug|Any CPU
		{F65E66C8-A3A0-40DC-AEE4-1BFF3174B9E7}.Release|Any CPU.ActiveCfg = Release|Any CPU
		{F65E66C8-A3A0-40DC-AEE4-1BFF3174B9E7}.Release|Any CPU.Build.0 = Release|Any CPU
		{F65E66C8-A3A0-40DC-AEE4-1BFF3174B9E7}.Release|ARM.ActiveCfg = Release|Any CPU
		{F65E66C8-A3A0-40DC-AEE4-1BFF3174B9E7}.Release|ARM.Build.0 = Release|Any CPU
		{F65E66C8-A3A0-40DC-AEE4-1BFF3174B9E7}.Release|iPhone.ActiveCfg = Release|Any CPU
		{F65E66C8-A3A0-40DC-AEE4-1BFF3174B9E7}.Release|iPhone.Build.0 = Release|Any CPU
		{F65E66C8-A3A0-40DC-AEE4-1BFF3174B9E7}.Release|iPhoneSimulator.ActiveCfg = Release|Any CPU
		{F65E66C8-A3A0-40DC-AEE4-1BFF3174B9E7}.Release|iPhoneSimulator.Build.0 = Release|Any CPU
		{F65E66C8-A3A0-40DC-AEE4-1BFF3174B9E7}.Release|x64.ActiveCfg = Release|Any CPU
		{F65E66C8-A3A0-40DC-AEE4-1BFF3174B9E7}.Release|x64.Build.0 = Release|Any CPU
		{F65E66C8-A3A0-40DC-AEE4-1BFF3174B9E7}.Release|x86.ActiveCfg = Release|Any CPU
		{F65E66C8-A3A0-40DC-AEE4-1BFF3174B9E7}.Release|x86.Build.0 = Release|Any CPU
		{A80A308A-3AFF-43F8-9186-383AAF148CA4}.Debug|Any CPU.ActiveCfg = Debug|Any CPU
		{A80A308A-3AFF-43F8-9186-383AAF148CA4}.Debug|Any CPU.Build.0 = Debug|Any CPU
		{A80A308A-3AFF-43F8-9186-383AAF148CA4}.Debug|ARM.ActiveCfg = Debug|Any CPU
		{A80A308A-3AFF-43F8-9186-383AAF148CA4}.Debug|ARM.Build.0 = Debug|Any CPU
		{A80A308A-3AFF-43F8-9186-383AAF148CA4}.Debug|iPhone.ActiveCfg = Debug|Any CPU
		{A80A308A-3AFF-43F8-9186-383AAF148CA4}.Debug|iPhone.Build.0 = Debug|Any CPU
		{A80A308A-3AFF-43F8-9186-383AAF148CA4}.Debug|iPhoneSimulator.ActiveCfg = Debug|Any CPU
		{A80A308A-3AFF-43F8-9186-383AAF148CA4}.Debug|iPhoneSimulator.Build.0 = Debug|Any CPU
		{A80A308A-3AFF-43F8-9186-383AAF148CA4}.Debug|x64.ActiveCfg = Debug|Any CPU
		{A80A308A-3AFF-43F8-9186-383AAF148CA4}.Debug|x64.Build.0 = Debug|Any CPU
		{A80A308A-3AFF-43F8-9186-383AAF148CA4}.Debug|x86.ActiveCfg = Debug|Any CPU
		{A80A308A-3AFF-43F8-9186-383AAF148CA4}.Debug|x86.Build.0 = Debug|Any CPU
		{A80A308A-3AFF-43F8-9186-383AAF148CA4}.Release|Any CPU.ActiveCfg = Release|Any CPU
		{A80A308A-3AFF-43F8-9186-383AAF148CA4}.Release|Any CPU.Build.0 = Release|Any CPU
		{A80A308A-3AFF-43F8-9186-383AAF148CA4}.Release|ARM.ActiveCfg = Release|Any CPU
		{A80A308A-3AFF-43F8-9186-383AAF148CA4}.Release|ARM.Build.0 = Release|Any CPU
		{A80A308A-3AFF-43F8-9186-383AAF148CA4}.Release|iPhone.ActiveCfg = Release|Any CPU
		{A80A308A-3AFF-43F8-9186-383AAF148CA4}.Release|iPhone.Build.0 = Release|Any CPU
		{A80A308A-3AFF-43F8-9186-383AAF148CA4}.Release|iPhoneSimulator.ActiveCfg = Release|Any CPU
		{A80A308A-3AFF-43F8-9186-383AAF148CA4}.Release|iPhoneSimulator.Build.0 = Release|Any CPU
		{A80A308A-3AFF-43F8-9186-383AAF148CA4}.Release|x64.ActiveCfg = Release|Any CPU
		{A80A308A-3AFF-43F8-9186-383AAF148CA4}.Release|x64.Build.0 = Release|Any CPU
		{A80A308A-3AFF-43F8-9186-383AAF148CA4}.Release|x86.ActiveCfg = Release|Any CPU
		{A80A308A-3AFF-43F8-9186-383AAF148CA4}.Release|x86.Build.0 = Release|Any CPU
		{361C8EB6-9508-4D6A-9BED-39A544AA2736}.Debug|Any CPU.ActiveCfg = Debug|Any CPU
		{361C8EB6-9508-4D6A-9BED-39A544AA2736}.Debug|Any CPU.Build.0 = Debug|Any CPU
		{361C8EB6-9508-4D6A-9BED-39A544AA2736}.Debug|ARM.ActiveCfg = Debug|Any CPU
		{361C8EB6-9508-4D6A-9BED-39A544AA2736}.Debug|ARM.Build.0 = Debug|Any CPU
		{361C8EB6-9508-4D6A-9BED-39A544AA2736}.Debug|iPhone.ActiveCfg = Debug|Any CPU
		{361C8EB6-9508-4D6A-9BED-39A544AA2736}.Debug|iPhone.Build.0 = Debug|Any CPU
		{361C8EB6-9508-4D6A-9BED-39A544AA2736}.Debug|iPhoneSimulator.ActiveCfg = Debug|Any CPU
		{361C8EB6-9508-4D6A-9BED-39A544AA2736}.Debug|iPhoneSimulator.Build.0 = Debug|Any CPU
		{361C8EB6-9508-4D6A-9BED-39A544AA2736}.Debug|x64.ActiveCfg = Debug|Any CPU
		{361C8EB6-9508-4D6A-9BED-39A544AA2736}.Debug|x64.Build.0 = Debug|Any CPU
		{361C8EB6-9508-4D6A-9BED-39A544AA2736}.Debug|x86.ActiveCfg = Debug|Any CPU
		{361C8EB6-9508-4D6A-9BED-39A544AA2736}.Debug|x86.Build.0 = Debug|Any CPU
		{361C8EB6-9508-4D6A-9BED-39A544AA2736}.Release|Any CPU.ActiveCfg = Release|Any CPU
		{361C8EB6-9508-4D6A-9BED-39A544AA2736}.Release|Any CPU.Build.0 = Release|Any CPU
		{361C8EB6-9508-4D6A-9BED-39A544AA2736}.Release|ARM.ActiveCfg = Release|Any CPU
		{361C8EB6-9508-4D6A-9BED-39A544AA2736}.Release|ARM.Build.0 = Release|Any CPU
		{361C8EB6-9508-4D6A-9BED-39A544AA2736}.Release|iPhone.ActiveCfg = Release|Any CPU
		{361C8EB6-9508-4D6A-9BED-39A544AA2736}.Release|iPhone.Build.0 = Release|Any CPU
		{361C8EB6-9508-4D6A-9BED-39A544AA2736}.Release|iPhoneSimulator.ActiveCfg = Release|Any CPU
		{361C8EB6-9508-4D6A-9BED-39A544AA2736}.Release|iPhoneSimulator.Build.0 = Release|Any CPU
		{361C8EB6-9508-4D6A-9BED-39A544AA2736}.Release|x64.ActiveCfg = Release|Any CPU
		{361C8EB6-9508-4D6A-9BED-39A544AA2736}.Release|x64.Build.0 = Release|Any CPU
		{361C8EB6-9508-4D6A-9BED-39A544AA2736}.Release|x86.ActiveCfg = Release|Any CPU
		{361C8EB6-9508-4D6A-9BED-39A544AA2736}.Release|x86.Build.0 = Release|Any CPU
		{3119928D-74D5-4F90-ADEA-4FE2A157126B}.Debug|Any CPU.ActiveCfg = Debug|Any CPU
		{3119928D-74D5-4F90-ADEA-4FE2A157126B}.Debug|Any CPU.Build.0 = Debug|Any CPU
		{3119928D-74D5-4F90-ADEA-4FE2A157126B}.Debug|ARM.ActiveCfg = Debug|Any CPU
		{3119928D-74D5-4F90-ADEA-4FE2A157126B}.Debug|ARM.Build.0 = Debug|Any CPU
		{3119928D-74D5-4F90-ADEA-4FE2A157126B}.Debug|iPhone.ActiveCfg = Debug|Any CPU
		{3119928D-74D5-4F90-ADEA-4FE2A157126B}.Debug|iPhone.Build.0 = Debug|Any CPU
		{3119928D-74D5-4F90-ADEA-4FE2A157126B}.Debug|iPhoneSimulator.ActiveCfg = Debug|Any CPU
		{3119928D-74D5-4F90-ADEA-4FE2A157126B}.Debug|iPhoneSimulator.Build.0 = Debug|Any CPU
		{3119928D-74D5-4F90-ADEA-4FE2A157126B}.Debug|x64.ActiveCfg = Debug|Any CPU
		{3119928D-74D5-4F90-ADEA-4FE2A157126B}.Debug|x64.Build.0 = Debug|Any CPU
		{3119928D-74D5-4F90-ADEA-4FE2A157126B}.Debug|x86.ActiveCfg = Debug|Any CPU
		{3119928D-74D5-4F90-ADEA-4FE2A157126B}.Debug|x86.Build.0 = Debug|Any CPU
		{3119928D-74D5-4F90-ADEA-4FE2A157126B}.Release|Any CPU.ActiveCfg = Release|Any CPU
		{3119928D-74D5-4F90-ADEA-4FE2A157126B}.Release|Any CPU.Build.0 = Release|Any CPU
		{3119928D-74D5-4F90-ADEA-4FE2A157126B}.Release|ARM.ActiveCfg = Release|Any CPU
		{3119928D-74D5-4F90-ADEA-4FE2A157126B}.Release|ARM.Build.0 = Release|Any CPU
		{3119928D-74D5-4F90-ADEA-4FE2A157126B}.Release|iPhone.ActiveCfg = Release|Any CPU
		{3119928D-74D5-4F90-ADEA-4FE2A157126B}.Release|iPhone.Build.0 = Release|Any CPU
		{3119928D-74D5-4F90-ADEA-4FE2A157126B}.Release|iPhoneSimulator.ActiveCfg = Release|Any CPU
		{3119928D-74D5-4F90-ADEA-4FE2A157126B}.Release|iPhoneSimulator.Build.0 = Release|Any CPU
		{3119928D-74D5-4F90-ADEA-4FE2A157126B}.Release|x64.ActiveCfg = Release|Any CPU
		{3119928D-74D5-4F90-ADEA-4FE2A157126B}.Release|x64.Build.0 = Release|Any CPU
		{3119928D-74D5-4F90-ADEA-4FE2A157126B}.Release|x86.ActiveCfg = Release|Any CPU
		{3119928D-74D5-4F90-ADEA-4FE2A157126B}.Release|x86.Build.0 = Release|Any CPU
		{C273AC40-9B87-4A5B-A4B4-F4F8A7870BF0}.Debug|Any CPU.ActiveCfg = Debug|Any CPU
		{C273AC40-9B87-4A5B-A4B4-F4F8A7870BF0}.Debug|Any CPU.Build.0 = Debug|Any CPU
		{C273AC40-9B87-4A5B-A4B4-F4F8A7870BF0}.Debug|ARM.ActiveCfg = Debug|Any CPU
		{C273AC40-9B87-4A5B-A4B4-F4F8A7870BF0}.Debug|ARM.Build.0 = Debug|Any CPU
		{C273AC40-9B87-4A5B-A4B4-F4F8A7870BF0}.Debug|iPhone.ActiveCfg = Debug|Any CPU
		{C273AC40-9B87-4A5B-A4B4-F4F8A7870BF0}.Debug|iPhone.Build.0 = Debug|Any CPU
		{C273AC40-9B87-4A5B-A4B4-F4F8A7870BF0}.Debug|iPhoneSimulator.ActiveCfg = Debug|Any CPU
		{C273AC40-9B87-4A5B-A4B4-F4F8A7870BF0}.Debug|iPhoneSimulator.Build.0 = Debug|Any CPU
		{C273AC40-9B87-4A5B-A4B4-F4F8A7870BF0}.Debug|x64.ActiveCfg = Debug|Any CPU
		{C273AC40-9B87-4A5B-A4B4-F4F8A7870BF0}.Debug|x64.Build.0 = Debug|Any CPU
		{C273AC40-9B87-4A5B-A4B4-F4F8A7870BF0}.Debug|x86.ActiveCfg = Debug|Any CPU
		{C273AC40-9B87-4A5B-A4B4-F4F8A7870BF0}.Debug|x86.Build.0 = Debug|Any CPU
		{C273AC40-9B87-4A5B-A4B4-F4F8A7870BF0}.Release|Any CPU.ActiveCfg = Release|Any CPU
		{C273AC40-9B87-4A5B-A4B4-F4F8A7870BF0}.Release|Any CPU.Build.0 = Release|Any CPU
		{C273AC40-9B87-4A5B-A4B4-F4F8A7870BF0}.Release|ARM.ActiveCfg = Release|Any CPU
		{C273AC40-9B87-4A5B-A4B4-F4F8A7870BF0}.Release|ARM.Build.0 = Release|Any CPU
		{C273AC40-9B87-4A5B-A4B4-F4F8A7870BF0}.Release|iPhone.ActiveCfg = Release|Any CPU
		{C273AC40-9B87-4A5B-A4B4-F4F8A7870BF0}.Release|iPhone.Build.0 = Release|Any CPU
		{C273AC40-9B87-4A5B-A4B4-F4F8A7870BF0}.Release|iPhoneSimulator.ActiveCfg = Release|Any CPU
		{C273AC40-9B87-4A5B-A4B4-F4F8A7870BF0}.Release|iPhoneSimulator.Build.0 = Release|Any CPU
		{C273AC40-9B87-4A5B-A4B4-F4F8A7870BF0}.Release|x64.ActiveCfg = Release|Any CPU
		{C273AC40-9B87-4A5B-A4B4-F4F8A7870BF0}.Release|x64.Build.0 = Release|Any CPU
		{C273AC40-9B87-4A5B-A4B4-F4F8A7870BF0}.Release|x86.ActiveCfg = Release|Any CPU
		{C273AC40-9B87-4A5B-A4B4-F4F8A7870BF0}.Release|x86.Build.0 = Release|Any CPU
		{9C1A39EB-953B-4732-8E14-0238E2C88A1F}.Debug|Any CPU.ActiveCfg = Debug|Any CPU
		{9C1A39EB-953B-4732-8E14-0238E2C88A1F}.Debug|Any CPU.Build.0 = Debug|Any CPU
		{9C1A39EB-953B-4732-8E14-0238E2C88A1F}.Debug|ARM.ActiveCfg = Debug|Any CPU
		{9C1A39EB-953B-4732-8E14-0238E2C88A1F}.Debug|ARM.Build.0 = Debug|Any CPU
		{9C1A39EB-953B-4732-8E14-0238E2C88A1F}.Debug|iPhone.ActiveCfg = Debug|Any CPU
		{9C1A39EB-953B-4732-8E14-0238E2C88A1F}.Debug|iPhone.Build.0 = Debug|Any CPU
		{9C1A39EB-953B-4732-8E14-0238E2C88A1F}.Debug|iPhoneSimulator.ActiveCfg = Debug|Any CPU
		{9C1A39EB-953B-4732-8E14-0238E2C88A1F}.Debug|iPhoneSimulator.Build.0 = Debug|Any CPU
		{9C1A39EB-953B-4732-8E14-0238E2C88A1F}.Debug|x64.ActiveCfg = Debug|Any CPU
		{9C1A39EB-953B-4732-8E14-0238E2C88A1F}.Debug|x64.Build.0 = Debug|Any CPU
		{9C1A39EB-953B-4732-8E14-0238E2C88A1F}.Debug|x86.ActiveCfg = Debug|Any CPU
		{9C1A39EB-953B-4732-8E14-0238E2C88A1F}.Debug|x86.Build.0 = Debug|Any CPU
		{9C1A39EB-953B-4732-8E14-0238E2C88A1F}.Release|Any CPU.ActiveCfg = Release|Any CPU
		{9C1A39EB-953B-4732-8E14-0238E2C88A1F}.Release|Any CPU.Build.0 = Release|Any CPU
		{9C1A39EB-953B-4732-8E14-0238E2C88A1F}.Release|ARM.ActiveCfg = Release|Any CPU
		{9C1A39EB-953B-4732-8E14-0238E2C88A1F}.Release|ARM.Build.0 = Release|Any CPU
		{9C1A39EB-953B-4732-8E14-0238E2C88A1F}.Release|iPhone.ActiveCfg = Release|Any CPU
		{9C1A39EB-953B-4732-8E14-0238E2C88A1F}.Release|iPhone.Build.0 = Release|Any CPU
		{9C1A39EB-953B-4732-8E14-0238E2C88A1F}.Release|iPhoneSimulator.ActiveCfg = Release|Any CPU
		{9C1A39EB-953B-4732-8E14-0238E2C88A1F}.Release|iPhoneSimulator.Build.0 = Release|Any CPU
		{9C1A39EB-953B-4732-8E14-0238E2C88A1F}.Release|x64.ActiveCfg = Release|Any CPU
		{9C1A39EB-953B-4732-8E14-0238E2C88A1F}.Release|x64.Build.0 = Release|Any CPU
		{9C1A39EB-953B-4732-8E14-0238E2C88A1F}.Release|x86.ActiveCfg = Release|Any CPU
		{9C1A39EB-953B-4732-8E14-0238E2C88A1F}.Release|x86.Build.0 = Release|Any CPU
		{C0DB0E07-4FBC-44D1-8E84-A074497385C6}.Debug|Any CPU.ActiveCfg = Debug|Any CPU
		{C0DB0E07-4FBC-44D1-8E84-A074497385C6}.Debug|Any CPU.Build.0 = Debug|Any CPU
		{C0DB0E07-4FBC-44D1-8E84-A074497385C6}.Debug|ARM.ActiveCfg = Debug|Any CPU
		{C0DB0E07-4FBC-44D1-8E84-A074497385C6}.Debug|ARM.Build.0 = Debug|Any CPU
		{C0DB0E07-4FBC-44D1-8E84-A074497385C6}.Debug|iPhone.ActiveCfg = Debug|Any CPU
		{C0DB0E07-4FBC-44D1-8E84-A074497385C6}.Debug|iPhone.Build.0 = Debug|Any CPU
		{C0DB0E07-4FBC-44D1-8E84-A074497385C6}.Debug|iPhoneSimulator.ActiveCfg = Debug|Any CPU
		{C0DB0E07-4FBC-44D1-8E84-A074497385C6}.Debug|iPhoneSimulator.Build.0 = Debug|Any CPU
		{C0DB0E07-4FBC-44D1-8E84-A074497385C6}.Debug|x64.ActiveCfg = Debug|Any CPU
		{C0DB0E07-4FBC-44D1-8E84-A074497385C6}.Debug|x64.Build.0 = Debug|Any CPU
		{C0DB0E07-4FBC-44D1-8E84-A074497385C6}.Debug|x86.ActiveCfg = Debug|Any CPU
		{C0DB0E07-4FBC-44D1-8E84-A074497385C6}.Debug|x86.Build.0 = Debug|Any CPU
		{C0DB0E07-4FBC-44D1-8E84-A074497385C6}.Release|Any CPU.ActiveCfg = Release|Any CPU
		{C0DB0E07-4FBC-44D1-8E84-A074497385C6}.Release|Any CPU.Build.0 = Release|Any CPU
		{C0DB0E07-4FBC-44D1-8E84-A074497385C6}.Release|ARM.ActiveCfg = Release|Any CPU
		{C0DB0E07-4FBC-44D1-8E84-A074497385C6}.Release|ARM.Build.0 = Release|Any CPU
		{C0DB0E07-4FBC-44D1-8E84-A074497385C6}.Release|iPhone.ActiveCfg = Release|Any CPU
		{C0DB0E07-4FBC-44D1-8E84-A074497385C6}.Release|iPhone.Build.0 = Release|Any CPU
		{C0DB0E07-4FBC-44D1-8E84-A074497385C6}.Release|iPhoneSimulator.ActiveCfg = Release|Any CPU
		{C0DB0E07-4FBC-44D1-8E84-A074497385C6}.Release|iPhoneSimulator.Build.0 = Release|Any CPU
		{C0DB0E07-4FBC-44D1-8E84-A074497385C6}.Release|x64.ActiveCfg = Release|Any CPU
		{C0DB0E07-4FBC-44D1-8E84-A074497385C6}.Release|x64.Build.0 = Release|Any CPU
		{C0DB0E07-4FBC-44D1-8E84-A074497385C6}.Release|x86.ActiveCfg = Release|Any CPU
		{C0DB0E07-4FBC-44D1-8E84-A074497385C6}.Release|x86.Build.0 = Release|Any CPU
		{2015403A-59D2-47F2-8E18-7DF85BB98467}.Debug|Any CPU.ActiveCfg = Debug|Any CPU
		{2015403A-59D2-47F2-8E18-7DF85BB98467}.Debug|Any CPU.Build.0 = Debug|Any CPU
		{2015403A-59D2-47F2-8E18-7DF85BB98467}.Debug|ARM.ActiveCfg = Debug|Any CPU
		{2015403A-59D2-47F2-8E18-7DF85BB98467}.Debug|ARM.Build.0 = Debug|Any CPU
		{2015403A-59D2-47F2-8E18-7DF85BB98467}.Debug|iPhone.ActiveCfg = Debug|Any CPU
		{2015403A-59D2-47F2-8E18-7DF85BB98467}.Debug|iPhone.Build.0 = Debug|Any CPU
		{2015403A-59D2-47F2-8E18-7DF85BB98467}.Debug|iPhoneSimulator.ActiveCfg = Debug|Any CPU
		{2015403A-59D2-47F2-8E18-7DF85BB98467}.Debug|iPhoneSimulator.Build.0 = Debug|Any CPU
		{2015403A-59D2-47F2-8E18-7DF85BB98467}.Debug|x64.ActiveCfg = Debug|Any CPU
		{2015403A-59D2-47F2-8E18-7DF85BB98467}.Debug|x64.Build.0 = Debug|Any CPU
		{2015403A-59D2-47F2-8E18-7DF85BB98467}.Debug|x86.ActiveCfg = Debug|Any CPU
		{2015403A-59D2-47F2-8E18-7DF85BB98467}.Debug|x86.Build.0 = Debug|Any CPU
		{2015403A-59D2-47F2-8E18-7DF85BB98467}.Release|Any CPU.ActiveCfg = Release|Any CPU
		{2015403A-59D2-47F2-8E18-7DF85BB98467}.Release|Any CPU.Build.0 = Release|Any CPU
		{2015403A-59D2-47F2-8E18-7DF85BB98467}.Release|ARM.ActiveCfg = Release|Any CPU
		{2015403A-59D2-47F2-8E18-7DF85BB98467}.Release|ARM.Build.0 = Release|Any CPU
		{2015403A-59D2-47F2-8E18-7DF85BB98467}.Release|iPhone.ActiveCfg = Release|Any CPU
		{2015403A-59D2-47F2-8E18-7DF85BB98467}.Release|iPhone.Build.0 = Release|Any CPU
		{2015403A-59D2-47F2-8E18-7DF85BB98467}.Release|iPhoneSimulator.ActiveCfg = Release|Any CPU
		{2015403A-59D2-47F2-8E18-7DF85BB98467}.Release|iPhoneSimulator.Build.0 = Release|Any CPU
		{2015403A-59D2-47F2-8E18-7DF85BB98467}.Release|x64.ActiveCfg = Release|Any CPU
		{2015403A-59D2-47F2-8E18-7DF85BB98467}.Release|x64.Build.0 = Release|Any CPU
		{2015403A-59D2-47F2-8E18-7DF85BB98467}.Release|x86.ActiveCfg = Release|Any CPU
		{2015403A-59D2-47F2-8E18-7DF85BB98467}.Release|x86.Build.0 = Release|Any CPU
	EndGlobalSection
	GlobalSection(SolutionProperties) = preSolution
		HideSolutionNode = FALSE
	EndGlobalSection
	GlobalSection(NestedProjects) = preSolution
		{64B2E00E-D5D7-474B-9947-6ABC51070E7B} = {45F181B2-CBDC-41DD-BF97-8CA114F0E53B}
		{C0DB15DA-0C51-408D-A386-A69880083B93} = {64B2E00E-D5D7-474B-9947-6ABC51070E7B}
		{E97E649F-B703-47E3-B18A-0871D3498742} = {64B2E00E-D5D7-474B-9947-6ABC51070E7B}
		{C3578A7B-09A6-4444-9383-0DEAFA4958BD} = {45F181B2-CBDC-41DD-BF97-8CA114F0E53B}
		{261C8EB6-9508-4D6A-9BED-39A544AA2736} = {1CC5276B-0F47-49B2-BB78-E7F3D21F7801}
		{F65E66C8-A3A0-40DC-AEE4-1BFF3174B9E7} = {64B2E00E-D5D7-474B-9947-6ABC51070E7B}
		{A80A308A-3AFF-43F8-9186-383AAF148CA4} = {64B2E00E-D5D7-474B-9947-6ABC51070E7B}
		{361C8EB6-9508-4D6A-9BED-39A544AA2736} = {1CC5276B-0F47-49B2-BB78-E7F3D21F7801}
		{3119928D-74D5-4F90-ADEA-4FE2A157126B} = {64B2E00E-D5D7-474B-9947-6ABC51070E7B}
		{C273AC40-9B87-4A5B-A4B4-F4F8A7870BF0} = {64B2E00E-D5D7-474B-9947-6ABC51070E7B}
		{9C1A39EB-953B-4732-8E14-0238E2C88A1F} = {45F181B2-CBDC-41DD-BF97-8CA114F0E53B}
		{C0DB0E07-4FBC-44D1-8E84-A074497385C6} = {50F058DF-2B41-403C-BB73-8B4180D1CF39}
		{2015403A-59D2-47F2-8E18-7DF85BB98467} = {50F058DF-2B41-403C-BB73-8B4180D1CF39}
	EndGlobalSection
EndGlobal
