
Microsoft Visual Studio Solution File, Format Version 12.00
# Visual Studio Version 17
VisualStudioVersion = 17.0.31912.275
MinimumVisualStudioVersion = 10.0.40219.1
Project("{2150E333-8FDC-42A3-9474-1A3956D46DE8}") = "Realm", "Realm", "{50F058DF-2B41-403C-BB73-8B4180D1CF39}"
	ProjectSection(SolutionItems) = preProject
		Realm\AssemblyInfo.props = Realm\AssemblyInfo.props
	EndProjectSection
EndProject
Project("{9A19103F-16F7-4668-BE54-9A1E7A4F7556}") = "Realm", "Realm\Realm\Realm.csproj", "{C0DB0E07-4FBC-44D1-8E84-A074497385C6}"
EndProject
Project("{2150E333-8FDC-42A3-9474-1A3956D46DE8}") = "Tests", "Tests", "{D10BE048-9C20-4B8B-BE5B-48CC55F8BB07}"
EndProject
Project("{2150E333-8FDC-42A3-9474-1A3956D46DE8}") = "Solution Items", "Solution Items", "{963FF6EA-00B7-42BF-8319-0F9B9EADCA9F}"
	ProjectSection(SolutionItems) = preProject
		.editorconfig = .editorconfig
		CHANGELOG.md = CHANGELOG.md
		Directory.build.props = Directory.build.props
		global.json = global.json
		global.ruleset = global.ruleset
		stylecop.json = stylecop.json
	EndProjectSection
EndProject
Project("{2150E333-8FDC-42A3-9474-1A3956D46DE8}") = "Weaver", "Weaver", "{4FF9AAE6-210E-41F0-A5E1-8D7C4A864F51}"
EndProject
Project("{9A19103F-16F7-4668-BE54-9A1E7A4F7556}") = "Realm.Tests", "Tests\Realm.Tests\Realm.Tests.csproj", "{78799FCD-BE2E-4ECE-A52E-662846615B58}"
EndProject
Project("{2150E333-8FDC-42A3-9474-1A3956D46DE8}") = "Benchmarks", "Benchmarks", "{9F4D5A18-5A85-4031-A73A-472BEF405A18}"
EndProject
Project("{9A19103F-16F7-4668-BE54-9A1E7A4F7556}") = "Realm.UnityUtils", "Realm\Realm.UnityUtils\Realm.UnityUtils.csproj", "{45D3C3CB-E4B4-471D-BCD8-685D1BB80853}"
EndProject
Project("{9A19103F-16F7-4668-BE54-9A1E7A4F7556}") = "Realm.UnityWeaver", "Realm\Realm.UnityWeaver\Realm.UnityWeaver.csproj", "{9322B1D0-B3F7-4D6A-9947-2FC11D3161A0}"
EndProject
Project("{D954291E-2A0B-460D-934E-DC6B0785DB48}") = "Realm.Weaver", "Realm\Realm.Weaver\Realm.Weaver.shproj", "{89FDB2A1-6FC0-4604-9AEB-8B8DD8A88DEC}"
EndProject
Project("{2150E333-8FDC-42A3-9474-1A3956D46DE8}") = "Tools", "Tools", "{A25317DE-BB3A-47CC-8E65-F96C9B6AD984}"
EndProject
Project("{9A19103F-16F7-4668-BE54-9A1E7A4F7556}") = "Realm.SourceGenerator", "Realm\Realm.SourceGenerator\Realm.SourceGenerator.csproj", "{1104E44A-93C2-4B01-9330-6555C08ABFC1}"
EndProject
Project("{2150E333-8FDC-42A3-9474-1A3956D46DE8}") = "SourceGenerators", "SourceGenerators", "{CC933D98-B002-4306-89C4-B1905658D9DE}"
EndProject
Project("{9A19103F-16F7-4668-BE54-9A1E7A4F7556}") = "Realm.Fody", "Realm\Realm.Fody\Realm.Fody.csproj", "{2AC1DA0E-2B6E-4DBA-A73F-6784BA0A7DB4}"
EndProject
Project("{9A19103F-16F7-4668-BE54-9A1E7A4F7556}") = "Realm.FakeForWeaverTests", "Tests\Weaver\Realm.FakeForWeaverTests\Realm.FakeForWeaverTests.csproj", "{7174D68E-E76D-4A4F-9F9A-601F5FB2DB65}"
EndProject
Project("{9A19103F-16F7-4668-BE54-9A1E7A4F7556}") = "RealmFreeAssemblyToProcess", "Tests\Weaver\RealmFreeAssemblyToProcess\RealmFreeAssemblyToProcess.csproj", "{C04E5F74-83F0-4A2F-981D-A3442B083F40}"
EndProject
Project("{9A19103F-16F7-4668-BE54-9A1E7A4F7556}") = "AssemblyToProcess", "Tests\Weaver\AssemblyToProcess\AssemblyToProcess.csproj", "{FAD8E779-25DD-4AF1-BEB0-4B8D9696ACAD}"
EndProject
Project("{9A19103F-16F7-4668-BE54-9A1E7A4F7556}") = "Realm.Fody.Tests", "Tests\Weaver\Realm.Fody.Tests\Realm.Fody.Tests.csproj", "{218C6795-AA18-4861-8613-D022C0C53628}"
EndProject
Project("{9A19103F-16F7-4668-BE54-9A1E7A4F7556}") = "PerformanceTests", "Tests\Benchmarks\PerformanceTests\PerformanceTests.csproj", "{90616AF5-9024-4054-B40B-9A82F8F4DC83}"
EndProject
Project("{9A19103F-16F7-4668-BE54-9A1E7A4F7556}") = "Benchmarks", "Tests\Benchmarks\Benchmarks\Benchmarks.csproj", "{BECF4F60-9741-49A6-BD79-D59664C2682E}"
EndProject
Project("{FAE04EC0-301F-11D3-BF4B-00C04F79EFBC}") = "Benchmarks.Android", "Tests\Benchmarks\Benchmarks.Android\Benchmarks.Android.csproj", "{907F4283-1EA9-41FE-B482-9BD2A72F0850}"
EndProject
Project("{FAE04EC0-301F-11D3-BF4B-00C04F79EFBC}") = "Benchmarks.iOS", "Tests\Benchmarks\Benchmarks.iOS\Benchmarks.iOS.csproj", "{CE887906-33F1-4B47-8E8F-C6A7A60D1372}"
EndProject
Project("{9A19103F-16F7-4668-BE54-9A1E7A4F7556}") = "Tests.XUnit", "Tests\Tests.XUnit\Tests.XUnit.csproj", "{12EFED5B-E168-401E-9BCB-4FBB928720AB}"
EndProject
Project("{9A19103F-16F7-4668-BE54-9A1E7A4F7556}") = "Tests.Maui", "Tests\Tests.Maui\Tests.Maui.csproj", "{B4C6AD4A-DA91-4171-90D8-0F46378EAEBE}"
EndProject
Project("{9A19103F-16F7-4668-BE54-9A1E7A4F7556}") = "SourceGeneratorAssemblyToProcess", "Tests\SourceGenerators\SourceGeneratorAssemblyToProcess\SourceGeneratorAssemblyToProcess.csproj", "{5466EA2B-2810-4E79-8DA4-BE580832B568}"
EndProject
Project("{9A19103F-16F7-4668-BE54-9A1E7A4F7556}") = "Realm.SourceGenerator.Tests", "Tests\SourceGenerators\Realm.SourceGenerator.Tests\Realm.SourceGenerator.Tests.csproj", "{641367F9-5149-4E5D-9459-B19DAFC426A8}"
EndProject
Project("{FAE04EC0-301F-11D3-BF4B-00C04F79EFBC}") = "Tests.UWP", "Tests\Tests.UWP\Tests.UWP.csproj", "{7EFF9E5C-5E74-469B-8DB7-C25C9AF0444E}"
	ProjectSection(ProjectDependencies) = postProject
		{2AC1DA0E-2B6E-4DBA-A73F-6784BA0A7DB4} = {2AC1DA0E-2B6E-4DBA-A73F-6784BA0A7DB4}
	EndProjectSection
EndProject
Project("{9A19103F-16F7-4668-BE54-9A1E7A4F7556}") = "SetupUnityPackage", "Tools\SetupUnityPackage\SetupUnityPackage.csproj", "{A9B5E8CA-E1B8-47E4-89D4-8A55327F4121}"
EndProject
Global
	GlobalSection(SolutionConfigurationPlatforms) = preSolution
		Debug|Any CPU = Debug|Any CPU
		Debug|ARM = Debug|ARM
		Debug|iPhone = Debug|iPhone
		Debug|iPhoneSimulator = Debug|iPhoneSimulator
		Debug|x64 = Debug|x64
		Debug|x86 = Debug|x86
		Release|Any CPU = Release|Any CPU
		Release|ARM = Release|ARM
		Release|iPhone = Release|iPhone
		Release|iPhoneSimulator = Release|iPhoneSimulator
		Release|x64 = Release|x64
		Release|x86 = Release|x86
	EndGlobalSection
	GlobalSection(ProjectConfigurationPlatforms) = postSolution
		{C0DB0E07-4FBC-44D1-8E84-A074497385C6}.Debug|Any CPU.ActiveCfg = Debug|Any CPU
		{C0DB0E07-4FBC-44D1-8E84-A074497385C6}.Debug|Any CPU.Build.0 = Debug|Any CPU
		{C0DB0E07-4FBC-44D1-8E84-A074497385C6}.Debug|ARM.ActiveCfg = Debug|Any CPU
		{C0DB0E07-4FBC-44D1-8E84-A074497385C6}.Debug|ARM.Build.0 = Debug|Any CPU
		{C0DB0E07-4FBC-44D1-8E84-A074497385C6}.Debug|iPhone.ActiveCfg = Debug|Any CPU
		{C0DB0E07-4FBC-44D1-8E84-A074497385C6}.Debug|iPhone.Build.0 = Debug|Any CPU
		{C0DB0E07-4FBC-44D1-8E84-A074497385C6}.Debug|iPhoneSimulator.ActiveCfg = Debug|Any CPU
		{C0DB0E07-4FBC-44D1-8E84-A074497385C6}.Debug|iPhoneSimulator.Build.0 = Debug|Any CPU
		{C0DB0E07-4FBC-44D1-8E84-A074497385C6}.Debug|x64.ActiveCfg = Debug|Any CPU
		{C0DB0E07-4FBC-44D1-8E84-A074497385C6}.Debug|x64.Build.0 = Debug|Any CPU
		{C0DB0E07-4FBC-44D1-8E84-A074497385C6}.Debug|x86.ActiveCfg = Debug|Any CPU
		{C0DB0E07-4FBC-44D1-8E84-A074497385C6}.Debug|x86.Build.0 = Debug|Any CPU
		{C0DB0E07-4FBC-44D1-8E84-A074497385C6}.Release|Any CPU.ActiveCfg = Release|Any CPU
		{C0DB0E07-4FBC-44D1-8E84-A074497385C6}.Release|Any CPU.Build.0 = Release|Any CPU
		{C0DB0E07-4FBC-44D1-8E84-A074497385C6}.Release|ARM.ActiveCfg = Release|Any CPU
		{C0DB0E07-4FBC-44D1-8E84-A074497385C6}.Release|ARM.Build.0 = Release|Any CPU
		{C0DB0E07-4FBC-44D1-8E84-A074497385C6}.Release|iPhone.ActiveCfg = Release|Any CPU
		{C0DB0E07-4FBC-44D1-8E84-A074497385C6}.Release|iPhone.Build.0 = Release|Any CPU
		{C0DB0E07-4FBC-44D1-8E84-A074497385C6}.Release|iPhoneSimulator.ActiveCfg = Release|Any CPU
		{C0DB0E07-4FBC-44D1-8E84-A074497385C6}.Release|iPhoneSimulator.Build.0 = Release|Any CPU
		{C0DB0E07-4FBC-44D1-8E84-A074497385C6}.Release|x64.ActiveCfg = Release|Any CPU
		{C0DB0E07-4FBC-44D1-8E84-A074497385C6}.Release|x64.Build.0 = Release|Any CPU
		{C0DB0E07-4FBC-44D1-8E84-A074497385C6}.Release|x86.ActiveCfg = Release|Any CPU
		{C0DB0E07-4FBC-44D1-8E84-A074497385C6}.Release|x86.Build.0 = Release|Any CPU
		{78799FCD-BE2E-4ECE-A52E-662846615B58}.Debug|Any CPU.ActiveCfg = Debug|Any CPU
		{78799FCD-BE2E-4ECE-A52E-662846615B58}.Debug|Any CPU.Build.0 = Debug|Any CPU
		{78799FCD-BE2E-4ECE-A52E-662846615B58}.Debug|ARM.ActiveCfg = Debug|Any CPU
		{78799FCD-BE2E-4ECE-A52E-662846615B58}.Debug|ARM.Build.0 = Debug|Any CPU
		{78799FCD-BE2E-4ECE-A52E-662846615B58}.Debug|iPhone.ActiveCfg = Debug|Any CPU
		{78799FCD-BE2E-4ECE-A52E-662846615B58}.Debug|iPhone.Build.0 = Debug|Any CPU
		{78799FCD-BE2E-4ECE-A52E-662846615B58}.Debug|iPhoneSimulator.ActiveCfg = Debug|Any CPU
		{78799FCD-BE2E-4ECE-A52E-662846615B58}.Debug|iPhoneSimulator.Build.0 = Debug|Any CPU
		{78799FCD-BE2E-4ECE-A52E-662846615B58}.Debug|x64.ActiveCfg = Debug|Any CPU
		{78799FCD-BE2E-4ECE-A52E-662846615B58}.Debug|x64.Build.0 = Debug|Any CPU
		{78799FCD-BE2E-4ECE-A52E-662846615B58}.Debug|x86.ActiveCfg = Debug|Any CPU
		{78799FCD-BE2E-4ECE-A52E-662846615B58}.Debug|x86.Build.0 = Debug|Any CPU
		{78799FCD-BE2E-4ECE-A52E-662846615B58}.Release|Any CPU.ActiveCfg = Release|Any CPU
		{78799FCD-BE2E-4ECE-A52E-662846615B58}.Release|Any CPU.Build.0 = Release|Any CPU
		{78799FCD-BE2E-4ECE-A52E-662846615B58}.Release|ARM.ActiveCfg = Release|Any CPU
		{78799FCD-BE2E-4ECE-A52E-662846615B58}.Release|ARM.Build.0 = Release|Any CPU
		{78799FCD-BE2E-4ECE-A52E-662846615B58}.Release|iPhone.ActiveCfg = Release|Any CPU
		{78799FCD-BE2E-4ECE-A52E-662846615B58}.Release|iPhone.Build.0 = Release|Any CPU
		{78799FCD-BE2E-4ECE-A52E-662846615B58}.Release|iPhoneSimulator.ActiveCfg = Release|Any CPU
		{78799FCD-BE2E-4ECE-A52E-662846615B58}.Release|iPhoneSimulator.Build.0 = Release|Any CPU
		{78799FCD-BE2E-4ECE-A52E-662846615B58}.Release|x64.ActiveCfg = Release|Any CPU
		{78799FCD-BE2E-4ECE-A52E-662846615B58}.Release|x64.Build.0 = Release|Any CPU
		{78799FCD-BE2E-4ECE-A52E-662846615B58}.Release|x86.ActiveCfg = Release|Any CPU
		{78799FCD-BE2E-4ECE-A52E-662846615B58}.Release|x86.Build.0 = Release|Any CPU
		{45D3C3CB-E4B4-471D-BCD8-685D1BB80853}.Debug|Any CPU.ActiveCfg = Debug|Any CPU
		{45D3C3CB-E4B4-471D-BCD8-685D1BB80853}.Debug|Any CPU.Build.0 = Debug|Any CPU
		{45D3C3CB-E4B4-471D-BCD8-685D1BB80853}.Debug|ARM.ActiveCfg = Debug|Any CPU
		{45D3C3CB-E4B4-471D-BCD8-685D1BB80853}.Debug|ARM.Build.0 = Debug|Any CPU
		{45D3C3CB-E4B4-471D-BCD8-685D1BB80853}.Debug|iPhone.ActiveCfg = Debug|Any CPU
		{45D3C3CB-E4B4-471D-BCD8-685D1BB80853}.Debug|iPhone.Build.0 = Debug|Any CPU
		{45D3C3CB-E4B4-471D-BCD8-685D1BB80853}.Debug|iPhoneSimulator.ActiveCfg = Debug|Any CPU
		{45D3C3CB-E4B4-471D-BCD8-685D1BB80853}.Debug|iPhoneSimulator.Build.0 = Debug|Any CPU
		{45D3C3CB-E4B4-471D-BCD8-685D1BB80853}.Debug|x64.ActiveCfg = Debug|Any CPU
		{45D3C3CB-E4B4-471D-BCD8-685D1BB80853}.Debug|x64.Build.0 = Debug|Any CPU
		{45D3C3CB-E4B4-471D-BCD8-685D1BB80853}.Debug|x86.ActiveCfg = Debug|Any CPU
		{45D3C3CB-E4B4-471D-BCD8-685D1BB80853}.Debug|x86.Build.0 = Debug|Any CPU
		{45D3C3CB-E4B4-471D-BCD8-685D1BB80853}.Release|Any CPU.ActiveCfg = Release|Any CPU
		{45D3C3CB-E4B4-471D-BCD8-685D1BB80853}.Release|Any CPU.Build.0 = Release|Any CPU
		{45D3C3CB-E4B4-471D-BCD8-685D1BB80853}.Release|ARM.ActiveCfg = Release|Any CPU
		{45D3C3CB-E4B4-471D-BCD8-685D1BB80853}.Release|ARM.Build.0 = Release|Any CPU
		{45D3C3CB-E4B4-471D-BCD8-685D1BB80853}.Release|iPhone.ActiveCfg = Release|Any CPU
		{45D3C3CB-E4B4-471D-BCD8-685D1BB80853}.Release|iPhone.Build.0 = Release|Any CPU
		{45D3C3CB-E4B4-471D-BCD8-685D1BB80853}.Release|iPhoneSimulator.ActiveCfg = Release|Any CPU
		{45D3C3CB-E4B4-471D-BCD8-685D1BB80853}.Release|iPhoneSimulator.Build.0 = Release|Any CPU
		{45D3C3CB-E4B4-471D-BCD8-685D1BB80853}.Release|x64.ActiveCfg = Release|Any CPU
		{45D3C3CB-E4B4-471D-BCD8-685D1BB80853}.Release|x64.Build.0 = Release|Any CPU
		{45D3C3CB-E4B4-471D-BCD8-685D1BB80853}.Release|x86.ActiveCfg = Release|Any CPU
		{45D3C3CB-E4B4-471D-BCD8-685D1BB80853}.Release|x86.Build.0 = Release|Any CPU
		{9322B1D0-B3F7-4D6A-9947-2FC11D3161A0}.Debug|Any CPU.ActiveCfg = Debug|Any CPU
		{9322B1D0-B3F7-4D6A-9947-2FC11D3161A0}.Debug|Any CPU.Build.0 = Debug|Any CPU
		{9322B1D0-B3F7-4D6A-9947-2FC11D3161A0}.Debug|ARM.ActiveCfg = Debug|Any CPU
		{9322B1D0-B3F7-4D6A-9947-2FC11D3161A0}.Debug|ARM.Build.0 = Debug|Any CPU
		{9322B1D0-B3F7-4D6A-9947-2FC11D3161A0}.Debug|iPhone.ActiveCfg = Debug|Any CPU
		{9322B1D0-B3F7-4D6A-9947-2FC11D3161A0}.Debug|iPhone.Build.0 = Debug|Any CPU
		{9322B1D0-B3F7-4D6A-9947-2FC11D3161A0}.Debug|iPhoneSimulator.ActiveCfg = Debug|Any CPU
		{9322B1D0-B3F7-4D6A-9947-2FC11D3161A0}.Debug|iPhoneSimulator.Build.0 = Debug|Any CPU
		{9322B1D0-B3F7-4D6A-9947-2FC11D3161A0}.Debug|x64.ActiveCfg = Debug|Any CPU
		{9322B1D0-B3F7-4D6A-9947-2FC11D3161A0}.Debug|x64.Build.0 = Debug|Any CPU
		{9322B1D0-B3F7-4D6A-9947-2FC11D3161A0}.Debug|x86.ActiveCfg = Debug|Any CPU
		{9322B1D0-B3F7-4D6A-9947-2FC11D3161A0}.Debug|x86.Build.0 = Debug|Any CPU
		{9322B1D0-B3F7-4D6A-9947-2FC11D3161A0}.Release|Any CPU.ActiveCfg = Release|Any CPU
		{9322B1D0-B3F7-4D6A-9947-2FC11D3161A0}.Release|Any CPU.Build.0 = Release|Any CPU
		{9322B1D0-B3F7-4D6A-9947-2FC11D3161A0}.Release|ARM.ActiveCfg = Release|Any CPU
		{9322B1D0-B3F7-4D6A-9947-2FC11D3161A0}.Release|ARM.Build.0 = Release|Any CPU
		{9322B1D0-B3F7-4D6A-9947-2FC11D3161A0}.Release|iPhone.ActiveCfg = Release|Any CPU
		{9322B1D0-B3F7-4D6A-9947-2FC11D3161A0}.Release|iPhone.Build.0 = Release|Any CPU
		{9322B1D0-B3F7-4D6A-9947-2FC11D3161A0}.Release|iPhoneSimulator.ActiveCfg = Release|Any CPU
		{9322B1D0-B3F7-4D6A-9947-2FC11D3161A0}.Release|iPhoneSimulator.Build.0 = Release|Any CPU
		{9322B1D0-B3F7-4D6A-9947-2FC11D3161A0}.Release|x64.ActiveCfg = Release|Any CPU
		{9322B1D0-B3F7-4D6A-9947-2FC11D3161A0}.Release|x64.Build.0 = Release|Any CPU
		{9322B1D0-B3F7-4D6A-9947-2FC11D3161A0}.Release|x86.ActiveCfg = Release|Any CPU
		{9322B1D0-B3F7-4D6A-9947-2FC11D3161A0}.Release|x86.Build.0 = Release|Any CPU
		{1104E44A-93C2-4B01-9330-6555C08ABFC1}.Debug|Any CPU.ActiveCfg = Debug|Any CPU
		{1104E44A-93C2-4B01-9330-6555C08ABFC1}.Debug|Any CPU.Build.0 = Debug|Any CPU
		{1104E44A-93C2-4B01-9330-6555C08ABFC1}.Debug|ARM.ActiveCfg = Debug|Any CPU
		{1104E44A-93C2-4B01-9330-6555C08ABFC1}.Debug|ARM.Build.0 = Debug|Any CPU
		{1104E44A-93C2-4B01-9330-6555C08ABFC1}.Debug|iPhone.ActiveCfg = Debug|Any CPU
		{1104E44A-93C2-4B01-9330-6555C08ABFC1}.Debug|iPhone.Build.0 = Debug|Any CPU
		{1104E44A-93C2-4B01-9330-6555C08ABFC1}.Debug|iPhoneSimulator.ActiveCfg = Debug|Any CPU
		{1104E44A-93C2-4B01-9330-6555C08ABFC1}.Debug|iPhoneSimulator.Build.0 = Debug|Any CPU
		{1104E44A-93C2-4B01-9330-6555C08ABFC1}.Debug|x64.ActiveCfg = Debug|Any CPU
		{1104E44A-93C2-4B01-9330-6555C08ABFC1}.Debug|x64.Build.0 = Debug|Any CPU
		{1104E44A-93C2-4B01-9330-6555C08ABFC1}.Debug|x86.ActiveCfg = Debug|Any CPU
		{1104E44A-93C2-4B01-9330-6555C08ABFC1}.Debug|x86.Build.0 = Debug|Any CPU
		{1104E44A-93C2-4B01-9330-6555C08ABFC1}.Release|Any CPU.ActiveCfg = Release|Any CPU
		{1104E44A-93C2-4B01-9330-6555C08ABFC1}.Release|Any CPU.Build.0 = Release|Any CPU
		{1104E44A-93C2-4B01-9330-6555C08ABFC1}.Release|ARM.ActiveCfg = Release|Any CPU
		{1104E44A-93C2-4B01-9330-6555C08ABFC1}.Release|ARM.Build.0 = Release|Any CPU
		{1104E44A-93C2-4B01-9330-6555C08ABFC1}.Release|iPhone.ActiveCfg = Release|Any CPU
		{1104E44A-93C2-4B01-9330-6555C08ABFC1}.Release|iPhone.Build.0 = Release|Any CPU
		{1104E44A-93C2-4B01-9330-6555C08ABFC1}.Release|iPhoneSimulator.ActiveCfg = Release|Any CPU
		{1104E44A-93C2-4B01-9330-6555C08ABFC1}.Release|iPhoneSimulator.Build.0 = Release|Any CPU
		{1104E44A-93C2-4B01-9330-6555C08ABFC1}.Release|x64.ActiveCfg = Release|Any CPU
		{1104E44A-93C2-4B01-9330-6555C08ABFC1}.Release|x64.Build.0 = Release|Any CPU
		{1104E44A-93C2-4B01-9330-6555C08ABFC1}.Release|x86.ActiveCfg = Release|Any CPU
		{1104E44A-93C2-4B01-9330-6555C08ABFC1}.Release|x86.Build.0 = Release|Any CPU
		{2AC1DA0E-2B6E-4DBA-A73F-6784BA0A7DB4}.Debug|Any CPU.ActiveCfg = Debug|Any CPU
		{2AC1DA0E-2B6E-4DBA-A73F-6784BA0A7DB4}.Debug|Any CPU.Build.0 = Debug|Any CPU
		{2AC1DA0E-2B6E-4DBA-A73F-6784BA0A7DB4}.Debug|ARM.ActiveCfg = Debug|Any CPU
		{2AC1DA0E-2B6E-4DBA-A73F-6784BA0A7DB4}.Debug|ARM.Build.0 = Debug|Any CPU
		{2AC1DA0E-2B6E-4DBA-A73F-6784BA0A7DB4}.Debug|iPhone.ActiveCfg = Debug|Any CPU
		{2AC1DA0E-2B6E-4DBA-A73F-6784BA0A7DB4}.Debug|iPhone.Build.0 = Debug|Any CPU
		{2AC1DA0E-2B6E-4DBA-A73F-6784BA0A7DB4}.Debug|iPhoneSimulator.ActiveCfg = Debug|Any CPU
		{2AC1DA0E-2B6E-4DBA-A73F-6784BA0A7DB4}.Debug|iPhoneSimulator.Build.0 = Debug|Any CPU
		{2AC1DA0E-2B6E-4DBA-A73F-6784BA0A7DB4}.Debug|x64.ActiveCfg = Debug|Any CPU
		{2AC1DA0E-2B6E-4DBA-A73F-6784BA0A7DB4}.Debug|x64.Build.0 = Debug|Any CPU
		{2AC1DA0E-2B6E-4DBA-A73F-6784BA0A7DB4}.Debug|x86.ActiveCfg = Debug|Any CPU
		{2AC1DA0E-2B6E-4DBA-A73F-6784BA0A7DB4}.Debug|x86.Build.0 = Debug|Any CPU
		{2AC1DA0E-2B6E-4DBA-A73F-6784BA0A7DB4}.Release|Any CPU.ActiveCfg = Release|Any CPU
		{2AC1DA0E-2B6E-4DBA-A73F-6784BA0A7DB4}.Release|Any CPU.Build.0 = Release|Any CPU
		{2AC1DA0E-2B6E-4DBA-A73F-6784BA0A7DB4}.Release|ARM.ActiveCfg = Release|Any CPU
		{2AC1DA0E-2B6E-4DBA-A73F-6784BA0A7DB4}.Release|ARM.Build.0 = Release|Any CPU
		{2AC1DA0E-2B6E-4DBA-A73F-6784BA0A7DB4}.Release|iPhone.ActiveCfg = Release|Any CPU
		{2AC1DA0E-2B6E-4DBA-A73F-6784BA0A7DB4}.Release|iPhone.Build.0 = Release|Any CPU
		{2AC1DA0E-2B6E-4DBA-A73F-6784BA0A7DB4}.Release|iPhoneSimulator.ActiveCfg = Release|Any CPU
		{2AC1DA0E-2B6E-4DBA-A73F-6784BA0A7DB4}.Release|iPhoneSimulator.Build.0 = Release|Any CPU
		{2AC1DA0E-2B6E-4DBA-A73F-6784BA0A7DB4}.Release|x64.ActiveCfg = Release|Any CPU
		{2AC1DA0E-2B6E-4DBA-A73F-6784BA0A7DB4}.Release|x64.Build.0 = Release|Any CPU
		{2AC1DA0E-2B6E-4DBA-A73F-6784BA0A7DB4}.Release|x86.ActiveCfg = Release|Any CPU
		{2AC1DA0E-2B6E-4DBA-A73F-6784BA0A7DB4}.Release|x86.Build.0 = Release|Any CPU
		{7174D68E-E76D-4A4F-9F9A-601F5FB2DB65}.Debug|Any CPU.ActiveCfg = Debug|Any CPU
		{7174D68E-E76D-4A4F-9F9A-601F5FB2DB65}.Debug|Any CPU.Build.0 = Debug|Any CPU
		{7174D68E-E76D-4A4F-9F9A-601F5FB2DB65}.Debug|ARM.ActiveCfg = Debug|Any CPU
		{7174D68E-E76D-4A4F-9F9A-601F5FB2DB65}.Debug|ARM.Build.0 = Debug|Any CPU
		{7174D68E-E76D-4A4F-9F9A-601F5FB2DB65}.Debug|iPhone.ActiveCfg = Debug|Any CPU
		{7174D68E-E76D-4A4F-9F9A-601F5FB2DB65}.Debug|iPhone.Build.0 = Debug|Any CPU
		{7174D68E-E76D-4A4F-9F9A-601F5FB2DB65}.Debug|iPhoneSimulator.ActiveCfg = Debug|Any CPU
		{7174D68E-E76D-4A4F-9F9A-601F5FB2DB65}.Debug|iPhoneSimulator.Build.0 = Debug|Any CPU
		{7174D68E-E76D-4A4F-9F9A-601F5FB2DB65}.Debug|x64.ActiveCfg = Debug|Any CPU
		{7174D68E-E76D-4A4F-9F9A-601F5FB2DB65}.Debug|x64.Build.0 = Debug|Any CPU
		{7174D68E-E76D-4A4F-9F9A-601F5FB2DB65}.Debug|x86.ActiveCfg = Debug|Any CPU
		{7174D68E-E76D-4A4F-9F9A-601F5FB2DB65}.Debug|x86.Build.0 = Debug|Any CPU
		{7174D68E-E76D-4A4F-9F9A-601F5FB2DB65}.Release|Any CPU.ActiveCfg = Release|Any CPU
		{7174D68E-E76D-4A4F-9F9A-601F5FB2DB65}.Release|Any CPU.Build.0 = Release|Any CPU
		{7174D68E-E76D-4A4F-9F9A-601F5FB2DB65}.Release|ARM.ActiveCfg = Release|Any CPU
		{7174D68E-E76D-4A4F-9F9A-601F5FB2DB65}.Release|ARM.Build.0 = Release|Any CPU
		{7174D68E-E76D-4A4F-9F9A-601F5FB2DB65}.Release|iPhone.ActiveCfg = Release|Any CPU
		{7174D68E-E76D-4A4F-9F9A-601F5FB2DB65}.Release|iPhone.Build.0 = Release|Any CPU
		{7174D68E-E76D-4A4F-9F9A-601F5FB2DB65}.Release|iPhoneSimulator.ActiveCfg = Release|Any CPU
		{7174D68E-E76D-4A4F-9F9A-601F5FB2DB65}.Release|iPhoneSimulator.Build.0 = Release|Any CPU
		{7174D68E-E76D-4A4F-9F9A-601F5FB2DB65}.Release|x64.ActiveCfg = Release|Any CPU
		{7174D68E-E76D-4A4F-9F9A-601F5FB2DB65}.Release|x64.Build.0 = Release|Any CPU
		{7174D68E-E76D-4A4F-9F9A-601F5FB2DB65}.Release|x86.ActiveCfg = Release|Any CPU
		{7174D68E-E76D-4A4F-9F9A-601F5FB2DB65}.Release|x86.Build.0 = Release|Any CPU
		{C04E5F74-83F0-4A2F-981D-A3442B083F40}.Debug|Any CPU.ActiveCfg = Debug|Any CPU
		{C04E5F74-83F0-4A2F-981D-A3442B083F40}.Debug|Any CPU.Build.0 = Debug|Any CPU
		{C04E5F74-83F0-4A2F-981D-A3442B083F40}.Debug|ARM.ActiveCfg = Debug|Any CPU
		{C04E5F74-83F0-4A2F-981D-A3442B083F40}.Debug|ARM.Build.0 = Debug|Any CPU
		{C04E5F74-83F0-4A2F-981D-A3442B083F40}.Debug|iPhone.ActiveCfg = Debug|Any CPU
		{C04E5F74-83F0-4A2F-981D-A3442B083F40}.Debug|iPhone.Build.0 = Debug|Any CPU
		{C04E5F74-83F0-4A2F-981D-A3442B083F40}.Debug|iPhoneSimulator.ActiveCfg = Debug|Any CPU
		{C04E5F74-83F0-4A2F-981D-A3442B083F40}.Debug|iPhoneSimulator.Build.0 = Debug|Any CPU
		{C04E5F74-83F0-4A2F-981D-A3442B083F40}.Debug|x64.ActiveCfg = Debug|Any CPU
		{C04E5F74-83F0-4A2F-981D-A3442B083F40}.Debug|x64.Build.0 = Debug|Any CPU
		{C04E5F74-83F0-4A2F-981D-A3442B083F40}.Debug|x86.ActiveCfg = Debug|Any CPU
		{C04E5F74-83F0-4A2F-981D-A3442B083F40}.Debug|x86.Build.0 = Debug|Any CPU
		{C04E5F74-83F0-4A2F-981D-A3442B083F40}.Release|Any CPU.ActiveCfg = Release|Any CPU
		{C04E5F74-83F0-4A2F-981D-A3442B083F40}.Release|Any CPU.Build.0 = Release|Any CPU
		{C04E5F74-83F0-4A2F-981D-A3442B083F40}.Release|ARM.ActiveCfg = Release|Any CPU
		{C04E5F74-83F0-4A2F-981D-A3442B083F40}.Release|ARM.Build.0 = Release|Any CPU
		{C04E5F74-83F0-4A2F-981D-A3442B083F40}.Release|iPhone.ActiveCfg = Release|Any CPU
		{C04E5F74-83F0-4A2F-981D-A3442B083F40}.Release|iPhone.Build.0 = Release|Any CPU
		{C04E5F74-83F0-4A2F-981D-A3442B083F40}.Release|iPhoneSimulator.ActiveCfg = Release|Any CPU
		{C04E5F74-83F0-4A2F-981D-A3442B083F40}.Release|iPhoneSimulator.Build.0 = Release|Any CPU
		{C04E5F74-83F0-4A2F-981D-A3442B083F40}.Release|x64.ActiveCfg = Release|Any CPU
		{C04E5F74-83F0-4A2F-981D-A3442B083F40}.Release|x64.Build.0 = Release|Any CPU
		{C04E5F74-83F0-4A2F-981D-A3442B083F40}.Release|x86.ActiveCfg = Release|Any CPU
		{C04E5F74-83F0-4A2F-981D-A3442B083F40}.Release|x86.Build.0 = Release|Any CPU
		{FAD8E779-25DD-4AF1-BEB0-4B8D9696ACAD}.Debug|Any CPU.ActiveCfg = Debug|Any CPU
		{FAD8E779-25DD-4AF1-BEB0-4B8D9696ACAD}.Debug|Any CPU.Build.0 = Debug|Any CPU
		{FAD8E779-25DD-4AF1-BEB0-4B8D9696ACAD}.Debug|ARM.ActiveCfg = Debug|Any CPU
		{FAD8E779-25DD-4AF1-BEB0-4B8D9696ACAD}.Debug|ARM.Build.0 = Debug|Any CPU
		{FAD8E779-25DD-4AF1-BEB0-4B8D9696ACAD}.Debug|iPhone.ActiveCfg = Debug|Any CPU
		{FAD8E779-25DD-4AF1-BEB0-4B8D9696ACAD}.Debug|iPhone.Build.0 = Debug|Any CPU
		{FAD8E779-25DD-4AF1-BEB0-4B8D9696ACAD}.Debug|iPhoneSimulator.ActiveCfg = Debug|Any CPU
		{FAD8E779-25DD-4AF1-BEB0-4B8D9696ACAD}.Debug|iPhoneSimulator.Build.0 = Debug|Any CPU
		{FAD8E779-25DD-4AF1-BEB0-4B8D9696ACAD}.Debug|x64.ActiveCfg = Debug|Any CPU
		{FAD8E779-25DD-4AF1-BEB0-4B8D9696ACAD}.Debug|x64.Build.0 = Debug|Any CPU
		{FAD8E779-25DD-4AF1-BEB0-4B8D9696ACAD}.Debug|x86.ActiveCfg = Debug|Any CPU
		{FAD8E779-25DD-4AF1-BEB0-4B8D9696ACAD}.Debug|x86.Build.0 = Debug|Any CPU
		{FAD8E779-25DD-4AF1-BEB0-4B8D9696ACAD}.Release|Any CPU.ActiveCfg = Release|Any CPU
		{FAD8E779-25DD-4AF1-BEB0-4B8D9696ACAD}.Release|Any CPU.Build.0 = Release|Any CPU
		{FAD8E779-25DD-4AF1-BEB0-4B8D9696ACAD}.Release|ARM.ActiveCfg = Release|Any CPU
		{FAD8E779-25DD-4AF1-BEB0-4B8D9696ACAD}.Release|ARM.Build.0 = Release|Any CPU
		{FAD8E779-25DD-4AF1-BEB0-4B8D9696ACAD}.Release|iPhone.ActiveCfg = Release|Any CPU
		{FAD8E779-25DD-4AF1-BEB0-4B8D9696ACAD}.Release|iPhone.Build.0 = Release|Any CPU
		{FAD8E779-25DD-4AF1-BEB0-4B8D9696ACAD}.Release|iPhoneSimulator.ActiveCfg = Release|Any CPU
		{FAD8E779-25DD-4AF1-BEB0-4B8D9696ACAD}.Release|iPhoneSimulator.Build.0 = Release|Any CPU
		{FAD8E779-25DD-4AF1-BEB0-4B8D9696ACAD}.Release|x64.ActiveCfg = Release|Any CPU
		{FAD8E779-25DD-4AF1-BEB0-4B8D9696ACAD}.Release|x64.Build.0 = Release|Any CPU
		{FAD8E779-25DD-4AF1-BEB0-4B8D9696ACAD}.Release|x86.ActiveCfg = Release|Any CPU
		{FAD8E779-25DD-4AF1-BEB0-4B8D9696ACAD}.Release|x86.Build.0 = Release|Any CPU
		{218C6795-AA18-4861-8613-D022C0C53628}.Debug|Any CPU.ActiveCfg = Debug|Any CPU
		{218C6795-AA18-4861-8613-D022C0C53628}.Debug|Any CPU.Build.0 = Debug|Any CPU
		{218C6795-AA18-4861-8613-D022C0C53628}.Debug|ARM.ActiveCfg = Debug|Any CPU
		{218C6795-AA18-4861-8613-D022C0C53628}.Debug|ARM.Build.0 = Debug|Any CPU
		{218C6795-AA18-4861-8613-D022C0C53628}.Debug|iPhone.ActiveCfg = Debug|Any CPU
		{218C6795-AA18-4861-8613-D022C0C53628}.Debug|iPhone.Build.0 = Debug|Any CPU
		{218C6795-AA18-4861-8613-D022C0C53628}.Debug|iPhoneSimulator.ActiveCfg = Debug|Any CPU
		{218C6795-AA18-4861-8613-D022C0C53628}.Debug|iPhoneSimulator.Build.0 = Debug|Any CPU
		{218C6795-AA18-4861-8613-D022C0C53628}.Debug|x64.ActiveCfg = Debug|Any CPU
		{218C6795-AA18-4861-8613-D022C0C53628}.Debug|x64.Build.0 = Debug|Any CPU
		{218C6795-AA18-4861-8613-D022C0C53628}.Debug|x86.ActiveCfg = Debug|Any CPU
		{218C6795-AA18-4861-8613-D022C0C53628}.Debug|x86.Build.0 = Debug|Any CPU
		{218C6795-AA18-4861-8613-D022C0C53628}.Release|Any CPU.ActiveCfg = Release|Any CPU
		{218C6795-AA18-4861-8613-D022C0C53628}.Release|Any CPU.Build.0 = Release|Any CPU
		{218C6795-AA18-4861-8613-D022C0C53628}.Release|ARM.ActiveCfg = Release|Any CPU
		{218C6795-AA18-4861-8613-D022C0C53628}.Release|ARM.Build.0 = Release|Any CPU
		{218C6795-AA18-4861-8613-D022C0C53628}.Release|iPhone.ActiveCfg = Release|Any CPU
		{218C6795-AA18-4861-8613-D022C0C53628}.Release|iPhone.Build.0 = Release|Any CPU
		{218C6795-AA18-4861-8613-D022C0C53628}.Release|iPhoneSimulator.ActiveCfg = Release|Any CPU
		{218C6795-AA18-4861-8613-D022C0C53628}.Release|iPhoneSimulator.Build.0 = Release|Any CPU
		{218C6795-AA18-4861-8613-D022C0C53628}.Release|x64.ActiveCfg = Release|Any CPU
		{218C6795-AA18-4861-8613-D022C0C53628}.Release|x64.Build.0 = Release|Any CPU
		{218C6795-AA18-4861-8613-D022C0C53628}.Release|x86.ActiveCfg = Release|Any CPU
		{218C6795-AA18-4861-8613-D022C0C53628}.Release|x86.Build.0 = Release|Any CPU
		{90616AF5-9024-4054-B40B-9A82F8F4DC83}.Debug|Any CPU.ActiveCfg = Debug|Any CPU
		{90616AF5-9024-4054-B40B-9A82F8F4DC83}.Debug|Any CPU.Build.0 = Debug|Any CPU
		{90616AF5-9024-4054-B40B-9A82F8F4DC83}.Debug|ARM.ActiveCfg = Debug|Any CPU
		{90616AF5-9024-4054-B40B-9A82F8F4DC83}.Debug|ARM.Build.0 = Debug|Any CPU
		{90616AF5-9024-4054-B40B-9A82F8F4DC83}.Debug|iPhone.ActiveCfg = Debug|Any CPU
		{90616AF5-9024-4054-B40B-9A82F8F4DC83}.Debug|iPhone.Build.0 = Debug|Any CPU
		{90616AF5-9024-4054-B40B-9A82F8F4DC83}.Debug|iPhoneSimulator.ActiveCfg = Debug|Any CPU
		{90616AF5-9024-4054-B40B-9A82F8F4DC83}.Debug|iPhoneSimulator.Build.0 = Debug|Any CPU
		{90616AF5-9024-4054-B40B-9A82F8F4DC83}.Debug|x64.ActiveCfg = Debug|Any CPU
		{90616AF5-9024-4054-B40B-9A82F8F4DC83}.Debug|x64.Build.0 = Debug|Any CPU
		{90616AF5-9024-4054-B40B-9A82F8F4DC83}.Debug|x86.ActiveCfg = Debug|Any CPU
		{90616AF5-9024-4054-B40B-9A82F8F4DC83}.Debug|x86.Build.0 = Debug|Any CPU
		{90616AF5-9024-4054-B40B-9A82F8F4DC83}.Release|Any CPU.ActiveCfg = Release|Any CPU
		{90616AF5-9024-4054-B40B-9A82F8F4DC83}.Release|Any CPU.Build.0 = Release|Any CPU
		{90616AF5-9024-4054-B40B-9A82F8F4DC83}.Release|ARM.ActiveCfg = Release|Any CPU
		{90616AF5-9024-4054-B40B-9A82F8F4DC83}.Release|ARM.Build.0 = Release|Any CPU
		{90616AF5-9024-4054-B40B-9A82F8F4DC83}.Release|iPhone.ActiveCfg = Release|Any CPU
		{90616AF5-9024-4054-B40B-9A82F8F4DC83}.Release|iPhone.Build.0 = Release|Any CPU
		{90616AF5-9024-4054-B40B-9A82F8F4DC83}.Release|iPhoneSimulator.ActiveCfg = Release|Any CPU
		{90616AF5-9024-4054-B40B-9A82F8F4DC83}.Release|iPhoneSimulator.Build.0 = Release|Any CPU
		{90616AF5-9024-4054-B40B-9A82F8F4DC83}.Release|x64.ActiveCfg = Release|Any CPU
		{90616AF5-9024-4054-B40B-9A82F8F4DC83}.Release|x64.Build.0 = Release|Any CPU
		{90616AF5-9024-4054-B40B-9A82F8F4DC83}.Release|x86.ActiveCfg = Release|Any CPU
		{90616AF5-9024-4054-B40B-9A82F8F4DC83}.Release|x86.Build.0 = Release|Any CPU
		{BECF4F60-9741-49A6-BD79-D59664C2682E}.Debug|Any CPU.ActiveCfg = Debug|Any CPU
		{BECF4F60-9741-49A6-BD79-D59664C2682E}.Debug|Any CPU.Build.0 = Debug|Any CPU
		{BECF4F60-9741-49A6-BD79-D59664C2682E}.Debug|ARM.ActiveCfg = Debug|Any CPU
		{BECF4F60-9741-49A6-BD79-D59664C2682E}.Debug|ARM.Build.0 = Debug|Any CPU
		{BECF4F60-9741-49A6-BD79-D59664C2682E}.Debug|iPhone.ActiveCfg = Debug|Any CPU
		{BECF4F60-9741-49A6-BD79-D59664C2682E}.Debug|iPhone.Build.0 = Debug|Any CPU
		{BECF4F60-9741-49A6-BD79-D59664C2682E}.Debug|iPhoneSimulator.ActiveCfg = Debug|Any CPU
		{BECF4F60-9741-49A6-BD79-D59664C2682E}.Debug|iPhoneSimulator.Build.0 = Debug|Any CPU
		{BECF4F60-9741-49A6-BD79-D59664C2682E}.Debug|x64.ActiveCfg = Debug|Any CPU
		{BECF4F60-9741-49A6-BD79-D59664C2682E}.Debug|x64.Build.0 = Debug|Any CPU
		{BECF4F60-9741-49A6-BD79-D59664C2682E}.Debug|x86.ActiveCfg = Debug|Any CPU
		{BECF4F60-9741-49A6-BD79-D59664C2682E}.Debug|x86.Build.0 = Debug|Any CPU
		{BECF4F60-9741-49A6-BD79-D59664C2682E}.Release|Any CPU.ActiveCfg = Release|Any CPU
		{BECF4F60-9741-49A6-BD79-D59664C2682E}.Release|Any CPU.Build.0 = Release|Any CPU
		{BECF4F60-9741-49A6-BD79-D59664C2682E}.Release|ARM.ActiveCfg = Release|Any CPU
		{BECF4F60-9741-49A6-BD79-D59664C2682E}.Release|ARM.Build.0 = Release|Any CPU
		{BECF4F60-9741-49A6-BD79-D59664C2682E}.Release|iPhone.ActiveCfg = Release|Any CPU
		{BECF4F60-9741-49A6-BD79-D59664C2682E}.Release|iPhone.Build.0 = Release|Any CPU
		{BECF4F60-9741-49A6-BD79-D59664C2682E}.Release|iPhoneSimulator.ActiveCfg = Release|Any CPU
		{BECF4F60-9741-49A6-BD79-D59664C2682E}.Release|iPhoneSimulator.Build.0 = Release|Any CPU
		{BECF4F60-9741-49A6-BD79-D59664C2682E}.Release|x64.ActiveCfg = Release|Any CPU
		{BECF4F60-9741-49A6-BD79-D59664C2682E}.Release|x64.Build.0 = Release|Any CPU
		{BECF4F60-9741-49A6-BD79-D59664C2682E}.Release|x86.ActiveCfg = Release|Any CPU
		{BECF4F60-9741-49A6-BD79-D59664C2682E}.Release|x86.Build.0 = Release|Any CPU
		{907F4283-1EA9-41FE-B482-9BD2A72F0850}.Debug|Any CPU.ActiveCfg = Debug|Any CPU
		{907F4283-1EA9-41FE-B482-9BD2A72F0850}.Debug|Any CPU.Build.0 = Debug|Any CPU
		{907F4283-1EA9-41FE-B482-9BD2A72F0850}.Debug|ARM.ActiveCfg = Debug|Any CPU
		{907F4283-1EA9-41FE-B482-9BD2A72F0850}.Debug|ARM.Build.0 = Debug|Any CPU
		{907F4283-1EA9-41FE-B482-9BD2A72F0850}.Debug|iPhone.ActiveCfg = Debug|Any CPU
		{907F4283-1EA9-41FE-B482-9BD2A72F0850}.Debug|iPhone.Build.0 = Debug|Any CPU
		{907F4283-1EA9-41FE-B482-9BD2A72F0850}.Debug|iPhoneSimulator.ActiveCfg = Debug|Any CPU
		{907F4283-1EA9-41FE-B482-9BD2A72F0850}.Debug|iPhoneSimulator.Build.0 = Debug|Any CPU
		{907F4283-1EA9-41FE-B482-9BD2A72F0850}.Debug|x64.ActiveCfg = Debug|Any CPU
		{907F4283-1EA9-41FE-B482-9BD2A72F0850}.Debug|x64.Build.0 = Debug|Any CPU
		{907F4283-1EA9-41FE-B482-9BD2A72F0850}.Debug|x86.ActiveCfg = Debug|Any CPU
		{907F4283-1EA9-41FE-B482-9BD2A72F0850}.Debug|x86.Build.0 = Debug|Any CPU
		{907F4283-1EA9-41FE-B482-9BD2A72F0850}.Release|Any CPU.ActiveCfg = Release|Any CPU
		{907F4283-1EA9-41FE-B482-9BD2A72F0850}.Release|Any CPU.Build.0 = Release|Any CPU
		{907F4283-1EA9-41FE-B482-9BD2A72F0850}.Release|ARM.ActiveCfg = Release|Any CPU
		{907F4283-1EA9-41FE-B482-9BD2A72F0850}.Release|ARM.Build.0 = Release|Any CPU
		{907F4283-1EA9-41FE-B482-9BD2A72F0850}.Release|iPhone.ActiveCfg = Release|Any CPU
		{907F4283-1EA9-41FE-B482-9BD2A72F0850}.Release|iPhone.Build.0 = Release|Any CPU
		{907F4283-1EA9-41FE-B482-9BD2A72F0850}.Release|iPhoneSimulator.ActiveCfg = Release|Any CPU
		{907F4283-1EA9-41FE-B482-9BD2A72F0850}.Release|iPhoneSimulator.Build.0 = Release|Any CPU
		{907F4283-1EA9-41FE-B482-9BD2A72F0850}.Release|x64.ActiveCfg = Release|Any CPU
		{907F4283-1EA9-41FE-B482-9BD2A72F0850}.Release|x64.Build.0 = Release|Any CPU
		{907F4283-1EA9-41FE-B482-9BD2A72F0850}.Release|x86.ActiveCfg = Release|Any CPU
		{907F4283-1EA9-41FE-B482-9BD2A72F0850}.Release|x86.Build.0 = Release|Any CPU
		{CE887906-33F1-4B47-8E8F-C6A7A60D1372}.Debug|Any CPU.ActiveCfg = Debug|iPhoneSimulator
		{CE887906-33F1-4B47-8E8F-C6A7A60D1372}.Debug|Any CPU.Build.0 = Debug|iPhoneSimulator
		{CE887906-33F1-4B47-8E8F-C6A7A60D1372}.Debug|ARM.ActiveCfg = Debug|iPhoneSimulator
		{CE887906-33F1-4B47-8E8F-C6A7A60D1372}.Debug|ARM.Build.0 = Debug|iPhoneSimulator
		{CE887906-33F1-4B47-8E8F-C6A7A60D1372}.Debug|iPhone.ActiveCfg = Debug|iPhone
		{CE887906-33F1-4B47-8E8F-C6A7A60D1372}.Debug|iPhone.Build.0 = Debug|iPhone
		{CE887906-33F1-4B47-8E8F-C6A7A60D1372}.Debug|iPhoneSimulator.ActiveCfg = Debug|iPhoneSimulator
		{CE887906-33F1-4B47-8E8F-C6A7A60D1372}.Debug|iPhoneSimulator.Build.0 = Debug|iPhoneSimulator
		{CE887906-33F1-4B47-8E8F-C6A7A60D1372}.Debug|x64.ActiveCfg = Debug|iPhoneSimulator
		{CE887906-33F1-4B47-8E8F-C6A7A60D1372}.Debug|x64.Build.0 = Debug|iPhoneSimulator
		{CE887906-33F1-4B47-8E8F-C6A7A60D1372}.Debug|x86.ActiveCfg = Debug|iPhoneSimulator
		{CE887906-33F1-4B47-8E8F-C6A7A60D1372}.Debug|x86.Build.0 = Debug|iPhoneSimulator
		{CE887906-33F1-4B47-8E8F-C6A7A60D1372}.Release|Any CPU.ActiveCfg = Release|iPhoneSimulator
		{CE887906-33F1-4B47-8E8F-C6A7A60D1372}.Release|Any CPU.Build.0 = Release|iPhoneSimulator
		{CE887906-33F1-4B47-8E8F-C6A7A60D1372}.Release|ARM.ActiveCfg = Release|iPhoneSimulator
		{CE887906-33F1-4B47-8E8F-C6A7A60D1372}.Release|ARM.Build.0 = Release|iPhoneSimulator
		{CE887906-33F1-4B47-8E8F-C6A7A60D1372}.Release|iPhone.ActiveCfg = Release|iPhone
		{CE887906-33F1-4B47-8E8F-C6A7A60D1372}.Release|iPhone.Build.0 = Release|iPhone
		{CE887906-33F1-4B47-8E8F-C6A7A60D1372}.Release|iPhoneSimulator.ActiveCfg = Release|iPhoneSimulator
		{CE887906-33F1-4B47-8E8F-C6A7A60D1372}.Release|iPhoneSimulator.Build.0 = Release|iPhoneSimulator
		{CE887906-33F1-4B47-8E8F-C6A7A60D1372}.Release|x64.ActiveCfg = Release|iPhoneSimulator
		{CE887906-33F1-4B47-8E8F-C6A7A60D1372}.Release|x64.Build.0 = Release|iPhoneSimulator
		{CE887906-33F1-4B47-8E8F-C6A7A60D1372}.Release|x86.ActiveCfg = Release|iPhoneSimulator
		{CE887906-33F1-4B47-8E8F-C6A7A60D1372}.Release|x86.Build.0 = Release|iPhoneSimulator
		{12EFED5B-E168-401E-9BCB-4FBB928720AB}.Debug|Any CPU.ActiveCfg = Debug|Any CPU
		{12EFED5B-E168-401E-9BCB-4FBB928720AB}.Debug|Any CPU.Build.0 = Debug|Any CPU
		{12EFED5B-E168-401E-9BCB-4FBB928720AB}.Debug|ARM.ActiveCfg = Debug|Any CPU
		{12EFED5B-E168-401E-9BCB-4FBB928720AB}.Debug|ARM.Build.0 = Debug|Any CPU
		{12EFED5B-E168-401E-9BCB-4FBB928720AB}.Debug|iPhone.ActiveCfg = Debug|Any CPU
		{12EFED5B-E168-401E-9BCB-4FBB928720AB}.Debug|iPhone.Build.0 = Debug|Any CPU
		{12EFED5B-E168-401E-9BCB-4FBB928720AB}.Debug|iPhoneSimulator.ActiveCfg = Debug|Any CPU
		{12EFED5B-E168-401E-9BCB-4FBB928720AB}.Debug|iPhoneSimulator.Build.0 = Debug|Any CPU
		{12EFED5B-E168-401E-9BCB-4FBB928720AB}.Debug|x64.ActiveCfg = Debug|Any CPU
		{12EFED5B-E168-401E-9BCB-4FBB928720AB}.Debug|x64.Build.0 = Debug|Any CPU
		{12EFED5B-E168-401E-9BCB-4FBB928720AB}.Debug|x86.ActiveCfg = Debug|Any CPU
		{12EFED5B-E168-401E-9BCB-4FBB928720AB}.Debug|x86.Build.0 = Debug|Any CPU
		{12EFED5B-E168-401E-9BCB-4FBB928720AB}.Release|Any CPU.ActiveCfg = Release|Any CPU
		{12EFED5B-E168-401E-9BCB-4FBB928720AB}.Release|Any CPU.Build.0 = Release|Any CPU
		{12EFED5B-E168-401E-9BCB-4FBB928720AB}.Release|ARM.ActiveCfg = Release|Any CPU
		{12EFED5B-E168-401E-9BCB-4FBB928720AB}.Release|ARM.Build.0 = Release|Any CPU
		{12EFED5B-E168-401E-9BCB-4FBB928720AB}.Release|iPhone.ActiveCfg = Release|Any CPU
		{12EFED5B-E168-401E-9BCB-4FBB928720AB}.Release|iPhone.Build.0 = Release|Any CPU
		{12EFED5B-E168-401E-9BCB-4FBB928720AB}.Release|iPhoneSimulator.ActiveCfg = Release|Any CPU
		{12EFED5B-E168-401E-9BCB-4FBB928720AB}.Release|iPhoneSimulator.Build.0 = Release|Any CPU
		{12EFED5B-E168-401E-9BCB-4FBB928720AB}.Release|x64.ActiveCfg = Release|Any CPU
		{12EFED5B-E168-401E-9BCB-4FBB928720AB}.Release|x64.Build.0 = Release|Any CPU
		{12EFED5B-E168-401E-9BCB-4FBB928720AB}.Release|x86.ActiveCfg = Release|Any CPU
		{12EFED5B-E168-401E-9BCB-4FBB928720AB}.Release|x86.Build.0 = Release|Any CPU
		{B4C6AD4A-DA91-4171-90D8-0F46378EAEBE}.Debug|Any CPU.ActiveCfg = Debug|Any CPU
		{B4C6AD4A-DA91-4171-90D8-0F46378EAEBE}.Debug|Any CPU.Build.0 = Debug|Any CPU
		{B4C6AD4A-DA91-4171-90D8-0F46378EAEBE}.Debug|ARM.ActiveCfg = Debug|Any CPU
		{B4C6AD4A-DA91-4171-90D8-0F46378EAEBE}.Debug|ARM.Build.0 = Debug|Any CPU
		{B4C6AD4A-DA91-4171-90D8-0F46378EAEBE}.Debug|iPhone.ActiveCfg = Debug|Any CPU
		{B4C6AD4A-DA91-4171-90D8-0F46378EAEBE}.Debug|iPhone.Build.0 = Debug|Any CPU
		{B4C6AD4A-DA91-4171-90D8-0F46378EAEBE}.Debug|iPhoneSimulator.ActiveCfg = Debug|Any CPU
		{B4C6AD4A-DA91-4171-90D8-0F46378EAEBE}.Debug|iPhoneSimulator.Build.0 = Debug|Any CPU
		{B4C6AD4A-DA91-4171-90D8-0F46378EAEBE}.Debug|x64.ActiveCfg = Debug|Any CPU
		{B4C6AD4A-DA91-4171-90D8-0F46378EAEBE}.Debug|x64.Build.0 = Debug|Any CPU
		{B4C6AD4A-DA91-4171-90D8-0F46378EAEBE}.Debug|x86.ActiveCfg = Debug|Any CPU
		{B4C6AD4A-DA91-4171-90D8-0F46378EAEBE}.Debug|x86.Build.0 = Debug|Any CPU
		{B4C6AD4A-DA91-4171-90D8-0F46378EAEBE}.Release|Any CPU.ActiveCfg = Release|Any CPU
		{B4C6AD4A-DA91-4171-90D8-0F46378EAEBE}.Release|Any CPU.Build.0 = Release|Any CPU
		{B4C6AD4A-DA91-4171-90D8-0F46378EAEBE}.Release|ARM.ActiveCfg = Release|Any CPU
		{B4C6AD4A-DA91-4171-90D8-0F46378EAEBE}.Release|ARM.Build.0 = Release|Any CPU
		{B4C6AD4A-DA91-4171-90D8-0F46378EAEBE}.Release|iPhone.ActiveCfg = Release|Any CPU
		{B4C6AD4A-DA91-4171-90D8-0F46378EAEBE}.Release|iPhone.Build.0 = Release|Any CPU
		{B4C6AD4A-DA91-4171-90D8-0F46378EAEBE}.Release|iPhoneSimulator.ActiveCfg = Release|Any CPU
		{B4C6AD4A-DA91-4171-90D8-0F46378EAEBE}.Release|iPhoneSimulator.Build.0 = Release|Any CPU
		{B4C6AD4A-DA91-4171-90D8-0F46378EAEBE}.Release|x64.ActiveCfg = Release|Any CPU
		{B4C6AD4A-DA91-4171-90D8-0F46378EAEBE}.Release|x64.Build.0 = Release|Any CPU
		{B4C6AD4A-DA91-4171-90D8-0F46378EAEBE}.Release|x86.ActiveCfg = Release|Any CPU
		{B4C6AD4A-DA91-4171-90D8-0F46378EAEBE}.Release|x86.Build.0 = Release|Any CPU
		{5466EA2B-2810-4E79-8DA4-BE580832B568}.Debug|Any CPU.ActiveCfg = Debug|Any CPU
		{5466EA2B-2810-4E79-8DA4-BE580832B568}.Debug|Any CPU.Build.0 = Debug|Any CPU
		{5466EA2B-2810-4E79-8DA4-BE580832B568}.Debug|ARM.ActiveCfg = Debug|Any CPU
		{5466EA2B-2810-4E79-8DA4-BE580832B568}.Debug|ARM.Build.0 = Debug|Any CPU
		{5466EA2B-2810-4E79-8DA4-BE580832B568}.Debug|iPhone.ActiveCfg = Debug|Any CPU
		{5466EA2B-2810-4E79-8DA4-BE580832B568}.Debug|iPhone.Build.0 = Debug|Any CPU
		{5466EA2B-2810-4E79-8DA4-BE580832B568}.Debug|iPhoneSimulator.ActiveCfg = Debug|Any CPU
		{5466EA2B-2810-4E79-8DA4-BE580832B568}.Debug|iPhoneSimulator.Build.0 = Debug|Any CPU
		{5466EA2B-2810-4E79-8DA4-BE580832B568}.Debug|x64.ActiveCfg = Debug|Any CPU
		{5466EA2B-2810-4E79-8DA4-BE580832B568}.Debug|x64.Build.0 = Debug|Any CPU
		{5466EA2B-2810-4E79-8DA4-BE580832B568}.Debug|x86.ActiveCfg = Debug|Any CPU
		{5466EA2B-2810-4E79-8DA4-BE580832B568}.Debug|x86.Build.0 = Debug|Any CPU
		{5466EA2B-2810-4E79-8DA4-BE580832B568}.Release|Any CPU.ActiveCfg = Release|Any CPU
		{5466EA2B-2810-4E79-8DA4-BE580832B568}.Release|Any CPU.Build.0 = Release|Any CPU
		{5466EA2B-2810-4E79-8DA4-BE580832B568}.Release|ARM.ActiveCfg = Release|Any CPU
		{5466EA2B-2810-4E79-8DA4-BE580832B568}.Release|ARM.Build.0 = Release|Any CPU
		{5466EA2B-2810-4E79-8DA4-BE580832B568}.Release|iPhone.ActiveCfg = Release|Any CPU
		{5466EA2B-2810-4E79-8DA4-BE580832B568}.Release|iPhone.Build.0 = Release|Any CPU
		{5466EA2B-2810-4E79-8DA4-BE580832B568}.Release|iPhoneSimulator.ActiveCfg = Release|Any CPU
		{5466EA2B-2810-4E79-8DA4-BE580832B568}.Release|iPhoneSimulator.Build.0 = Release|Any CPU
		{5466EA2B-2810-4E79-8DA4-BE580832B568}.Release|x64.ActiveCfg = Release|Any CPU
		{5466EA2B-2810-4E79-8DA4-BE580832B568}.Release|x64.Build.0 = Release|Any CPU
		{5466EA2B-2810-4E79-8DA4-BE580832B568}.Release|x86.ActiveCfg = Release|Any CPU
		{5466EA2B-2810-4E79-8DA4-BE580832B568}.Release|x86.Build.0 = Release|Any CPU
		{641367F9-5149-4E5D-9459-B19DAFC426A8}.Debug|Any CPU.ActiveCfg = Debug|Any CPU
		{641367F9-5149-4E5D-9459-B19DAFC426A8}.Debug|Any CPU.Build.0 = Debug|Any CPU
		{641367F9-5149-4E5D-9459-B19DAFC426A8}.Debug|ARM.ActiveCfg = Debug|Any CPU
		{641367F9-5149-4E5D-9459-B19DAFC426A8}.Debug|ARM.Build.0 = Debug|Any CPU
		{641367F9-5149-4E5D-9459-B19DAFC426A8}.Debug|iPhone.ActiveCfg = Debug|Any CPU
		{641367F9-5149-4E5D-9459-B19DAFC426A8}.Debug|iPhone.Build.0 = Debug|Any CPU
		{641367F9-5149-4E5D-9459-B19DAFC426A8}.Debug|iPhoneSimulator.ActiveCfg = Debug|Any CPU
		{641367F9-5149-4E5D-9459-B19DAFC426A8}.Debug|iPhoneSimulator.Build.0 = Debug|Any CPU
		{641367F9-5149-4E5D-9459-B19DAFC426A8}.Debug|x64.ActiveCfg = Debug|Any CPU
		{641367F9-5149-4E5D-9459-B19DAFC426A8}.Debug|x64.Build.0 = Debug|Any CPU
		{641367F9-5149-4E5D-9459-B19DAFC426A8}.Debug|x86.ActiveCfg = Debug|Any CPU
		{641367F9-5149-4E5D-9459-B19DAFC426A8}.Debug|x86.Build.0 = Debug|Any CPU
		{641367F9-5149-4E5D-9459-B19DAFC426A8}.Release|Any CPU.ActiveCfg = Release|Any CPU
		{641367F9-5149-4E5D-9459-B19DAFC426A8}.Release|Any CPU.Build.0 = Release|Any CPU
		{641367F9-5149-4E5D-9459-B19DAFC426A8}.Release|ARM.ActiveCfg = Release|Any CPU
		{641367F9-5149-4E5D-9459-B19DAFC426A8}.Release|ARM.Build.0 = Release|Any CPU
		{641367F9-5149-4E5D-9459-B19DAFC426A8}.Release|iPhone.ActiveCfg = Release|Any CPU
		{641367F9-5149-4E5D-9459-B19DAFC426A8}.Release|iPhone.Build.0 = Release|Any CPU
		{641367F9-5149-4E5D-9459-B19DAFC426A8}.Release|iPhoneSimulator.ActiveCfg = Release|Any CPU
		{641367F9-5149-4E5D-9459-B19DAFC426A8}.Release|iPhoneSimulator.Build.0 = Release|Any CPU
		{641367F9-5149-4E5D-9459-B19DAFC426A8}.Release|x64.ActiveCfg = Release|Any CPU
		{641367F9-5149-4E5D-9459-B19DAFC426A8}.Release|x64.Build.0 = Release|Any CPU
		{641367F9-5149-4E5D-9459-B19DAFC426A8}.Release|x86.ActiveCfg = Release|Any CPU
		{641367F9-5149-4E5D-9459-B19DAFC426A8}.Release|x86.Build.0 = Release|Any CPU
		{7EFF9E5C-5E74-469B-8DB7-C25C9AF0444E}.Debug|Any CPU.ActiveCfg = Debug|x86
		{7EFF9E5C-5E74-469B-8DB7-C25C9AF0444E}.Debug|ARM.ActiveCfg = Debug|ARM
		{7EFF9E5C-5E74-469B-8DB7-C25C9AF0444E}.Debug|ARM.Build.0 = Debug|ARM
		{7EFF9E5C-5E74-469B-8DB7-C25C9AF0444E}.Debug|ARM.Deploy.0 = Debug|ARM
		{7EFF9E5C-5E74-469B-8DB7-C25C9AF0444E}.Debug|iPhone.ActiveCfg = Debug|x86
		{7EFF9E5C-5E74-469B-8DB7-C25C9AF0444E}.Debug|iPhoneSimulator.ActiveCfg = Debug|x86
		{7EFF9E5C-5E74-469B-8DB7-C25C9AF0444E}.Debug|x64.ActiveCfg = Debug|x64
		{7EFF9E5C-5E74-469B-8DB7-C25C9AF0444E}.Debug|x64.Build.0 = Debug|x64
		{7EFF9E5C-5E74-469B-8DB7-C25C9AF0444E}.Debug|x64.Deploy.0 = Debug|x64
		{7EFF9E5C-5E74-469B-8DB7-C25C9AF0444E}.Debug|x86.ActiveCfg = Debug|x86
		{7EFF9E5C-5E74-469B-8DB7-C25C9AF0444E}.Debug|x86.Build.0 = Debug|x86
		{7EFF9E5C-5E74-469B-8DB7-C25C9AF0444E}.Debug|x86.Deploy.0 = Debug|x86
		{7EFF9E5C-5E74-469B-8DB7-C25C9AF0444E}.Release|Any CPU.ActiveCfg = Release|x86
		{7EFF9E5C-5E74-469B-8DB7-C25C9AF0444E}.Release|ARM.ActiveCfg = Release|ARM
		{7EFF9E5C-5E74-469B-8DB7-C25C9AF0444E}.Release|ARM.Build.0 = Release|ARM
		{7EFF9E5C-5E74-469B-8DB7-C25C9AF0444E}.Release|ARM.Deploy.0 = Release|ARM
		{7EFF9E5C-5E74-469B-8DB7-C25C9AF0444E}.Release|iPhone.ActiveCfg = Release|x86
		{7EFF9E5C-5E74-469B-8DB7-C25C9AF0444E}.Release|iPhoneSimulator.ActiveCfg = Release|x86
		{7EFF9E5C-5E74-469B-8DB7-C25C9AF0444E}.Release|x64.ActiveCfg = Release|x64
		{7EFF9E5C-5E74-469B-8DB7-C25C9AF0444E}.Release|x64.Build.0 = Release|x64
		{7EFF9E5C-5E74-469B-8DB7-C25C9AF0444E}.Release|x64.Deploy.0 = Release|x64
		{7EFF9E5C-5E74-469B-8DB7-C25C9AF0444E}.Release|x86.ActiveCfg = Release|x86
		{7EFF9E5C-5E74-469B-8DB7-C25C9AF0444E}.Release|x86.Build.0 = Release|x86
		{7EFF9E5C-5E74-469B-8DB7-C25C9AF0444E}.Release|x86.Deploy.0 = Release|x86
		{A9B5E8CA-E1B8-47E4-89D4-8A55327F4121}.Debug|Any CPU.ActiveCfg = Debug|Any CPU
		{A9B5E8CA-E1B8-47E4-89D4-8A55327F4121}.Debug|Any CPU.Build.0 = Debug|Any CPU
		{A9B5E8CA-E1B8-47E4-89D4-8A55327F4121}.Debug|ARM.ActiveCfg = Debug|Any CPU
		{A9B5E8CA-E1B8-47E4-89D4-8A55327F4121}.Debug|ARM.Build.0 = Debug|Any CPU
		{A9B5E8CA-E1B8-47E4-89D4-8A55327F4121}.Debug|iPhone.ActiveCfg = Debug|Any CPU
		{A9B5E8CA-E1B8-47E4-89D4-8A55327F4121}.Debug|iPhone.Build.0 = Debug|Any CPU
		{A9B5E8CA-E1B8-47E4-89D4-8A55327F4121}.Debug|iPhoneSimulator.ActiveCfg = Debug|Any CPU
		{A9B5E8CA-E1B8-47E4-89D4-8A55327F4121}.Debug|iPhoneSimulator.Build.0 = Debug|Any CPU
		{A9B5E8CA-E1B8-47E4-89D4-8A55327F4121}.Debug|x64.ActiveCfg = Debug|Any CPU
		{A9B5E8CA-E1B8-47E4-89D4-8A55327F4121}.Debug|x64.Build.0 = Debug|Any CPU
		{A9B5E8CA-E1B8-47E4-89D4-8A55327F4121}.Debug|x86.ActiveCfg = Debug|Any CPU
		{A9B5E8CA-E1B8-47E4-89D4-8A55327F4121}.Debug|x86.Build.0 = Debug|Any CPU
		{A9B5E8CA-E1B8-47E4-89D4-8A55327F4121}.Release|Any CPU.ActiveCfg = Release|Any CPU
		{A9B5E8CA-E1B8-47E4-89D4-8A55327F4121}.Release|Any CPU.Build.0 = Release|Any CPU
		{A9B5E8CA-E1B8-47E4-89D4-8A55327F4121}.Release|ARM.ActiveCfg = Release|Any CPU
		{A9B5E8CA-E1B8-47E4-89D4-8A55327F4121}.Release|ARM.Build.0 = Release|Any CPU
		{A9B5E8CA-E1B8-47E4-89D4-8A55327F4121}.Release|iPhone.ActiveCfg = Release|Any CPU
		{A9B5E8CA-E1B8-47E4-89D4-8A55327F4121}.Release|iPhone.Build.0 = Release|Any CPU
		{A9B5E8CA-E1B8-47E4-89D4-8A55327F4121}.Release|iPhoneSimulator.ActiveCfg = Release|Any CPU
		{A9B5E8CA-E1B8-47E4-89D4-8A55327F4121}.Release|iPhoneSimulator.Build.0 = Release|Any CPU
		{A9B5E8CA-E1B8-47E4-89D4-8A55327F4121}.Release|x64.ActiveCfg = Release|Any CPU
		{A9B5E8CA-E1B8-47E4-89D4-8A55327F4121}.Release|x64.Build.0 = Release|Any CPU
		{A9B5E8CA-E1B8-47E4-89D4-8A55327F4121}.Release|x86.ActiveCfg = Release|Any CPU
		{A9B5E8CA-E1B8-47E4-89D4-8A55327F4121}.Release|x86.Build.0 = Release|Any CPU
	EndGlobalSection
	GlobalSection(SolutionProperties) = preSolution
		HideSolutionNode = FALSE
	EndGlobalSection
	GlobalSection(NestedProjects) = preSolution
		{C0DB0E07-4FBC-44D1-8E84-A074497385C6} = {50F058DF-2B41-403C-BB73-8B4180D1CF39}
		{4FF9AAE6-210E-41F0-A5E1-8D7C4A864F51} = {D10BE048-9C20-4B8B-BE5B-48CC55F8BB07}
		{78799FCD-BE2E-4ECE-A52E-662846615B58} = {D10BE048-9C20-4B8B-BE5B-48CC55F8BB07}
		{9F4D5A18-5A85-4031-A73A-472BEF405A18} = {D10BE048-9C20-4B8B-BE5B-48CC55F8BB07}
		{45D3C3CB-E4B4-471D-BCD8-685D1BB80853} = {50F058DF-2B41-403C-BB73-8B4180D1CF39}
		{9322B1D0-B3F7-4D6A-9947-2FC11D3161A0} = {50F058DF-2B41-403C-BB73-8B4180D1CF39}
		{89FDB2A1-6FC0-4604-9AEB-8B8DD8A88DEC} = {50F058DF-2B41-403C-BB73-8B4180D1CF39}
		{1104E44A-93C2-4B01-9330-6555C08ABFC1} = {50F058DF-2B41-403C-BB73-8B4180D1CF39}
		{CC933D98-B002-4306-89C4-B1905658D9DE} = {D10BE048-9C20-4B8B-BE5B-48CC55F8BB07}
		{2AC1DA0E-2B6E-4DBA-A73F-6784BA0A7DB4} = {50F058DF-2B41-403C-BB73-8B4180D1CF39}
		{7174D68E-E76D-4A4F-9F9A-601F5FB2DB65} = {4FF9AAE6-210E-41F0-A5E1-8D7C4A864F51}
		{C04E5F74-83F0-4A2F-981D-A3442B083F40} = {4FF9AAE6-210E-41F0-A5E1-8D7C4A864F51}
		{FAD8E779-25DD-4AF1-BEB0-4B8D9696ACAD} = {4FF9AAE6-210E-41F0-A5E1-8D7C4A864F51}
		{218C6795-AA18-4861-8613-D022C0C53628} = {4FF9AAE6-210E-41F0-A5E1-8D7C4A864F51}
		{90616AF5-9024-4054-B40B-9A82F8F4DC83} = {9F4D5A18-5A85-4031-A73A-472BEF405A18}
		{BECF4F60-9741-49A6-BD79-D59664C2682E} = {9F4D5A18-5A85-4031-A73A-472BEF405A18}
		{907F4283-1EA9-41FE-B482-9BD2A72F0850} = {9F4D5A18-5A85-4031-A73A-472BEF405A18}
		{CE887906-33F1-4B47-8E8F-C6A7A60D1372} = {9F4D5A18-5A85-4031-A73A-472BEF405A18}
		{12EFED5B-E168-401E-9BCB-4FBB928720AB} = {D10BE048-9C20-4B8B-BE5B-48CC55F8BB07}
		{B4C6AD4A-DA91-4171-90D8-0F46378EAEBE} = {D10BE048-9C20-4B8B-BE5B-48CC55F8BB07}
		{5466EA2B-2810-4E79-8DA4-BE580832B568} = {CC933D98-B002-4306-89C4-B1905658D9DE}
		{641367F9-5149-4E5D-9459-B19DAFC426A8} = {CC933D98-B002-4306-89C4-B1905658D9DE}
		{7EFF9E5C-5E74-469B-8DB7-C25C9AF0444E} = {D10BE048-9C20-4B8B-BE5B-48CC55F8BB07}
		{A9B5E8CA-E1B8-47E4-89D4-8A55327F4121} = {A25317DE-BB3A-47CC-8E65-F96C9B6AD984}
	EndGlobalSection
	GlobalSection(ExtensibilityGlobals) = postSolution
		SolutionGuid = {BE5E0028-B74D-4BE1-B1DA-5FFCC8469C41}
	EndGlobalSection
	GlobalSection(SharedMSBuildProjectFiles) = preSolution
		Realm\Realm.Weaver\Realm.Weaver.projitems*{2ac1da0e-2b6e-4dba-a73f-6784ba0a7db4}*SharedItemsImports = 5
		Realm\Realm.Weaver\Realm.Weaver.projitems*{89fdb2a1-6fc0-4604-9aeb-8b8dd8a88dec}*SharedItemsImports = 13
		Realm\Realm.Weaver\Realm.Weaver.projitems*{9322b1d0-b3f7-4d6a-9947-2fc11d3161a0}*SharedItemsImports = 5
	EndGlobalSection
EndGlobal
