
Microsoft Visual Studio Solution File, Format Version 12.00
# Visual Studio 14
VisualStudioVersion = 14.0.25420.1
MinimumVisualStudioVersion = 10.0.40219.1
Project("{D954291E-2A0B-460D-934E-DC6B0785DB48}") = "Realm.Shared", "Realm.Shared\Realm.Shared.shproj", "{826C8753-5C4A-4E95-B483-179B9892C008}"
EndProject
Project("{2150E333-8FDC-42A3-9474-1A3956D46DE8}") = "Tests", "Tests", "{9F639E1B-3A3A-4AD0-B9B4-5B4B9A93A603}"
EndProject
Project("{D954291E-2A0B-460D-934E-DC6B0785DB48}") = "IntegrationTests.Shared", "Tests\IntegrationTests.Shared\IntegrationTests.Shared.shproj", "{06146619-D21C-414C-BFE3-2F59ACBA412E}"
EndProject
Project("{FAE04EC0-301F-11D3-BF4B-00C04F79EFBC}") = "IntegrationTests.Win32", "Tests\IntegrationTests.Win32\IntegrationTests.Win32.csproj", "{BFC1C1B7-2864-4456-9DEC-309A3F006B66}"
EndProject
Project("{FAE04EC0-301F-11D3-BF4B-00C04F79EFBC}") = "IntegrationTests.XamarinIOS", "Tests\IntegrationTests.XamarinIOS\IntegrationTests.XamarinIOS.csproj", "{B9450AD4-E48B-479B-98BA-4563B32E278A}"
EndProject
Project("{FAE04EC0-301F-11D3-BF4B-00C04F79EFBC}") = "IntegrationTests.XamarinAndroid", "Tests\IntegrationTests.XamarinAndroid\IntegrationTests.XamarinAndroid.csproj", "{ED17479C-2CFE-4E6D-A592-82C491FFBE4E}"
EndProject
Project("{2150E333-8FDC-42A3-9474-1A3956D46DE8}") = "WeaverTests", "WeaverTests", "{64B2E00E-D5D7-474B-9947-6ABC51070E7B}"
EndProject
Project("{FAE04EC0-301F-11D3-BF4B-00C04F79EFBC}") = "RealmWeaver.Tests", "Tests\WeaverTests\RealmWeaver.Tests\RealmWeaver.Tests.csproj", "{C0DB15DA-0C51-408D-A386-A69880083B93}"
	ProjectSection(ProjectDependencies) = postProject
		{E97E649F-B703-47E3-B18A-0871D3498742} = {E97E649F-B703-47E3-B18A-0871D3498742}
	EndProjectSection
EndProject
Project("{FAE04EC0-301F-11D3-BF4B-00C04F79EFBC}") = "AssemblyToProcess", "Tests\WeaverTests\AssemblyToProcess\AssemblyToProcess.csproj", "{E97E649F-B703-47E3-B18A-0871D3498742}"
EndProject
Project("{FAE04EC0-301F-11D3-BF4B-00C04F79EFBC}") = "Realm.Win32", "Realm.Win32\Realm.Win32.csproj", "{C211EDE7-CC8E-4F53-A9DF-0B105A350BBF}"
EndProject
Project("{FAE04EC0-301F-11D3-BF4B-00C04F79EFBC}") = "Realm.XamarinIOS", "Realm.XamarinIOS\Realm.XamarinIOS.csproj", "{A55BD773-5A29-4B2A-9DB7-1AB1DD38B537}"
EndProject
Project("{FAE04EC0-301F-11D3-BF4B-00C04F79EFBC}") = "Realm.XamarinAndroid", "Realm.XamarinAndroid\Realm.XamarinAndroid.csproj", "{2379D669-4F4B-4FF6-AF8A-49FEA981EFC3}"
EndProject
Project("{FAE04EC0-301F-11D3-BF4B-00C04F79EFBC}") = "RealmWeaver.Fody", "RealmWeaver\RealmWeaver.Fody.csproj", "{C3578A7B-09A6-4444-9383-0DEAFA4958BD}"
EndProject
Project("{FAE04EC0-301F-11D3-BF4B-00C04F79EFBC}") = "Realm.PCL", "Realm.PCL\Realm.PCL.csproj", "{261C8EB6-9508-4D6A-9BED-39A544AA2736}"
EndProject
Project("{8BC9CEB8-8B4A-11D0-8D11-00A0C91BC942}") = "wrappers", "wrappers\wrappers.vcxproj", "{A1E763AD-24B9-4D6B-AACA-282BB33E350F}"
EndProject
Project("{FAE04EC0-301F-11D3-BF4B-00C04F79EFBC}") = "PCLAssemblyToProcess", "Tests\WeaverTests\PCLAssemblyToProcess\PCLAssemblyToProcess.csproj", "{F65E66C8-A3A0-40DC-AEE4-1BFF3174B9E7}"
EndProject
Project("{FAE04EC0-301F-11D3-BF4B-00C04F79EFBC}") = "Realm.FakeForWeaverTests", "Tests\WeaverTests\Realm.FakeForWeaverTests\Realm.FakeForWeaverTests.csproj", "{A80A308A-3AFF-43F8-9186-383AAF148CA4}"
EndProject
Project("{FAE04EC0-301F-11D3-BF4B-00C04F79EFBC}") = "PurePCLBuildableTest", "Tests\PurePCLBuildableTest\PurePCLBuildableTest.csproj", "{C33439AD-387D-4F86-9DB8-9D4B48EC6750}"
EndProject
Global
	GlobalSection(SharedMSBuildProjectFiles) = preSolution
		Tests\IntegrationTests.Shared\IntegrationTests.Shared.projitems*{06146619-d21c-414c-bfe3-2f59acba412e}*SharedItemsImports = 13
		Realm.Shared\Realm.Shared.projitems*{2379d669-4f4b-4ff6-af8a-49fea981efc3}*SharedItemsImports = 4
		Realm.Shared\Realm.Shared.projitems*{826c8753-5c4a-4e95-b483-179b9892c008}*SharedItemsImports = 13
		Realm.Shared\Realm.Shared.projitems*{a55bd773-5a29-4b2a-9db7-1ab1dd38b537}*SharedItemsImports = 4
		Tests\IntegrationTests.Shared\IntegrationTests.Shared.projitems*{b9450ad4-e48b-479b-98ba-4563b32e278a}*SharedItemsImports = 4
		Tests\IntegrationTests.Shared\IntegrationTests.Shared.projitems*{bfc1c1b7-2864-4456-9dec-309a3f006b66}*SharedItemsImports = 4
		Realm.Shared\Realm.Shared.projitems*{c211ede7-cc8e-4f53-a9df-0b105a350bbf}*SharedItemsImports = 4
		Tests\IntegrationTests.Shared\IntegrationTests.Shared.projitems*{ed17479c-2cfe-4e6d-a592-82c491ffbe4e}*SharedItemsImports = 4
	EndGlobalSection
	GlobalSection(SolutionConfigurationPlatforms) = preSolution
		Debug|Any CPU = Debug|Any CPU
		Debug|ARM = Debug|ARM
		Debug|iPhone = Debug|iPhone
		Debug|iPhoneSimulator = Debug|iPhoneSimulator
		Debug|x64 = Debug|x64
		Debug|x86 = Debug|x86
		Release|Any CPU = Release|Any CPU
		Release|ARM = Release|ARM
		Release|iPhone = Release|iPhone
		Release|iPhoneSimulator = Release|iPhoneSimulator
		Release|x64 = Release|x64
		Release|x86 = Release|x86
	EndGlobalSection
	GlobalSection(ProjectConfigurationPlatforms) = postSolution
		{BFC1C1B7-2864-4456-9DEC-309A3F006B66}.Debug|Any CPU.ActiveCfg = Debug|x86
		{BFC1C1B7-2864-4456-9DEC-309A3F006B66}.Debug|ARM.ActiveCfg = Debug|x86
		{BFC1C1B7-2864-4456-9DEC-309A3F006B66}.Debug|iPhone.ActiveCfg = Debug|x86
		{BFC1C1B7-2864-4456-9DEC-309A3F006B66}.Debug|iPhoneSimulator.ActiveCfg = Debug|x86
		{BFC1C1B7-2864-4456-9DEC-309A3F006B66}.Debug|x64.ActiveCfg = Debug|x64
		{BFC1C1B7-2864-4456-9DEC-309A3F006B66}.Debug|x64.Build.0 = Debug|x64
		{BFC1C1B7-2864-4456-9DEC-309A3F006B66}.Debug|x86.ActiveCfg = Debug|x86
		{BFC1C1B7-2864-4456-9DEC-309A3F006B66}.Debug|x86.Build.0 = Debug|x86
		{BFC1C1B7-2864-4456-9DEC-309A3F006B66}.Release|Any CPU.ActiveCfg = Release|x86
		{BFC1C1B7-2864-4456-9DEC-309A3F006B66}.Release|ARM.ActiveCfg = Release|x86
		{BFC1C1B7-2864-4456-9DEC-309A3F006B66}.Release|iPhone.ActiveCfg = Release|x86
		{BFC1C1B7-2864-4456-9DEC-309A3F006B66}.Release|iPhoneSimulator.ActiveCfg = Release|x86
		{BFC1C1B7-2864-4456-9DEC-309A3F006B66}.Release|x64.ActiveCfg = Release|x64
		{BFC1C1B7-2864-4456-9DEC-309A3F006B66}.Release|x64.Build.0 = Release|x64
		{BFC1C1B7-2864-4456-9DEC-309A3F006B66}.Release|x86.ActiveCfg = Release|x86
		{BFC1C1B7-2864-4456-9DEC-309A3F006B66}.Release|x86.Build.0 = Release|x86
		{B9450AD4-E48B-479B-98BA-4563B32E278A}.Debug|Any CPU.ActiveCfg = Debug|iPhone
		{B9450AD4-E48B-479B-98BA-4563B32E278A}.Debug|ARM.ActiveCfg = Debug|iPhoneSimulator
		{B9450AD4-E48B-479B-98BA-4563B32E278A}.Debug|iPhone.ActiveCfg = Debug|iPhone
		{B9450AD4-E48B-479B-98BA-4563B32E278A}.Debug|iPhone.Build.0 = Debug|iPhone
		{B9450AD4-E48B-479B-98BA-4563B32E278A}.Debug|iPhoneSimulator.ActiveCfg = Debug|iPhoneSimulator
		{B9450AD4-E48B-479B-98BA-4563B32E278A}.Debug|iPhoneSimulator.Build.0 = Debug|iPhoneSimulator
		{B9450AD4-E48B-479B-98BA-4563B32E278A}.Debug|x64.ActiveCfg = Debug|iPhone
		{B9450AD4-E48B-479B-98BA-4563B32E278A}.Debug|x86.ActiveCfg = Debug|iPhone
		{B9450AD4-E48B-479B-98BA-4563B32E278A}.Release|Any CPU.ActiveCfg = Release|iPhone
		{B9450AD4-E48B-479B-98BA-4563B32E278A}.Release|ARM.ActiveCfg = Release|iPhoneSimulator
		{B9450AD4-E48B-479B-98BA-4563B32E278A}.Release|iPhone.ActiveCfg = Release|iPhone
		{B9450AD4-E48B-479B-98BA-4563B32E278A}.Release|iPhone.Build.0 = Release|iPhone
		{B9450AD4-E48B-479B-98BA-4563B32E278A}.Release|iPhoneSimulator.ActiveCfg = Release|iPhoneSimulator
		{B9450AD4-E48B-479B-98BA-4563B32E278A}.Release|iPhoneSimulator.Build.0 = Release|iPhoneSimulator
		{B9450AD4-E48B-479B-98BA-4563B32E278A}.Release|x64.ActiveCfg = Release|iPhone
		{B9450AD4-E48B-479B-98BA-4563B32E278A}.Release|x86.ActiveCfg = Release|iPhone
		{ED17479C-2CFE-4E6D-A592-82C491FFBE4E}.Debug|Any CPU.ActiveCfg = Debug|Any CPU
		{ED17479C-2CFE-4E6D-A592-82C491FFBE4E}.Debug|Any CPU.Build.0 = Debug|Any CPU
		{ED17479C-2CFE-4E6D-A592-82C491FFBE4E}.Debug|ARM.ActiveCfg = Debug|Any CPU
		{ED17479C-2CFE-4E6D-A592-82C491FFBE4E}.Debug|ARM.Build.0 = Debug|Any CPU
		{ED17479C-2CFE-4E6D-A592-82C491FFBE4E}.Debug|iPhone.ActiveCfg = Debug|Any CPU
		{ED17479C-2CFE-4E6D-A592-82C491FFBE4E}.Debug|iPhone.Build.0 = Debug|Any CPU
		{ED17479C-2CFE-4E6D-A592-82C491FFBE4E}.Debug|iPhoneSimulator.ActiveCfg = Debug|Any CPU
		{ED17479C-2CFE-4E6D-A592-82C491FFBE4E}.Debug|iPhoneSimulator.Build.0 = Debug|Any CPU
		{ED17479C-2CFE-4E6D-A592-82C491FFBE4E}.Debug|x64.ActiveCfg = Debug|Any CPU
		{ED17479C-2CFE-4E6D-A592-82C491FFBE4E}.Debug|x64.Build.0 = Debug|Any CPU
		{ED17479C-2CFE-4E6D-A592-82C491FFBE4E}.Debug|x86.ActiveCfg = Debug|Any CPU
		{ED17479C-2CFE-4E6D-A592-82C491FFBE4E}.Debug|x86.Build.0 = Debug|Any CPU
		{ED17479C-2CFE-4E6D-A592-82C491FFBE4E}.Release|Any CPU.ActiveCfg = Release|Any CPU
		{ED17479C-2CFE-4E6D-A592-82C491FFBE4E}.Release|Any CPU.Build.0 = Release|Any CPU
		{ED17479C-2CFE-4E6D-A592-82C491FFBE4E}.Release|ARM.ActiveCfg = Release|Any CPU
		{ED17479C-2CFE-4E6D-A592-82C491FFBE4E}.Release|ARM.Build.0 = Release|Any CPU
		{ED17479C-2CFE-4E6D-A592-82C491FFBE4E}.Release|iPhone.ActiveCfg = Release|Any CPU
		{ED17479C-2CFE-4E6D-A592-82C491FFBE4E}.Release|iPhone.Build.0 = Release|Any CPU
		{ED17479C-2CFE-4E6D-A592-82C491FFBE4E}.Release|iPhoneSimulator.ActiveCfg = Release|Any CPU
		{ED17479C-2CFE-4E6D-A592-82C491FFBE4E}.Release|iPhoneSimulator.Build.0 = Release|Any CPU
		{ED17479C-2CFE-4E6D-A592-82C491FFBE4E}.Release|x64.ActiveCfg = Release|Any CPU
		{ED17479C-2CFE-4E6D-A592-82C491FFBE4E}.Release|x64.Build.0 = Release|Any CPU
		{ED17479C-2CFE-4E6D-A592-82C491FFBE4E}.Release|x86.ActiveCfg = Release|Any CPU
		{ED17479C-2CFE-4E6D-A592-82C491FFBE4E}.Release|x86.Build.0 = Release|Any CPU
		{C0DB15DA-0C51-408D-A386-A69880083B93}.Debug|Any CPU.ActiveCfg = Debug|Any CPU
		{C0DB15DA-0C51-408D-A386-A69880083B93}.Debug|Any CPU.Build.0 = Debug|Any CPU
		{C0DB15DA-0C51-408D-A386-A69880083B93}.Debug|ARM.ActiveCfg = Debug|Any CPU
		{C0DB15DA-0C51-408D-A386-A69880083B93}.Debug|ARM.Build.0 = Debug|Any CPU
		{C0DB15DA-0C51-408D-A386-A69880083B93}.Debug|iPhone.ActiveCfg = Debug|Any CPU
		{C0DB15DA-0C51-408D-A386-A69880083B93}.Debug|iPhone.Build.0 = Debug|Any CPU
		{C0DB15DA-0C51-408D-A386-A69880083B93}.Debug|iPhoneSimulator.ActiveCfg = Debug|Any CPU
		{C0DB15DA-0C51-408D-A386-A69880083B93}.Debug|iPhoneSimulator.Build.0 = Debug|Any CPU
		{C0DB15DA-0C51-408D-A386-A69880083B93}.Debug|x64.ActiveCfg = Debug|Any CPU
		{C0DB15DA-0C51-408D-A386-A69880083B93}.Debug|x64.Build.0 = Debug|Any CPU
		{C0DB15DA-0C51-408D-A386-A69880083B93}.Debug|x86.ActiveCfg = Debug|Any CPU
		{C0DB15DA-0C51-408D-A386-A69880083B93}.Debug|x86.Build.0 = Debug|Any CPU
		{C0DB15DA-0C51-408D-A386-A69880083B93}.Release|Any CPU.ActiveCfg = Release|Any CPU
		{C0DB15DA-0C51-408D-A386-A69880083B93}.Release|Any CPU.Build.0 = Release|Any CPU
		{C0DB15DA-0C51-408D-A386-A69880083B93}.Release|ARM.ActiveCfg = Release|Any CPU
		{C0DB15DA-0C51-408D-A386-A69880083B93}.Release|ARM.Build.0 = Release|Any CPU
		{C0DB15DA-0C51-408D-A386-A69880083B93}.Release|iPhone.ActiveCfg = Release|Any CPU
		{C0DB15DA-0C51-408D-A386-A69880083B93}.Release|iPhone.Build.0 = Release|Any CPU
		{C0DB15DA-0C51-408D-A386-A69880083B93}.Release|iPhoneSimulator.ActiveCfg = Release|Any CPU
		{C0DB15DA-0C51-408D-A386-A69880083B93}.Release|iPhoneSimulator.Build.0 = Release|Any CPU
		{C0DB15DA-0C51-408D-A386-A69880083B93}.Release|x64.ActiveCfg = Release|Any CPU
		{C0DB15DA-0C51-408D-A386-A69880083B93}.Release|x64.Build.0 = Release|Any CPU
		{C0DB15DA-0C51-408D-A386-A69880083B93}.Release|x86.ActiveCfg = Release|Any CPU
		{C0DB15DA-0C51-408D-A386-A69880083B93}.Release|x86.Build.0 = Release|Any CPU
		{E97E649F-B703-47E3-B18A-0871D3498742}.Debug|Any CPU.ActiveCfg = Debug|Any CPU
		{E97E649F-B703-47E3-B18A-0871D3498742}.Debug|Any CPU.Build.0 = Debug|Any CPU
		{E97E649F-B703-47E3-B18A-0871D3498742}.Debug|ARM.ActiveCfg = Debug|Any CPU
		{E97E649F-B703-47E3-B18A-0871D3498742}.Debug|ARM.Build.0 = Debug|Any CPU
		{E97E649F-B703-47E3-B18A-0871D3498742}.Debug|iPhone.ActiveCfg = Debug|Any CPU
		{E97E649F-B703-47E3-B18A-0871D3498742}.Debug|iPhone.Build.0 = Debug|Any CPU
		{E97E649F-B703-47E3-B18A-0871D3498742}.Debug|iPhoneSimulator.ActiveCfg = Debug|Any CPU
		{E97E649F-B703-47E3-B18A-0871D3498742}.Debug|iPhoneSimulator.Build.0 = Debug|Any CPU
		{E97E649F-B703-47E3-B18A-0871D3498742}.Debug|x64.ActiveCfg = Debug|Any CPU
		{E97E649F-B703-47E3-B18A-0871D3498742}.Debug|x64.Build.0 = Debug|Any CPU
		{E97E649F-B703-47E3-B18A-0871D3498742}.Debug|x86.ActiveCfg = Debug|Any CPU
		{E97E649F-B703-47E3-B18A-0871D3498742}.Debug|x86.Build.0 = Debug|Any CPU
		{E97E649F-B703-47E3-B18A-0871D3498742}.Release|Any CPU.ActiveCfg = Release|Any CPU
		{E97E649F-B703-47E3-B18A-0871D3498742}.Release|Any CPU.Build.0 = Release|Any CPU
		{E97E649F-B703-47E3-B18A-0871D3498742}.Release|ARM.ActiveCfg = Release|Any CPU
		{E97E649F-B703-47E3-B18A-0871D3498742}.Release|ARM.Build.0 = Release|Any CPU
		{E97E649F-B703-47E3-B18A-0871D3498742}.Release|iPhone.ActiveCfg = Release|Any CPU
		{E97E649F-B703-47E3-B18A-0871D3498742}.Release|iPhone.Build.0 = Release|Any CPU
		{E97E649F-B703-47E3-B18A-0871D3498742}.Release|iPhoneSimulator.ActiveCfg = Release|Any CPU
		{E97E649F-B703-47E3-B18A-0871D3498742}.Release|iPhoneSimulator.Build.0 = Release|Any CPU
		{E97E649F-B703-47E3-B18A-0871D3498742}.Release|x64.ActiveCfg = Release|Any CPU
		{E97E649F-B703-47E3-B18A-0871D3498742}.Release|x64.Build.0 = Release|Any CPU
		{E97E649F-B703-47E3-B18A-0871D3498742}.Release|x86.ActiveCfg = Release|Any CPU
		{E97E649F-B703-47E3-B18A-0871D3498742}.Release|x86.Build.0 = Release|Any CPU
		{C211EDE7-CC8E-4F53-A9DF-0B105A350BBF}.Debug|Any CPU.ActiveCfg = Debug|x86
		{C211EDE7-CC8E-4F53-A9DF-0B105A350BBF}.Debug|ARM.ActiveCfg = Debug|x86
		{C211EDE7-CC8E-4F53-A9DF-0B105A350BBF}.Debug|iPhone.ActiveCfg = Debug|x86
		{C211EDE7-CC8E-4F53-A9DF-0B105A350BBF}.Debug|iPhoneSimulator.ActiveCfg = Debug|x86
		{C211EDE7-CC8E-4F53-A9DF-0B105A350BBF}.Debug|x64.ActiveCfg = Debug|x64
		{C211EDE7-CC8E-4F53-A9DF-0B105A350BBF}.Debug|x64.Build.0 = Debug|x64
		{C211EDE7-CC8E-4F53-A9DF-0B105A350BBF}.Debug|x86.ActiveCfg = Debug|x86
		{C211EDE7-CC8E-4F53-A9DF-0B105A350BBF}.Debug|x86.Build.0 = Debug|x86
		{C211EDE7-CC8E-4F53-A9DF-0B105A350BBF}.Release|Any CPU.ActiveCfg = Release|x86
		{C211EDE7-CC8E-4F53-A9DF-0B105A350BBF}.Release|ARM.ActiveCfg = Release|x86
		{C211EDE7-CC8E-4F53-A9DF-0B105A350BBF}.Release|iPhone.ActiveCfg = Release|x86
		{C211EDE7-CC8E-4F53-A9DF-0B105A350BBF}.Release|iPhoneSimulator.ActiveCfg = Release|x86
		{C211EDE7-CC8E-4F53-A9DF-0B105A350BBF}.Release|x64.ActiveCfg = Release|x64
		{C211EDE7-CC8E-4F53-A9DF-0B105A350BBF}.Release|x64.Build.0 = Release|x64
		{C211EDE7-CC8E-4F53-A9DF-0B105A350BBF}.Release|x86.ActiveCfg = Release|x86
		{C211EDE7-CC8E-4F53-A9DF-0B105A350BBF}.Release|x86.Build.0 = Release|x86
		{A55BD773-5A29-4B2A-9DB7-1AB1DD38B537}.Debug|Any CPU.ActiveCfg = Debug|iPhone
		{A55BD773-5A29-4B2A-9DB7-1AB1DD38B537}.Debug|ARM.ActiveCfg = Debug|iPhoneSimulator
		{A55BD773-5A29-4B2A-9DB7-1AB1DD38B537}.Debug|iPhone.ActiveCfg = Debug|iPhone
		{A55BD773-5A29-4B2A-9DB7-1AB1DD38B537}.Debug|iPhone.Build.0 = Debug|iPhone
		{A55BD773-5A29-4B2A-9DB7-1AB1DD38B537}.Debug|iPhoneSimulator.ActiveCfg = Debug|iPhoneSimulator
		{A55BD773-5A29-4B2A-9DB7-1AB1DD38B537}.Debug|iPhoneSimulator.Build.0 = Debug|iPhoneSimulator
		{A55BD773-5A29-4B2A-9DB7-1AB1DD38B537}.Debug|x64.ActiveCfg = Debug|iPhone
		{A55BD773-5A29-4B2A-9DB7-1AB1DD38B537}.Debug|x86.ActiveCfg = Debug|iPhone
		{A55BD773-5A29-4B2A-9DB7-1AB1DD38B537}.Release|Any CPU.ActiveCfg = Release|iPhone
		{A55BD773-5A29-4B2A-9DB7-1AB1DD38B537}.Release|ARM.ActiveCfg = Release|iPhoneSimulator
		{A55BD773-5A29-4B2A-9DB7-1AB1DD38B537}.Release|iPhone.ActiveCfg = Release|iPhone
		{A55BD773-5A29-4B2A-9DB7-1AB1DD38B537}.Release|iPhone.Build.0 = Release|iPhone
		{A55BD773-5A29-4B2A-9DB7-1AB1DD38B537}.Release|iPhoneSimulator.ActiveCfg = Release|iPhoneSimulator
		{A55BD773-5A29-4B2A-9DB7-1AB1DD38B537}.Release|iPhoneSimulator.Build.0 = Release|iPhoneSimulator
		{A55BD773-5A29-4B2A-9DB7-1AB1DD38B537}.Release|x64.ActiveCfg = Release|iPhone
		{A55BD773-5A29-4B2A-9DB7-1AB1DD38B537}.Release|x86.ActiveCfg = Release|iPhone
		{2379D669-4F4B-4FF6-AF8A-49FEA981EFC3}.Debug|Any CPU.ActiveCfg = Debug|ARM
		{2379D669-4F4B-4FF6-AF8A-49FEA981EFC3}.Debug|ARM.ActiveCfg = Debug|ARM
		{2379D669-4F4B-4FF6-AF8A-49FEA981EFC3}.Debug|ARM.Build.0 = Debug|ARM
		{2379D669-4F4B-4FF6-AF8A-49FEA981EFC3}.Debug|iPhone.ActiveCfg = Debug|ARM
		{2379D669-4F4B-4FF6-AF8A-49FEA981EFC3}.Debug|iPhoneSimulator.ActiveCfg = Debug|ARM
		{2379D669-4F4B-4FF6-AF8A-49FEA981EFC3}.Debug|x64.ActiveCfg = Debug|ARM
		{2379D669-4F4B-4FF6-AF8A-49FEA981EFC3}.Debug|x86.ActiveCfg = Debug|ARM
		{2379D669-4F4B-4FF6-AF8A-49FEA981EFC3}.Release|Any CPU.ActiveCfg = Release|ARM
		{2379D669-4F4B-4FF6-AF8A-49FEA981EFC3}.Release|ARM.ActiveCfg = Release|ARM
		{2379D669-4F4B-4FF6-AF8A-49FEA981EFC3}.Release|ARM.Build.0 = Release|ARM
		{2379D669-4F4B-4FF6-AF8A-49FEA981EFC3}.Release|iPhone.ActiveCfg = Release|ARM
		{2379D669-4F4B-4FF6-AF8A-49FEA981EFC3}.Release|iPhoneSimulator.ActiveCfg = Release|ARM
		{2379D669-4F4B-4FF6-AF8A-49FEA981EFC3}.Release|x64.ActiveCfg = Release|ARM
		{2379D669-4F4B-4FF6-AF8A-49FEA981EFC3}.Release|x86.ActiveCfg = Release|ARM
		{C3578A7B-09A6-4444-9383-0DEAFA4958BD}.Debug|Any CPU.ActiveCfg = Debug|Any CPU
		{C3578A7B-09A6-4444-9383-0DEAFA4958BD}.Debug|Any CPU.Build.0 = Debug|Any CPU
		{C3578A7B-09A6-4444-9383-0DEAFA4958BD}.Debug|ARM.ActiveCfg = Debug|Any CPU
		{C3578A7B-09A6-4444-9383-0DEAFA4958BD}.Debug|ARM.Build.0 = Debug|Any CPU
		{C3578A7B-09A6-4444-9383-0DEAFA4958BD}.Debug|iPhone.ActiveCfg = Debug|Any CPU
		{C3578A7B-09A6-4444-9383-0DEAFA4958BD}.Debug|iPhone.Build.0 = Debug|Any CPU
		{C3578A7B-09A6-4444-9383-0DEAFA4958BD}.Debug|iPhoneSimulator.ActiveCfg = Debug|Any CPU
		{C3578A7B-09A6-4444-9383-0DEAFA4958BD}.Debug|iPhoneSimulator.Build.0 = Debug|Any CPU
		{C3578A7B-09A6-4444-9383-0DEAFA4958BD}.Debug|x64.ActiveCfg = Debug|Any CPU
		{C3578A7B-09A6-4444-9383-0DEAFA4958BD}.Debug|x64.Build.0 = Debug|Any CPU
		{C3578A7B-09A6-4444-9383-0DEAFA4958BD}.Debug|x86.ActiveCfg = Debug|Any CPU
		{C3578A7B-09A6-4444-9383-0DEAFA4958BD}.Debug|x86.Build.0 = Debug|Any CPU
		{C3578A7B-09A6-4444-9383-0DEAFA4958BD}.Release|Any CPU.ActiveCfg = Release|Any CPU
		{C3578A7B-09A6-4444-9383-0DEAFA4958BD}.Release|Any CPU.Build.0 = Release|Any CPU
		{C3578A7B-09A6-4444-9383-0DEAFA4958BD}.Release|ARM.ActiveCfg = Release|Any CPU
		{C3578A7B-09A6-4444-9383-0DEAFA4958BD}.Release|ARM.Build.0 = Release|Any CPU
		{C3578A7B-09A6-4444-9383-0DEAFA4958BD}.Release|iPhone.ActiveCfg = Release|Any CPU
		{C3578A7B-09A6-4444-9383-0DEAFA4958BD}.Release|iPhone.Build.0 = Release|Any CPU
		{C3578A7B-09A6-4444-9383-0DEAFA4958BD}.Release|iPhoneSimulator.ActiveCfg = Release|Any CPU
		{C3578A7B-09A6-4444-9383-0DEAFA4958BD}.Release|iPhoneSimulator.Build.0 = Release|Any CPU
		{C3578A7B-09A6-4444-9383-0DEAFA4958BD}.Release|x64.ActiveCfg = Release|Any CPU
		{C3578A7B-09A6-4444-9383-0DEAFA4958BD}.Release|x64.Build.0 = Release|Any CPU
		{C3578A7B-09A6-4444-9383-0DEAFA4958BD}.Release|x86.ActiveCfg = Release|Any CPU
		{C3578A7B-09A6-4444-9383-0DEAFA4958BD}.Release|x86.Build.0 = Release|Any CPU
		{261C8EB6-9508-4D6A-9BED-39A544AA2736}.Debug|Any CPU.ActiveCfg = Debug|Any CPU
		{261C8EB6-9508-4D6A-9BED-39A544AA2736}.Debug|Any CPU.Build.0 = Debug|Any CPU
		{261C8EB6-9508-4D6A-9BED-39A544AA2736}.Debug|ARM.ActiveCfg = Debug|Any CPU
		{261C8EB6-9508-4D6A-9BED-39A544AA2736}.Debug|ARM.Build.0 = Debug|Any CPU
		{261C8EB6-9508-4D6A-9BED-39A544AA2736}.Debug|iPhone.ActiveCfg = Debug|Any CPU
		{261C8EB6-9508-4D6A-9BED-39A544AA2736}.Debug|iPhone.Build.0 = Debug|Any CPU
		{261C8EB6-9508-4D6A-9BED-39A544AA2736}.Debug|iPhoneSimulator.ActiveCfg = Debug|Any CPU
		{261C8EB6-9508-4D6A-9BED-39A544AA2736}.Debug|iPhoneSimulator.Build.0 = Debug|Any CPU
		{261C8EB6-9508-4D6A-9BED-39A544AA2736}.Debug|x64.ActiveCfg = Debug|Any CPU
		{261C8EB6-9508-4D6A-9BED-39A544AA2736}.Debug|x64.Build.0 = Debug|Any CPU
		{261C8EB6-9508-4D6A-9BED-39A544AA2736}.Debug|x86.ActiveCfg = Debug|Any CPU
		{261C8EB6-9508-4D6A-9BED-39A544AA2736}.Debug|x86.Build.0 = Debug|Any CPU
		{261C8EB6-9508-4D6A-9BED-39A544AA2736}.Release|Any CPU.ActiveCfg = Release|Any CPU
		{261C8EB6-9508-4D6A-9BED-39A544AA2736}.Release|Any CPU.Build.0 = Release|Any CPU
		{261C8EB6-9508-4D6A-9BED-39A544AA2736}.Release|ARM.ActiveCfg = Release|Any CPU
		{261C8EB6-9508-4D6A-9BED-39A544AA2736}.Release|ARM.Build.0 = Release|Any CPU
		{261C8EB6-9508-4D6A-9BED-39A544AA2736}.Release|iPhone.ActiveCfg = Release|Any CPU
		{261C8EB6-9508-4D6A-9BED-39A544AA2736}.Release|iPhone.Build.0 = Release|Any CPU
		{261C8EB6-9508-4D6A-9BED-39A544AA2736}.Release|iPhoneSimulator.ActiveCfg = Release|Any CPU
		{261C8EB6-9508-4D6A-9BED-39A544AA2736}.Release|iPhoneSimulator.Build.0 = Release|Any CPU
		{261C8EB6-9508-4D6A-9BED-39A544AA2736}.Release|x64.ActiveCfg = Release|Any CPU
		{261C8EB6-9508-4D6A-9BED-39A544AA2736}.Release|x64.Build.0 = Release|Any CPU
		{261C8EB6-9508-4D6A-9BED-39A544AA2736}.Release|x86.ActiveCfg = Release|Any CPU
		{261C8EB6-9508-4D6A-9BED-39A544AA2736}.Release|x86.Build.0 = Release|Any CPU
		{A1E763AD-24B9-4D6B-AACA-282BB33E350F}.Debug|Any CPU.ActiveCfg = Debug|Win32
		{A1E763AD-24B9-4D6B-AACA-282BB33E350F}.Debug|ARM.ActiveCfg = Debug|Win32
		{A1E763AD-24B9-4D6B-AACA-282BB33E350F}.Debug|iPhone.ActiveCfg = Debug|Win32
		{A1E763AD-24B9-4D6B-AACA-282BB33E350F}.Debug|iPhoneSimulator.ActiveCfg = Debug|Win32
		{A1E763AD-24B9-4D6B-AACA-282BB33E350F}.Debug|x64.ActiveCfg = Debug|x64
		{A1E763AD-24B9-4D6B-AACA-282BB33E350F}.Debug|x64.Build.0 = Debug|x64
		{A1E763AD-24B9-4D6B-AACA-282BB33E350F}.Debug|x86.ActiveCfg = Debug|Win32
		{A1E763AD-24B9-4D6B-AACA-282BB33E350F}.Debug|x86.Build.0 = Debug|Win32
		{A1E763AD-24B9-4D6B-AACA-282BB33E350F}.Release|Any CPU.ActiveCfg = Release|Win32
		{A1E763AD-24B9-4D6B-AACA-282BB33E350F}.Release|ARM.ActiveCfg = Release|Win32
		{A1E763AD-24B9-4D6B-AACA-282BB33E350F}.Release|iPhone.ActiveCfg = Release|Win32
		{A1E763AD-24B9-4D6B-AACA-282BB33E350F}.Release|iPhoneSimulator.ActiveCfg = Release|Win32
		{A1E763AD-24B9-4D6B-AACA-282BB33E350F}.Release|x64.ActiveCfg = Release|x64
		{A1E763AD-24B9-4D6B-AACA-282BB33E350F}.Release|x64.Build.0 = Release|x64
		{A1E763AD-24B9-4D6B-AACA-282BB33E350F}.Release|x86.ActiveCfg = Release|Win32
		{A1E763AD-24B9-4D6B-AACA-282BB33E350F}.Release|x86.Build.0 = Release|Win32
		{F65E66C8-A3A0-40DC-AEE4-1BFF3174B9E7}.Debug|Any CPU.ActiveCfg = Debug|Any CPU
		{F65E66C8-A3A0-40DC-AEE4-1BFF3174B9E7}.Debug|Any CPU.Build.0 = Debug|Any CPU
		{F65E66C8-A3A0-40DC-AEE4-1BFF3174B9E7}.Debug|ARM.ActiveCfg = Debug|Any CPU
		{F65E66C8-A3A0-40DC-AEE4-1BFF3174B9E7}.Debug|ARM.Build.0 = Debug|Any CPU
		{F65E66C8-A3A0-40DC-AEE4-1BFF3174B9E7}.Debug|iPhone.ActiveCfg = Debug|Any CPU
		{F65E66C8-A3A0-40DC-AEE4-1BFF3174B9E7}.Debug|iPhone.Build.0 = Debug|Any CPU
		{F65E66C8-A3A0-40DC-AEE4-1BFF3174B9E7}.Debug|iPhoneSimulator.ActiveCfg = Debug|Any CPU
		{F65E66C8-A3A0-40DC-AEE4-1BFF3174B9E7}.Debug|iPhoneSimulator.Build.0 = Debug|Any CPU
		{F65E66C8-A3A0-40DC-AEE4-1BFF3174B9E7}.Debug|x64.ActiveCfg = Debug|Any CPU
		{F65E66C8-A3A0-40DC-AEE4-1BFF3174B9E7}.Debug|x64.Build.0 = Debug|Any CPU
		{F65E66C8-A3A0-40DC-AEE4-1BFF3174B9E7}.Debug|x86.ActiveCfg = Debug|Any CPU
		{F65E66C8-A3A0-40DC-AEE4-1BFF3174B9E7}.Debug|x86.Build.0 = Debug|Any CPU
		{F65E66C8-A3A0-40DC-AEE4-1BFF3174B9E7}.Release|Any CPU.ActiveCfg = Release|Any CPU
		{F65E66C8-A3A0-40DC-AEE4-1BFF3174B9E7}.Release|Any CPU.Build.0 = Release|Any CPU
		{F65E66C8-A3A0-40DC-AEE4-1BFF3174B9E7}.Release|ARM.ActiveCfg = Release|Any CPU
		{F65E66C8-A3A0-40DC-AEE4-1BFF3174B9E7}.Release|ARM.Build.0 = Release|Any CPU
		{F65E66C8-A3A0-40DC-AEE4-1BFF3174B9E7}.Release|iPhone.ActiveCfg = Release|Any CPU
		{F65E66C8-A3A0-40DC-AEE4-1BFF3174B9E7}.Release|iPhone.Build.0 = Release|Any CPU
		{F65E66C8-A3A0-40DC-AEE4-1BFF3174B9E7}.Release|iPhoneSimulator.ActiveCfg = Release|Any CPU
		{F65E66C8-A3A0-40DC-AEE4-1BFF3174B9E7}.Release|iPhoneSimulator.Build.0 = Release|Any CPU
		{F65E66C8-A3A0-40DC-AEE4-1BFF3174B9E7}.Release|x64.ActiveCfg = Release|Any CPU
		{F65E66C8-A3A0-40DC-AEE4-1BFF3174B9E7}.Release|x64.Build.0 = Release|Any CPU
		{F65E66C8-A3A0-40DC-AEE4-1BFF3174B9E7}.Release|x86.ActiveCfg = Release|Any CPU
		{F65E66C8-A3A0-40DC-AEE4-1BFF3174B9E7}.Release|x86.Build.0 = Release|Any CPU
		{A80A308A-3AFF-43F8-9186-383AAF148CA4}.Debug|Any CPU.ActiveCfg = Debug|Any CPU
		{A80A308A-3AFF-43F8-9186-383AAF148CA4}.Debug|Any CPU.Build.0 = Debug|Any CPU
		{A80A308A-3AFF-43F8-9186-383AAF148CA4}.Debug|ARM.ActiveCfg = Debug|Any CPU
		{A80A308A-3AFF-43F8-9186-383AAF148CA4}.Debug|ARM.Build.0 = Debug|Any CPU
		{A80A308A-3AFF-43F8-9186-383AAF148CA4}.Debug|iPhone.ActiveCfg = Debug|Any CPU
		{A80A308A-3AFF-43F8-9186-383AAF148CA4}.Debug|iPhone.Build.0 = Debug|Any CPU
		{A80A308A-3AFF-43F8-9186-383AAF148CA4}.Debug|iPhoneSimulator.ActiveCfg = Debug|Any CPU
		{A80A308A-3AFF-43F8-9186-383AAF148CA4}.Debug|iPhoneSimulator.Build.0 = Debug|Any CPU
		{A80A308A-3AFF-43F8-9186-383AAF148CA4}.Debug|x64.ActiveCfg = Debug|Any CPU
		{A80A308A-3AFF-43F8-9186-383AAF148CA4}.Debug|x64.Build.0 = Debug|Any CPU
		{A80A308A-3AFF-43F8-9186-383AAF148CA4}.Debug|x86.ActiveCfg = Debug|Any CPU
		{A80A308A-3AFF-43F8-9186-383AAF148CA4}.Debug|x86.Build.0 = Debug|Any CPU
		{A80A308A-3AFF-43F8-9186-383AAF148CA4}.Release|Any CPU.ActiveCfg = Release|Any CPU
		{A80A308A-3AFF-43F8-9186-383AAF148CA4}.Release|Any CPU.Build.0 = Release|Any CPU
		{A80A308A-3AFF-43F8-9186-383AAF148CA4}.Release|ARM.ActiveCfg = Release|Any CPU
		{A80A308A-3AFF-43F8-9186-383AAF148CA4}.Release|ARM.Build.0 = Release|Any CPU
		{A80A308A-3AFF-43F8-9186-383AAF148CA4}.Release|iPhone.ActiveCfg = Release|Any CPU
		{A80A308A-3AFF-43F8-9186-383AAF148CA4}.Release|iPhone.Build.0 = Release|Any CPU
		{A80A308A-3AFF-43F8-9186-383AAF148CA4}.Release|iPhoneSimulator.ActiveCfg = Release|Any CPU
		{A80A308A-3AFF-43F8-9186-383AAF148CA4}.Release|iPhoneSimulator.Build.0 = Release|Any CPU
		{A80A308A-3AFF-43F8-9186-383AAF148CA4}.Release|x64.ActiveCfg = Release|Any CPU
		{A80A308A-3AFF-43F8-9186-383AAF148CA4}.Release|x64.Build.0 = Release|Any CPU
		{A80A308A-3AFF-43F8-9186-383AAF148CA4}.Release|x86.ActiveCfg = Release|Any CPU
		{A80A308A-3AFF-43F8-9186-383AAF148CA4}.Release|x86.Build.0 = Release|Any CPU
		{C33439AD-387D-4F86-9DB8-9D4B48EC6750}.Debug|Any CPU.ActiveCfg = Debug|Any CPU
		{C33439AD-387D-4F86-9DB8-9D4B48EC6750}.Debug|Any CPU.Build.0 = Debug|Any CPU
		{C33439AD-387D-4F86-9DB8-9D4B48EC6750}.Debug|ARM.ActiveCfg = Debug|Any CPU
		{C33439AD-387D-4F86-9DB8-9D4B48EC6750}.Debug|ARM.Build.0 = Debug|Any CPU
		{C33439AD-387D-4F86-9DB8-9D4B48EC6750}.Debug|iPhone.ActiveCfg = Debug|Any CPU
		{C33439AD-387D-4F86-9DB8-9D4B48EC6750}.Debug|iPhone.Build.0 = Debug|Any CPU
		{C33439AD-387D-4F86-9DB8-9D4B48EC6750}.Debug|iPhoneSimulator.ActiveCfg = Debug|Any CPU
		{C33439AD-387D-4F86-9DB8-9D4B48EC6750}.Debug|iPhoneSimulator.Build.0 = Debug|Any CPU
		{C33439AD-387D-4F86-9DB8-9D4B48EC6750}.Debug|x64.ActiveCfg = Debug|Any CPU
		{C33439AD-387D-4F86-9DB8-9D4B48EC6750}.Debug|x64.Build.0 = Debug|Any CPU
		{C33439AD-387D-4F86-9DB8-9D4B48EC6750}.Debug|x86.ActiveCfg = Debug|Any CPU
		{C33439AD-387D-4F86-9DB8-9D4B48EC6750}.Debug|x86.Build.0 = Debug|Any CPU
		{C33439AD-387D-4F86-9DB8-9D4B48EC6750}.Release|Any CPU.ActiveCfg = Release|Any CPU
		{C33439AD-387D-4F86-9DB8-9D4B48EC6750}.Release|Any CPU.Build.0 = Release|Any CPU
		{C33439AD-387D-4F86-9DB8-9D4B48EC6750}.Release|ARM.ActiveCfg = Release|Any CPU
		{C33439AD-387D-4F86-9DB8-9D4B48EC6750}.Release|ARM.Build.0 = Release|Any CPU
		{C33439AD-387D-4F86-9DB8-9D4B48EC6750}.Release|iPhone.ActiveCfg = Release|Any CPU
		{C33439AD-387D-4F86-9DB8-9D4B48EC6750}.Release|iPhone.Build.0 = Release|Any CPU
		{C33439AD-387D-4F86-9DB8-9D4B48EC6750}.Release|iPhoneSimulator.ActiveCfg = Release|Any CPU
		{C33439AD-387D-4F86-9DB8-9D4B48EC6750}.Release|iPhoneSimulator.Build.0 = Release|Any CPU
		{C33439AD-387D-4F86-9DB8-9D4B48EC6750}.Release|x64.ActiveCfg = Release|Any CPU
		{C33439AD-387D-4F86-9DB8-9D4B48EC6750}.Release|x64.Build.0 = Release|Any CPU
		{C33439AD-387D-4F86-9DB8-9D4B48EC6750}.Release|x86.ActiveCfg = Release|Any CPU
		{C33439AD-387D-4F86-9DB8-9D4B48EC6750}.Release|x86.Build.0 = Release|Any CPU
	EndGlobalSection
	GlobalSection(SolutionProperties) = preSolution
		HideSolutionNode = FALSE
	EndGlobalSection
	GlobalSection(NestedProjects) = preSolution
		{06146619-D21C-414C-BFE3-2F59ACBA412E} = {9F639E1B-3A3A-4AD0-B9B4-5B4B9A93A603}
		{BFC1C1B7-2864-4456-9DEC-309A3F006B66} = {9F639E1B-3A3A-4AD0-B9B4-5B4B9A93A603}
		{B9450AD4-E48B-479B-98BA-4563B32E278A} = {9F639E1B-3A3A-4AD0-B9B4-5B4B9A93A603}
		{ED17479C-2CFE-4E6D-A592-82C491FFBE4E} = {9F639E1B-3A3A-4AD0-B9B4-5B4B9A93A603}
		{64B2E00E-D5D7-474B-9947-6ABC51070E7B} = {9F639E1B-3A3A-4AD0-B9B4-5B4B9A93A603}
		{C0DB15DA-0C51-408D-A386-A69880083B93} = {64B2E00E-D5D7-474B-9947-6ABC51070E7B}
		{E97E649F-B703-47E3-B18A-0871D3498742} = {64B2E00E-D5D7-474B-9947-6ABC51070E7B}
		{F65E66C8-A3A0-40DC-AEE4-1BFF3174B9E7} = {64B2E00E-D5D7-474B-9947-6ABC51070E7B}
		{A80A308A-3AFF-43F8-9186-383AAF148CA4} = {64B2E00E-D5D7-474B-9947-6ABC51070E7B}
		{C33439AD-387D-4F86-9DB8-9D4B48EC6750} = {9F639E1B-3A3A-4AD0-B9B4-5B4B9A93A603}
	EndGlobalSection
EndGlobal
