
Microsoft Visual Studio Solution File, Format Version 12.00
# Visual Studio Version 16
VisualStudioVersion = 16.0.28621.142
MinimumVisualStudioVersion = 10.0.40219.1
Project("{2150E333-8FDC-42A3-9474-1A3956D46DE8}") = "Realm", "Realm", "{50F058DF-2B41-403C-BB73-8B4180D1CF39}"
	ProjectSection(SolutionItems) = preProject
		Realm\AssemblyInfo.props = Realm\AssemblyInfo.props
	EndProjectSection
EndProject
Project("{9A19103F-16F7-4668-BE54-9A1E7A4F7556}") = "Realm", "Realm\Realm\Realm.csproj", "{C0DB0E07-4FBC-44D1-8E84-A074497385C6}"
EndProject
Project("{2150E333-8FDC-42A3-9474-1A3956D46DE8}") = "Tests", "Tests", "{D10BE048-9C20-4B8B-BE5B-48CC55F8BB07}"
EndProject
Project("{FAE04EC0-301F-11D3-BF4B-00C04F79EFBC}") = "Tests.UWP", "Tests\Tests.UWP\Tests.UWP.csproj", "{159A55AF-9531-4107-8444-CA9C96107EF5}"
	ProjectSection(ProjectDependencies) = postProject
		{CDAB5FEE-CC5D-4EFA-807F-F1B974047BE7} = {CDAB5FEE-CC5D-4EFA-807F-F1B974047BE7}
	EndProjectSection
EndProject
Project("{FAE04EC0-301F-11D3-BF4B-00C04F79EFBC}") = "Tests.XamarinMac", "Tests\Tests.XamarinMac\Tests.XamarinMac.csproj", "{3A6CC342-40D0-4487-9964-DDAEBA628199}"
EndProject
Project("{2150E333-8FDC-42A3-9474-1A3956D46DE8}") = "Solution Items", "Solution Items", "{963FF6EA-00B7-42BF-8319-0F9B9EADCA9F}"
	ProjectSection(SolutionItems) = preProject
		.editorconfig = .editorconfig
		CHANGELOG.md = CHANGELOG.md
		Directory.build.props = Directory.build.props
		global.json = global.json
		global.ruleset = global.ruleset
		stylecop.json = stylecop.json
	EndProjectSection
EndProject
Project("{9A19103F-16F7-4668-BE54-9A1E7A4F7556}") = "Realm.Fody", "Realm\Realm.Fody\Realm.Fody.csproj", "{CDAB5FEE-CC5D-4EFA-807F-F1B974047BE7}"
EndProject
Project("{2150E333-8FDC-42A3-9474-1A3956D46DE8}") = "Weaver", "Weaver", "{4FF9AAE6-210E-41F0-A5E1-8D7C4A864F51}"
EndProject
Project("{FAE04EC0-301F-11D3-BF4B-00C04F79EFBC}") = "Tests.Android", "Tests\Tests.Android\Tests.Android.csproj", "{10725A22-B22F-46AB-B5C4-7BC505A1E74A}"
EndProject
Project("{FAE04EC0-301F-11D3-BF4B-00C04F79EFBC}") = "Tests.iOS", "Tests\Tests.iOS\Tests.iOS.csproj", "{F67B1BEB-4157-45A2-B310-4AA8F99C750E}"
EndProject
Project("{9A19103F-16F7-4668-BE54-9A1E7A4F7556}") = "Realm.Tests", "Tests\Realm.Tests\Realm.Tests.csproj", "{78799FCD-BE2E-4ECE-A52E-662846615B58}"
EndProject
Project("{9A19103F-16F7-4668-BE54-9A1E7A4F7556}") = "Realm.FakeForWeaverTests", "Tests\Weaver\Realm.FakeForWeaverTests\Realm.FakeForWeaverTests.csproj", "{2621628F-FD92-4E22-A29F-431FAEEBF0B8}"
EndProject
Project("{9A19103F-16F7-4668-BE54-9A1E7A4F7556}") = "RealmFreeAssemblyToProcess", "Tests\Weaver\RealmFreeAssemblyToProcess\RealmFreeAssemblyToProcess.csproj", "{C9753FE6-8022-427E-A612-D9E8EDB3641D}"
EndProject
Project("{9A19103F-16F7-4668-BE54-9A1E7A4F7556}") = "AssemblyToProcess", "Tests\Weaver\AssemblyToProcess\AssemblyToProcess.csproj", "{A416D382-B243-4019-A05D-1D937F1CD73A}"
EndProject
Project("{9A19103F-16F7-4668-BE54-9A1E7A4F7556}") = "Realm.Fody.Tests", "Tests\Weaver\Realm.Fody.Tests\Realm.Fody.Tests.csproj", "{D8DF24A7-E618-4A0F-ABC4-97AC823BD6A3}"
EndProject
Project("{8BC9CEB8-8B4A-11D0-8D11-00A0C91BC942}") = "realm-wrappers", "wrappers\cmake\Windows\Debug-Win32\src\realm-wrappers.vcxproj", "{7E414A7A-DB48-3EBF-8F4D-0AB7FC2E8721}"
EndProject
Project("{8BC9CEB8-8B4A-11D0-8D11-00A0C91BC942}") = "ObjectStore", "wrappers\cmake\Windows\Debug-Win32\realm-core\src\realm\object-store\ObjectStore.vcxproj", "{692AD7D4-B10C-3877-B59D-9988A1AA8B0F}"
EndProject
Project("{9A19103F-16F7-4668-BE54-9A1E7A4F7556}") = "PerformanceTests", "Tests\PerformanceTests\PerformanceTests.csproj", "{8BDA672B-C40A-41DE-A114-D9E77452ABAB}"
EndProject
Project("{8BC9CEB8-8B4A-11D0-8D11-00A0C91BC942}") = "Storage", "wrappers\cmake\Windows\Debug-Win32\realm-core\src\realm\Storage.vcxproj", "{F12D7B94-A727-39D0-8261-20451EC28DB1}"
EndProject
Global
	GlobalSection(SolutionConfigurationPlatforms) = preSolution
		Debug|Any CPU = Debug|Any CPU
		Debug|ARM = Debug|ARM
		Debug|iPhone = Debug|iPhone
		Debug|iPhoneSimulator = Debug|iPhoneSimulator
		Debug|x64 = Debug|x64
		Debug|x86 = Debug|x86
		MinSizeRel|Any CPU = MinSizeRel|Any CPU
		MinSizeRel|ARM = MinSizeRel|ARM
		MinSizeRel|iPhone = MinSizeRel|iPhone
		MinSizeRel|iPhoneSimulator = MinSizeRel|iPhoneSimulator
		MinSizeRel|x64 = MinSizeRel|x64
		MinSizeRel|x86 = MinSizeRel|x86
		Release|Any CPU = Release|Any CPU
		Release|ARM = Release|ARM
		Release|iPhone = Release|iPhone
		Release|iPhoneSimulator = Release|iPhoneSimulator
		Release|x64 = Release|x64
		Release|x86 = Release|x86
		RelWithDebInfo|Any CPU = RelWithDebInfo|Any CPU
		RelWithDebInfo|ARM = RelWithDebInfo|ARM
		RelWithDebInfo|iPhone = RelWithDebInfo|iPhone
		RelWithDebInfo|iPhoneSimulator = RelWithDebInfo|iPhoneSimulator
		RelWithDebInfo|x64 = RelWithDebInfo|x64
		RelWithDebInfo|x86 = RelWithDebInfo|x86
	EndGlobalSection
	GlobalSection(ProjectConfigurationPlatforms) = postSolution
		{C0DB0E07-4FBC-44D1-8E84-A074497385C6}.Debug|Any CPU.ActiveCfg = Debug|Any CPU
		{C0DB0E07-4FBC-44D1-8E84-A074497385C6}.Debug|Any CPU.Build.0 = Debug|Any CPU
		{C0DB0E07-4FBC-44D1-8E84-A074497385C6}.Debug|ARM.ActiveCfg = Debug|Any CPU
		{C0DB0E07-4FBC-44D1-8E84-A074497385C6}.Debug|ARM.Build.0 = Debug|Any CPU
		{C0DB0E07-4FBC-44D1-8E84-A074497385C6}.Debug|iPhone.ActiveCfg = Debug|Any CPU
		{C0DB0E07-4FBC-44D1-8E84-A074497385C6}.Debug|iPhone.Build.0 = Debug|Any CPU
		{C0DB0E07-4FBC-44D1-8E84-A074497385C6}.Debug|iPhoneSimulator.ActiveCfg = Debug|Any CPU
		{C0DB0E07-4FBC-44D1-8E84-A074497385C6}.Debug|iPhoneSimulator.Build.0 = Debug|Any CPU
		{C0DB0E07-4FBC-44D1-8E84-A074497385C6}.Debug|x64.ActiveCfg = Debug|Any CPU
		{C0DB0E07-4FBC-44D1-8E84-A074497385C6}.Debug|x64.Build.0 = Debug|Any CPU
		{C0DB0E07-4FBC-44D1-8E84-A074497385C6}.Debug|x86.ActiveCfg = Debug|Any CPU
		{C0DB0E07-4FBC-44D1-8E84-A074497385C6}.Debug|x86.Build.0 = Debug|Any CPU
		{C0DB0E07-4FBC-44D1-8E84-A074497385C6}.MinSizeRel|Any CPU.ActiveCfg = Release|Any CPU
		{C0DB0E07-4FBC-44D1-8E84-A074497385C6}.MinSizeRel|Any CPU.Build.0 = Release|Any CPU
		{C0DB0E07-4FBC-44D1-8E84-A074497385C6}.MinSizeRel|ARM.ActiveCfg = Release|Any CPU
		{C0DB0E07-4FBC-44D1-8E84-A074497385C6}.MinSizeRel|ARM.Build.0 = Release|Any CPU
		{C0DB0E07-4FBC-44D1-8E84-A074497385C6}.MinSizeRel|iPhone.ActiveCfg = Release|Any CPU
		{C0DB0E07-4FBC-44D1-8E84-A074497385C6}.MinSizeRel|iPhone.Build.0 = Release|Any CPU
		{C0DB0E07-4FBC-44D1-8E84-A074497385C6}.MinSizeRel|iPhoneSimulator.ActiveCfg = Release|Any CPU
		{C0DB0E07-4FBC-44D1-8E84-A074497385C6}.MinSizeRel|iPhoneSimulator.Build.0 = Release|Any CPU
		{C0DB0E07-4FBC-44D1-8E84-A074497385C6}.MinSizeRel|x64.ActiveCfg = Release|Any CPU
		{C0DB0E07-4FBC-44D1-8E84-A074497385C6}.MinSizeRel|x64.Build.0 = Release|Any CPU
		{C0DB0E07-4FBC-44D1-8E84-A074497385C6}.MinSizeRel|x86.ActiveCfg = Release|Any CPU
		{C0DB0E07-4FBC-44D1-8E84-A074497385C6}.MinSizeRel|x86.Build.0 = Release|Any CPU
		{C0DB0E07-4FBC-44D1-8E84-A074497385C6}.Release|Any CPU.ActiveCfg = Release|Any CPU
		{C0DB0E07-4FBC-44D1-8E84-A074497385C6}.Release|Any CPU.Build.0 = Release|Any CPU
		{C0DB0E07-4FBC-44D1-8E84-A074497385C6}.Release|ARM.ActiveCfg = Release|Any CPU
		{C0DB0E07-4FBC-44D1-8E84-A074497385C6}.Release|ARM.Build.0 = Release|Any CPU
		{C0DB0E07-4FBC-44D1-8E84-A074497385C6}.Release|iPhone.ActiveCfg = Release|Any CPU
		{C0DB0E07-4FBC-44D1-8E84-A074497385C6}.Release|iPhone.Build.0 = Release|Any CPU
		{C0DB0E07-4FBC-44D1-8E84-A074497385C6}.Release|iPhoneSimulator.ActiveCfg = Release|Any CPU
		{C0DB0E07-4FBC-44D1-8E84-A074497385C6}.Release|iPhoneSimulator.Build.0 = Release|Any CPU
		{C0DB0E07-4FBC-44D1-8E84-A074497385C6}.Release|x64.ActiveCfg = Release|Any CPU
		{C0DB0E07-4FBC-44D1-8E84-A074497385C6}.Release|x64.Build.0 = Release|Any CPU
		{C0DB0E07-4FBC-44D1-8E84-A074497385C6}.Release|x86.ActiveCfg = Release|Any CPU
		{C0DB0E07-4FBC-44D1-8E84-A074497385C6}.Release|x86.Build.0 = Release|Any CPU
		{C0DB0E07-4FBC-44D1-8E84-A074497385C6}.RelWithDebInfo|Any CPU.ActiveCfg = Release|Any CPU
		{C0DB0E07-4FBC-44D1-8E84-A074497385C6}.RelWithDebInfo|Any CPU.Build.0 = Release|Any CPU
		{C0DB0E07-4FBC-44D1-8E84-A074497385C6}.RelWithDebInfo|ARM.ActiveCfg = Release|Any CPU
		{C0DB0E07-4FBC-44D1-8E84-A074497385C6}.RelWithDebInfo|ARM.Build.0 = Release|Any CPU
		{C0DB0E07-4FBC-44D1-8E84-A074497385C6}.RelWithDebInfo|iPhone.ActiveCfg = Release|Any CPU
		{C0DB0E07-4FBC-44D1-8E84-A074497385C6}.RelWithDebInfo|iPhone.Build.0 = Release|Any CPU
		{C0DB0E07-4FBC-44D1-8E84-A074497385C6}.RelWithDebInfo|iPhoneSimulator.ActiveCfg = Release|Any CPU
		{C0DB0E07-4FBC-44D1-8E84-A074497385C6}.RelWithDebInfo|iPhoneSimulator.Build.0 = Release|Any CPU
		{C0DB0E07-4FBC-44D1-8E84-A074497385C6}.RelWithDebInfo|x64.ActiveCfg = Release|Any CPU
		{C0DB0E07-4FBC-44D1-8E84-A074497385C6}.RelWithDebInfo|x64.Build.0 = Release|Any CPU
		{C0DB0E07-4FBC-44D1-8E84-A074497385C6}.RelWithDebInfo|x86.ActiveCfg = Release|Any CPU
		{C0DB0E07-4FBC-44D1-8E84-A074497385C6}.RelWithDebInfo|x86.Build.0 = Release|Any CPU
		{159A55AF-9531-4107-8444-CA9C96107EF5}.Debug|Any CPU.ActiveCfg = Debug|x86
		{159A55AF-9531-4107-8444-CA9C96107EF5}.Debug|ARM.ActiveCfg = Debug|ARM
		{159A55AF-9531-4107-8444-CA9C96107EF5}.Debug|ARM.Build.0 = Debug|ARM
		{159A55AF-9531-4107-8444-CA9C96107EF5}.Debug|ARM.Deploy.0 = Debug|ARM
		{159A55AF-9531-4107-8444-CA9C96107EF5}.Debug|iPhone.ActiveCfg = Debug|x86
		{159A55AF-9531-4107-8444-CA9C96107EF5}.Debug|iPhoneSimulator.ActiveCfg = Debug|x86
		{159A55AF-9531-4107-8444-CA9C96107EF5}.Debug|x64.ActiveCfg = Debug|x64
		{159A55AF-9531-4107-8444-CA9C96107EF5}.Debug|x64.Build.0 = Debug|x64
		{159A55AF-9531-4107-8444-CA9C96107EF5}.Debug|x64.Deploy.0 = Debug|x64
		{159A55AF-9531-4107-8444-CA9C96107EF5}.Debug|x86.ActiveCfg = Debug|x86
		{159A55AF-9531-4107-8444-CA9C96107EF5}.Debug|x86.Build.0 = Debug|x86
		{159A55AF-9531-4107-8444-CA9C96107EF5}.Debug|x86.Deploy.0 = Debug|x86
		{159A55AF-9531-4107-8444-CA9C96107EF5}.MinSizeRel|Any CPU.ActiveCfg = Release|x64
		{159A55AF-9531-4107-8444-CA9C96107EF5}.MinSizeRel|ARM.ActiveCfg = Release|ARM
		{159A55AF-9531-4107-8444-CA9C96107EF5}.MinSizeRel|iPhone.ActiveCfg = Release|x64
		{159A55AF-9531-4107-8444-CA9C96107EF5}.MinSizeRel|iPhoneSimulator.ActiveCfg = Release|x64
		{159A55AF-9531-4107-8444-CA9C96107EF5}.MinSizeRel|x64.ActiveCfg = Release|x64
		{159A55AF-9531-4107-8444-CA9C96107EF5}.MinSizeRel|x86.ActiveCfg = Release|x86
		{159A55AF-9531-4107-8444-CA9C96107EF5}.Release|Any CPU.ActiveCfg = Release|x86
		{159A55AF-9531-4107-8444-CA9C96107EF5}.Release|ARM.ActiveCfg = Release|ARM
		{159A55AF-9531-4107-8444-CA9C96107EF5}.Release|ARM.Build.0 = Release|ARM
		{159A55AF-9531-4107-8444-CA9C96107EF5}.Release|ARM.Deploy.0 = Release|ARM
		{159A55AF-9531-4107-8444-CA9C96107EF5}.Release|iPhone.ActiveCfg = Release|x86
		{159A55AF-9531-4107-8444-CA9C96107EF5}.Release|iPhoneSimulator.ActiveCfg = Release|x86
		{159A55AF-9531-4107-8444-CA9C96107EF5}.Release|x64.ActiveCfg = Release|x64
		{159A55AF-9531-4107-8444-CA9C96107EF5}.Release|x64.Build.0 = Release|x64
		{159A55AF-9531-4107-8444-CA9C96107EF5}.Release|x64.Deploy.0 = Release|x64
		{159A55AF-9531-4107-8444-CA9C96107EF5}.Release|x86.ActiveCfg = Release|x86
		{159A55AF-9531-4107-8444-CA9C96107EF5}.Release|x86.Build.0 = Release|x86
		{159A55AF-9531-4107-8444-CA9C96107EF5}.Release|x86.Deploy.0 = Release|x86
		{159A55AF-9531-4107-8444-CA9C96107EF5}.RelWithDebInfo|Any CPU.ActiveCfg = Release|x64
		{159A55AF-9531-4107-8444-CA9C96107EF5}.RelWithDebInfo|ARM.ActiveCfg = Release|ARM
		{159A55AF-9531-4107-8444-CA9C96107EF5}.RelWithDebInfo|iPhone.ActiveCfg = Release|x64
		{159A55AF-9531-4107-8444-CA9C96107EF5}.RelWithDebInfo|iPhoneSimulator.ActiveCfg = Release|x64
		{159A55AF-9531-4107-8444-CA9C96107EF5}.RelWithDebInfo|x64.ActiveCfg = Release|x64
		{159A55AF-9531-4107-8444-CA9C96107EF5}.RelWithDebInfo|x86.ActiveCfg = Release|x86
		{3A6CC342-40D0-4487-9964-DDAEBA628199}.Debug|Any CPU.ActiveCfg = Debug|Any CPU
		{3A6CC342-40D0-4487-9964-DDAEBA628199}.Debug|Any CPU.Build.0 = Debug|Any CPU
		{3A6CC342-40D0-4487-9964-DDAEBA628199}.Debug|ARM.ActiveCfg = Debug|Any CPU
		{3A6CC342-40D0-4487-9964-DDAEBA628199}.Debug|ARM.Build.0 = Debug|Any CPU
		{3A6CC342-40D0-4487-9964-DDAEBA628199}.Debug|iPhone.ActiveCfg = Debug|Any CPU
		{3A6CC342-40D0-4487-9964-DDAEBA628199}.Debug|iPhone.Build.0 = Debug|Any CPU
		{3A6CC342-40D0-4487-9964-DDAEBA628199}.Debug|iPhoneSimulator.ActiveCfg = Debug|Any CPU
		{3A6CC342-40D0-4487-9964-DDAEBA628199}.Debug|iPhoneSimulator.Build.0 = Debug|Any CPU
		{3A6CC342-40D0-4487-9964-DDAEBA628199}.Debug|x64.ActiveCfg = Debug|Any CPU
		{3A6CC342-40D0-4487-9964-DDAEBA628199}.Debug|x64.Build.0 = Debug|Any CPU
		{3A6CC342-40D0-4487-9964-DDAEBA628199}.Debug|x86.ActiveCfg = Debug|Any CPU
		{3A6CC342-40D0-4487-9964-DDAEBA628199}.Debug|x86.Build.0 = Debug|Any CPU
		{3A6CC342-40D0-4487-9964-DDAEBA628199}.MinSizeRel|Any CPU.ActiveCfg = Release|Any CPU
		{3A6CC342-40D0-4487-9964-DDAEBA628199}.MinSizeRel|ARM.ActiveCfg = Release|Any CPU
		{3A6CC342-40D0-4487-9964-DDAEBA628199}.MinSizeRel|iPhone.ActiveCfg = Release|Any CPU
		{3A6CC342-40D0-4487-9964-DDAEBA628199}.MinSizeRel|iPhoneSimulator.ActiveCfg = Release|Any CPU
		{3A6CC342-40D0-4487-9964-DDAEBA628199}.MinSizeRel|x64.ActiveCfg = Release|Any CPU
		{3A6CC342-40D0-4487-9964-DDAEBA628199}.MinSizeRel|x86.ActiveCfg = Release|Any CPU
		{3A6CC342-40D0-4487-9964-DDAEBA628199}.Release|Any CPU.ActiveCfg = Release|Any CPU
		{3A6CC342-40D0-4487-9964-DDAEBA628199}.Release|Any CPU.Build.0 = Release|Any CPU
		{3A6CC342-40D0-4487-9964-DDAEBA628199}.Release|ARM.ActiveCfg = Release|Any CPU
		{3A6CC342-40D0-4487-9964-DDAEBA628199}.Release|ARM.Build.0 = Release|Any CPU
		{3A6CC342-40D0-4487-9964-DDAEBA628199}.Release|iPhone.ActiveCfg = Release|Any CPU
		{3A6CC342-40D0-4487-9964-DDAEBA628199}.Release|iPhone.Build.0 = Release|Any CPU
		{3A6CC342-40D0-4487-9964-DDAEBA628199}.Release|iPhoneSimulator.ActiveCfg = Release|Any CPU
		{3A6CC342-40D0-4487-9964-DDAEBA628199}.Release|iPhoneSimulator.Build.0 = Release|Any CPU
		{3A6CC342-40D0-4487-9964-DDAEBA628199}.Release|x64.ActiveCfg = Release|Any CPU
		{3A6CC342-40D0-4487-9964-DDAEBA628199}.Release|x64.Build.0 = Release|Any CPU
		{3A6CC342-40D0-4487-9964-DDAEBA628199}.Release|x86.ActiveCfg = Release|Any CPU
		{3A6CC342-40D0-4487-9964-DDAEBA628199}.Release|x86.Build.0 = Release|Any CPU
		{3A6CC342-40D0-4487-9964-DDAEBA628199}.RelWithDebInfo|Any CPU.ActiveCfg = Release|Any CPU
		{3A6CC342-40D0-4487-9964-DDAEBA628199}.RelWithDebInfo|ARM.ActiveCfg = Release|Any CPU
		{3A6CC342-40D0-4487-9964-DDAEBA628199}.RelWithDebInfo|iPhone.ActiveCfg = Release|Any CPU
		{3A6CC342-40D0-4487-9964-DDAEBA628199}.RelWithDebInfo|iPhoneSimulator.ActiveCfg = Release|Any CPU
		{3A6CC342-40D0-4487-9964-DDAEBA628199}.RelWithDebInfo|x64.ActiveCfg = Release|Any CPU
		{3A6CC342-40D0-4487-9964-DDAEBA628199}.RelWithDebInfo|x86.ActiveCfg = Release|Any CPU
		{CDAB5FEE-CC5D-4EFA-807F-F1B974047BE7}.Debug|Any CPU.ActiveCfg = Debug|Any CPU
		{CDAB5FEE-CC5D-4EFA-807F-F1B974047BE7}.Debug|Any CPU.Build.0 = Debug|Any CPU
		{CDAB5FEE-CC5D-4EFA-807F-F1B974047BE7}.Debug|ARM.ActiveCfg = Debug|Any CPU
		{CDAB5FEE-CC5D-4EFA-807F-F1B974047BE7}.Debug|ARM.Build.0 = Debug|Any CPU
		{CDAB5FEE-CC5D-4EFA-807F-F1B974047BE7}.Debug|iPhone.ActiveCfg = Debug|Any CPU
		{CDAB5FEE-CC5D-4EFA-807F-F1B974047BE7}.Debug|iPhone.Build.0 = Debug|Any CPU
		{CDAB5FEE-CC5D-4EFA-807F-F1B974047BE7}.Debug|iPhoneSimulator.ActiveCfg = Debug|Any CPU
		{CDAB5FEE-CC5D-4EFA-807F-F1B974047BE7}.Debug|iPhoneSimulator.Build.0 = Debug|Any CPU
		{CDAB5FEE-CC5D-4EFA-807F-F1B974047BE7}.Debug|x64.ActiveCfg = Debug|Any CPU
		{CDAB5FEE-CC5D-4EFA-807F-F1B974047BE7}.Debug|x64.Build.0 = Debug|Any CPU
		{CDAB5FEE-CC5D-4EFA-807F-F1B974047BE7}.Debug|x86.ActiveCfg = Debug|Any CPU
		{CDAB5FEE-CC5D-4EFA-807F-F1B974047BE7}.Debug|x86.Build.0 = Debug|Any CPU
		{CDAB5FEE-CC5D-4EFA-807F-F1B974047BE7}.MinSizeRel|Any CPU.ActiveCfg = Release|Any CPU
		{CDAB5FEE-CC5D-4EFA-807F-F1B974047BE7}.MinSizeRel|Any CPU.Build.0 = Release|Any CPU
		{CDAB5FEE-CC5D-4EFA-807F-F1B974047BE7}.MinSizeRel|ARM.ActiveCfg = Release|Any CPU
		{CDAB5FEE-CC5D-4EFA-807F-F1B974047BE7}.MinSizeRel|ARM.Build.0 = Release|Any CPU
		{CDAB5FEE-CC5D-4EFA-807F-F1B974047BE7}.MinSizeRel|iPhone.ActiveCfg = Release|Any CPU
		{CDAB5FEE-CC5D-4EFA-807F-F1B974047BE7}.MinSizeRel|iPhone.Build.0 = Release|Any CPU
		{CDAB5FEE-CC5D-4EFA-807F-F1B974047BE7}.MinSizeRel|iPhoneSimulator.ActiveCfg = Release|Any CPU
		{CDAB5FEE-CC5D-4EFA-807F-F1B974047BE7}.MinSizeRel|iPhoneSimulator.Build.0 = Release|Any CPU
		{CDAB5FEE-CC5D-4EFA-807F-F1B974047BE7}.MinSizeRel|x64.ActiveCfg = Release|Any CPU
		{CDAB5FEE-CC5D-4EFA-807F-F1B974047BE7}.MinSizeRel|x64.Build.0 = Release|Any CPU
		{CDAB5FEE-CC5D-4EFA-807F-F1B974047BE7}.MinSizeRel|x86.ActiveCfg = Release|Any CPU
		{CDAB5FEE-CC5D-4EFA-807F-F1B974047BE7}.MinSizeRel|x86.Build.0 = Release|Any CPU
		{CDAB5FEE-CC5D-4EFA-807F-F1B974047BE7}.Release|Any CPU.ActiveCfg = Release|Any CPU
		{CDAB5FEE-CC5D-4EFA-807F-F1B974047BE7}.Release|Any CPU.Build.0 = Release|Any CPU
		{CDAB5FEE-CC5D-4EFA-807F-F1B974047BE7}.Release|ARM.ActiveCfg = Release|Any CPU
		{CDAB5FEE-CC5D-4EFA-807F-F1B974047BE7}.Release|ARM.Build.0 = Release|Any CPU
		{CDAB5FEE-CC5D-4EFA-807F-F1B974047BE7}.Release|iPhone.ActiveCfg = Release|Any CPU
		{CDAB5FEE-CC5D-4EFA-807F-F1B974047BE7}.Release|iPhone.Build.0 = Release|Any CPU
		{CDAB5FEE-CC5D-4EFA-807F-F1B974047BE7}.Release|iPhoneSimulator.ActiveCfg = Release|Any CPU
		{CDAB5FEE-CC5D-4EFA-807F-F1B974047BE7}.Release|iPhoneSimulator.Build.0 = Release|Any CPU
		{CDAB5FEE-CC5D-4EFA-807F-F1B974047BE7}.Release|x64.ActiveCfg = Release|Any CPU
		{CDAB5FEE-CC5D-4EFA-807F-F1B974047BE7}.Release|x64.Build.0 = Release|Any CPU
		{CDAB5FEE-CC5D-4EFA-807F-F1B974047BE7}.Release|x86.ActiveCfg = Release|Any CPU
		{CDAB5FEE-CC5D-4EFA-807F-F1B974047BE7}.Release|x86.Build.0 = Release|Any CPU
		{CDAB5FEE-CC5D-4EFA-807F-F1B974047BE7}.RelWithDebInfo|Any CPU.ActiveCfg = Release|Any CPU
		{CDAB5FEE-CC5D-4EFA-807F-F1B974047BE7}.RelWithDebInfo|Any CPU.Build.0 = Release|Any CPU
		{CDAB5FEE-CC5D-4EFA-807F-F1B974047BE7}.RelWithDebInfo|ARM.ActiveCfg = Release|Any CPU
		{CDAB5FEE-CC5D-4EFA-807F-F1B974047BE7}.RelWithDebInfo|ARM.Build.0 = Release|Any CPU
		{CDAB5FEE-CC5D-4EFA-807F-F1B974047BE7}.RelWithDebInfo|iPhone.ActiveCfg = Release|Any CPU
		{CDAB5FEE-CC5D-4EFA-807F-F1B974047BE7}.RelWithDebInfo|iPhone.Build.0 = Release|Any CPU
		{CDAB5FEE-CC5D-4EFA-807F-F1B974047BE7}.RelWithDebInfo|iPhoneSimulator.ActiveCfg = Release|Any CPU
		{CDAB5FEE-CC5D-4EFA-807F-F1B974047BE7}.RelWithDebInfo|iPhoneSimulator.Build.0 = Release|Any CPU
		{CDAB5FEE-CC5D-4EFA-807F-F1B974047BE7}.RelWithDebInfo|x64.ActiveCfg = Release|Any CPU
		{CDAB5FEE-CC5D-4EFA-807F-F1B974047BE7}.RelWithDebInfo|x64.Build.0 = Release|Any CPU
		{CDAB5FEE-CC5D-4EFA-807F-F1B974047BE7}.RelWithDebInfo|x86.ActiveCfg = Release|Any CPU
		{CDAB5FEE-CC5D-4EFA-807F-F1B974047BE7}.RelWithDebInfo|x86.Build.0 = Release|Any CPU
		{10725A22-B22F-46AB-B5C4-7BC505A1E74A}.Debug|Any CPU.ActiveCfg = Debug|Any CPU
		{10725A22-B22F-46AB-B5C4-7BC505A1E74A}.Debug|Any CPU.Build.0 = Debug|Any CPU
		{10725A22-B22F-46AB-B5C4-7BC505A1E74A}.Debug|ARM.ActiveCfg = Debug|Any CPU
		{10725A22-B22F-46AB-B5C4-7BC505A1E74A}.Debug|ARM.Build.0 = Debug|Any CPU
		{10725A22-B22F-46AB-B5C4-7BC505A1E74A}.Debug|iPhone.ActiveCfg = Debug|Any CPU
		{10725A22-B22F-46AB-B5C4-7BC505A1E74A}.Debug|iPhone.Build.0 = Debug|Any CPU
		{10725A22-B22F-46AB-B5C4-7BC505A1E74A}.Debug|iPhoneSimulator.ActiveCfg = Debug|Any CPU
		{10725A22-B22F-46AB-B5C4-7BC505A1E74A}.Debug|iPhoneSimulator.Build.0 = Debug|Any CPU
		{10725A22-B22F-46AB-B5C4-7BC505A1E74A}.Debug|x64.ActiveCfg = Debug|Any CPU
		{10725A22-B22F-46AB-B5C4-7BC505A1E74A}.Debug|x64.Build.0 = Debug|Any CPU
		{10725A22-B22F-46AB-B5C4-7BC505A1E74A}.Debug|x86.ActiveCfg = Debug|Any CPU
		{10725A22-B22F-46AB-B5C4-7BC505A1E74A}.Debug|x86.Build.0 = Debug|Any CPU
		{10725A22-B22F-46AB-B5C4-7BC505A1E74A}.MinSizeRel|Any CPU.ActiveCfg = Release|Any CPU
		{10725A22-B22F-46AB-B5C4-7BC505A1E74A}.MinSizeRel|ARM.ActiveCfg = Release|Any CPU
		{10725A22-B22F-46AB-B5C4-7BC505A1E74A}.MinSizeRel|iPhone.ActiveCfg = Release|Any CPU
		{10725A22-B22F-46AB-B5C4-7BC505A1E74A}.MinSizeRel|iPhoneSimulator.ActiveCfg = Release|Any CPU
		{10725A22-B22F-46AB-B5C4-7BC505A1E74A}.MinSizeRel|x64.ActiveCfg = Release|Any CPU
		{10725A22-B22F-46AB-B5C4-7BC505A1E74A}.MinSizeRel|x86.ActiveCfg = Release|Any CPU
		{10725A22-B22F-46AB-B5C4-7BC505A1E74A}.Release|Any CPU.ActiveCfg = Release|Any CPU
		{10725A22-B22F-46AB-B5C4-7BC505A1E74A}.Release|Any CPU.Build.0 = Release|Any CPU
		{10725A22-B22F-46AB-B5C4-7BC505A1E74A}.Release|ARM.ActiveCfg = Release|Any CPU
		{10725A22-B22F-46AB-B5C4-7BC505A1E74A}.Release|ARM.Build.0 = Release|Any CPU
		{10725A22-B22F-46AB-B5C4-7BC505A1E74A}.Release|iPhone.ActiveCfg = Release|Any CPU
		{10725A22-B22F-46AB-B5C4-7BC505A1E74A}.Release|iPhone.Build.0 = Release|Any CPU
		{10725A22-B22F-46AB-B5C4-7BC505A1E74A}.Release|iPhoneSimulator.ActiveCfg = Release|Any CPU
		{10725A22-B22F-46AB-B5C4-7BC505A1E74A}.Release|iPhoneSimulator.Build.0 = Release|Any CPU
		{10725A22-B22F-46AB-B5C4-7BC505A1E74A}.Release|x64.ActiveCfg = Release|Any CPU
		{10725A22-B22F-46AB-B5C4-7BC505A1E74A}.Release|x64.Build.0 = Release|Any CPU
		{10725A22-B22F-46AB-B5C4-7BC505A1E74A}.Release|x86.ActiveCfg = Release|Any CPU
		{10725A22-B22F-46AB-B5C4-7BC505A1E74A}.Release|x86.Build.0 = Release|Any CPU
		{10725A22-B22F-46AB-B5C4-7BC505A1E74A}.RelWithDebInfo|Any CPU.ActiveCfg = Release|Any CPU
		{10725A22-B22F-46AB-B5C4-7BC505A1E74A}.RelWithDebInfo|ARM.ActiveCfg = Release|Any CPU
		{10725A22-B22F-46AB-B5C4-7BC505A1E74A}.RelWithDebInfo|iPhone.ActiveCfg = Release|Any CPU
		{10725A22-B22F-46AB-B5C4-7BC505A1E74A}.RelWithDebInfo|iPhoneSimulator.ActiveCfg = Release|Any CPU
		{10725A22-B22F-46AB-B5C4-7BC505A1E74A}.RelWithDebInfo|x64.ActiveCfg = Release|Any CPU
		{10725A22-B22F-46AB-B5C4-7BC505A1E74A}.RelWithDebInfo|x86.ActiveCfg = Release|Any CPU
		{F67B1BEB-4157-45A2-B310-4AA8F99C750E}.Debug|Any CPU.ActiveCfg = Debug|iPhoneSimulator
		{F67B1BEB-4157-45A2-B310-4AA8F99C750E}.Debug|Any CPU.Build.0 = Debug|iPhoneSimulator
		{F67B1BEB-4157-45A2-B310-4AA8F99C750E}.Debug|ARM.ActiveCfg = Debug|iPhoneSimulator
		{F67B1BEB-4157-45A2-B310-4AA8F99C750E}.Debug|ARM.Build.0 = Debug|iPhoneSimulator
		{F67B1BEB-4157-45A2-B310-4AA8F99C750E}.Debug|iPhone.ActiveCfg = Debug|iPhone
		{F67B1BEB-4157-45A2-B310-4AA8F99C750E}.Debug|iPhone.Build.0 = Debug|iPhone
		{F67B1BEB-4157-45A2-B310-4AA8F99C750E}.Debug|iPhoneSimulator.ActiveCfg = Debug|iPhoneSimulator
		{F67B1BEB-4157-45A2-B310-4AA8F99C750E}.Debug|iPhoneSimulator.Build.0 = Debug|iPhoneSimulator
		{F67B1BEB-4157-45A2-B310-4AA8F99C750E}.Debug|x64.ActiveCfg = Debug|iPhoneSimulator
		{F67B1BEB-4157-45A2-B310-4AA8F99C750E}.Debug|x64.Build.0 = Debug|iPhoneSimulator
		{F67B1BEB-4157-45A2-B310-4AA8F99C750E}.Debug|x86.ActiveCfg = Debug|iPhoneSimulator
		{F67B1BEB-4157-45A2-B310-4AA8F99C750E}.Debug|x86.Build.0 = Debug|iPhoneSimulator
		{F67B1BEB-4157-45A2-B310-4AA8F99C750E}.MinSizeRel|Any CPU.ActiveCfg = Release|iPhone
		{F67B1BEB-4157-45A2-B310-4AA8F99C750E}.MinSizeRel|ARM.ActiveCfg = Release|iPhone
		{F67B1BEB-4157-45A2-B310-4AA8F99C750E}.MinSizeRel|iPhone.ActiveCfg = Release|iPhone
		{F67B1BEB-4157-45A2-B310-4AA8F99C750E}.MinSizeRel|iPhoneSimulator.ActiveCfg = Release|iPhoneSimulator
		{F67B1BEB-4157-45A2-B310-4AA8F99C750E}.MinSizeRel|x64.ActiveCfg = Release|iPhone
		{F67B1BEB-4157-45A2-B310-4AA8F99C750E}.MinSizeRel|x86.ActiveCfg = Release|iPhone
		{F67B1BEB-4157-45A2-B310-4AA8F99C750E}.Release|Any CPU.ActiveCfg = Release|iPhoneSimulator
		{F67B1BEB-4157-45A2-B310-4AA8F99C750E}.Release|Any CPU.Build.0 = Release|iPhoneSimulator
		{F67B1BEB-4157-45A2-B310-4AA8F99C750E}.Release|ARM.ActiveCfg = Release|iPhoneSimulator
		{F67B1BEB-4157-45A2-B310-4AA8F99C750E}.Release|ARM.Build.0 = Release|iPhoneSimulator
		{F67B1BEB-4157-45A2-B310-4AA8F99C750E}.Release|iPhone.ActiveCfg = Release|iPhone
		{F67B1BEB-4157-45A2-B310-4AA8F99C750E}.Release|iPhone.Build.0 = Release|iPhone
		{F67B1BEB-4157-45A2-B310-4AA8F99C750E}.Release|iPhoneSimulator.ActiveCfg = Release|iPhoneSimulator
		{F67B1BEB-4157-45A2-B310-4AA8F99C750E}.Release|iPhoneSimulator.Build.0 = Release|iPhoneSimulator
		{F67B1BEB-4157-45A2-B310-4AA8F99C750E}.Release|x64.ActiveCfg = Release|iPhoneSimulator
		{F67B1BEB-4157-45A2-B310-4AA8F99C750E}.Release|x64.Build.0 = Release|iPhoneSimulator
		{F67B1BEB-4157-45A2-B310-4AA8F99C750E}.Release|x86.ActiveCfg = Release|iPhoneSimulator
		{F67B1BEB-4157-45A2-B310-4AA8F99C750E}.Release|x86.Build.0 = Release|iPhoneSimulator
		{F67B1BEB-4157-45A2-B310-4AA8F99C750E}.RelWithDebInfo|Any CPU.ActiveCfg = Release|iPhone
		{F67B1BEB-4157-45A2-B310-4AA8F99C750E}.RelWithDebInfo|ARM.ActiveCfg = Release|iPhone
		{F67B1BEB-4157-45A2-B310-4AA8F99C750E}.RelWithDebInfo|iPhone.ActiveCfg = Release|iPhone
		{F67B1BEB-4157-45A2-B310-4AA8F99C750E}.RelWithDebInfo|iPhoneSimulator.ActiveCfg = Release|iPhoneSimulator
		{F67B1BEB-4157-45A2-B310-4AA8F99C750E}.RelWithDebInfo|x64.ActiveCfg = Release|iPhone
		{F67B1BEB-4157-45A2-B310-4AA8F99C750E}.RelWithDebInfo|x86.ActiveCfg = Release|iPhone
		{78799FCD-BE2E-4ECE-A52E-662846615B58}.Debug|Any CPU.ActiveCfg = Debug|Any CPU
		{78799FCD-BE2E-4ECE-A52E-662846615B58}.Debug|Any CPU.Build.0 = Debug|Any CPU
		{78799FCD-BE2E-4ECE-A52E-662846615B58}.Debug|ARM.ActiveCfg = Debug|Any CPU
		{78799FCD-BE2E-4ECE-A52E-662846615B58}.Debug|ARM.Build.0 = Debug|Any CPU
		{78799FCD-BE2E-4ECE-A52E-662846615B58}.Debug|iPhone.ActiveCfg = Debug|Any CPU
		{78799FCD-BE2E-4ECE-A52E-662846615B58}.Debug|iPhone.Build.0 = Debug|Any CPU
		{78799FCD-BE2E-4ECE-A52E-662846615B58}.Debug|iPhoneSimulator.ActiveCfg = Debug|Any CPU
		{78799FCD-BE2E-4ECE-A52E-662846615B58}.Debug|iPhoneSimulator.Build.0 = Debug|Any CPU
		{78799FCD-BE2E-4ECE-A52E-662846615B58}.Debug|x64.ActiveCfg = Debug|Any CPU
		{78799FCD-BE2E-4ECE-A52E-662846615B58}.Debug|x64.Build.0 = Debug|Any CPU
		{78799FCD-BE2E-4ECE-A52E-662846615B58}.Debug|x86.ActiveCfg = Debug|Any CPU
		{78799FCD-BE2E-4ECE-A52E-662846615B58}.Debug|x86.Build.0 = Debug|Any CPU
		{78799FCD-BE2E-4ECE-A52E-662846615B58}.MinSizeRel|Any CPU.ActiveCfg = Release|Any CPU
		{78799FCD-BE2E-4ECE-A52E-662846615B58}.MinSizeRel|Any CPU.Build.0 = Release|Any CPU
		{78799FCD-BE2E-4ECE-A52E-662846615B58}.MinSizeRel|ARM.ActiveCfg = Release|Any CPU
		{78799FCD-BE2E-4ECE-A52E-662846615B58}.MinSizeRel|ARM.Build.0 = Release|Any CPU
		{78799FCD-BE2E-4ECE-A52E-662846615B58}.MinSizeRel|iPhone.ActiveCfg = Release|Any CPU
		{78799FCD-BE2E-4ECE-A52E-662846615B58}.MinSizeRel|iPhone.Build.0 = Release|Any CPU
		{78799FCD-BE2E-4ECE-A52E-662846615B58}.MinSizeRel|iPhoneSimulator.ActiveCfg = Release|Any CPU
		{78799FCD-BE2E-4ECE-A52E-662846615B58}.MinSizeRel|iPhoneSimulator.Build.0 = Release|Any CPU
		{78799FCD-BE2E-4ECE-A52E-662846615B58}.MinSizeRel|x64.ActiveCfg = Release|Any CPU
		{78799FCD-BE2E-4ECE-A52E-662846615B58}.MinSizeRel|x64.Build.0 = Release|Any CPU
		{78799FCD-BE2E-4ECE-A52E-662846615B58}.MinSizeRel|x86.ActiveCfg = Release|Any CPU
		{78799FCD-BE2E-4ECE-A52E-662846615B58}.MinSizeRel|x86.Build.0 = Release|Any CPU
		{78799FCD-BE2E-4ECE-A52E-662846615B58}.Release|Any CPU.ActiveCfg = Release|Any CPU
		{78799FCD-BE2E-4ECE-A52E-662846615B58}.Release|Any CPU.Build.0 = Release|Any CPU
		{78799FCD-BE2E-4ECE-A52E-662846615B58}.Release|ARM.ActiveCfg = Release|Any CPU
		{78799FCD-BE2E-4ECE-A52E-662846615B58}.Release|ARM.Build.0 = Release|Any CPU
		{78799FCD-BE2E-4ECE-A52E-662846615B58}.Release|iPhone.ActiveCfg = Release|Any CPU
		{78799FCD-BE2E-4ECE-A52E-662846615B58}.Release|iPhone.Build.0 = Release|Any CPU
		{78799FCD-BE2E-4ECE-A52E-662846615B58}.Release|iPhoneSimulator.ActiveCfg = Release|Any CPU
		{78799FCD-BE2E-4ECE-A52E-662846615B58}.Release|iPhoneSimulator.Build.0 = Release|Any CPU
		{78799FCD-BE2E-4ECE-A52E-662846615B58}.Release|x64.ActiveCfg = Release|Any CPU
		{78799FCD-BE2E-4ECE-A52E-662846615B58}.Release|x64.Build.0 = Release|Any CPU
		{78799FCD-BE2E-4ECE-A52E-662846615B58}.Release|x86.ActiveCfg = Release|Any CPU
		{78799FCD-BE2E-4ECE-A52E-662846615B58}.Release|x86.Build.0 = Release|Any CPU
		{78799FCD-BE2E-4ECE-A52E-662846615B58}.RelWithDebInfo|Any CPU.ActiveCfg = Release|Any CPU
		{78799FCD-BE2E-4ECE-A52E-662846615B58}.RelWithDebInfo|Any CPU.Build.0 = Release|Any CPU
		{78799FCD-BE2E-4ECE-A52E-662846615B58}.RelWithDebInfo|ARM.ActiveCfg = Release|Any CPU
		{78799FCD-BE2E-4ECE-A52E-662846615B58}.RelWithDebInfo|ARM.Build.0 = Release|Any CPU
		{78799FCD-BE2E-4ECE-A52E-662846615B58}.RelWithDebInfo|iPhone.ActiveCfg = Release|Any CPU
		{78799FCD-BE2E-4ECE-A52E-662846615B58}.RelWithDebInfo|iPhone.Build.0 = Release|Any CPU
		{78799FCD-BE2E-4ECE-A52E-662846615B58}.RelWithDebInfo|iPhoneSimulator.ActiveCfg = Release|Any CPU
		{78799FCD-BE2E-4ECE-A52E-662846615B58}.RelWithDebInfo|iPhoneSimulator.Build.0 = Release|Any CPU
		{78799FCD-BE2E-4ECE-A52E-662846615B58}.RelWithDebInfo|x64.ActiveCfg = Release|Any CPU
		{78799FCD-BE2E-4ECE-A52E-662846615B58}.RelWithDebInfo|x64.Build.0 = Release|Any CPU
		{78799FCD-BE2E-4ECE-A52E-662846615B58}.RelWithDebInfo|x86.ActiveCfg = Release|Any CPU
		{78799FCD-BE2E-4ECE-A52E-662846615B58}.RelWithDebInfo|x86.Build.0 = Release|Any CPU
		{2621628F-FD92-4E22-A29F-431FAEEBF0B8}.Debug|Any CPU.ActiveCfg = Debug|Any CPU
		{2621628F-FD92-4E22-A29F-431FAEEBF0B8}.Debug|Any CPU.Build.0 = Debug|Any CPU
		{2621628F-FD92-4E22-A29F-431FAEEBF0B8}.Debug|ARM.ActiveCfg = Debug|Any CPU
		{2621628F-FD92-4E22-A29F-431FAEEBF0B8}.Debug|ARM.Build.0 = Debug|Any CPU
		{2621628F-FD92-4E22-A29F-431FAEEBF0B8}.Debug|iPhone.ActiveCfg = Debug|Any CPU
		{2621628F-FD92-4E22-A29F-431FAEEBF0B8}.Debug|iPhone.Build.0 = Debug|Any CPU
		{2621628F-FD92-4E22-A29F-431FAEEBF0B8}.Debug|iPhoneSimulator.ActiveCfg = Debug|Any CPU
		{2621628F-FD92-4E22-A29F-431FAEEBF0B8}.Debug|iPhoneSimulator.Build.0 = Debug|Any CPU
		{2621628F-FD92-4E22-A29F-431FAEEBF0B8}.Debug|x64.ActiveCfg = Debug|Any CPU
		{2621628F-FD92-4E22-A29F-431FAEEBF0B8}.Debug|x64.Build.0 = Debug|Any CPU
		{2621628F-FD92-4E22-A29F-431FAEEBF0B8}.Debug|x86.ActiveCfg = Debug|Any CPU
		{2621628F-FD92-4E22-A29F-431FAEEBF0B8}.Debug|x86.Build.0 = Debug|Any CPU
		{2621628F-FD92-4E22-A29F-431FAEEBF0B8}.MinSizeRel|Any CPU.ActiveCfg = Release|Any CPU
		{2621628F-FD92-4E22-A29F-431FAEEBF0B8}.MinSizeRel|Any CPU.Build.0 = Release|Any CPU
		{2621628F-FD92-4E22-A29F-431FAEEBF0B8}.MinSizeRel|ARM.ActiveCfg = Release|Any CPU
		{2621628F-FD92-4E22-A29F-431FAEEBF0B8}.MinSizeRel|ARM.Build.0 = Release|Any CPU
		{2621628F-FD92-4E22-A29F-431FAEEBF0B8}.MinSizeRel|iPhone.ActiveCfg = Release|Any CPU
		{2621628F-FD92-4E22-A29F-431FAEEBF0B8}.MinSizeRel|iPhone.Build.0 = Release|Any CPU
		{2621628F-FD92-4E22-A29F-431FAEEBF0B8}.MinSizeRel|iPhoneSimulator.ActiveCfg = Release|Any CPU
		{2621628F-FD92-4E22-A29F-431FAEEBF0B8}.MinSizeRel|iPhoneSimulator.Build.0 = Release|Any CPU
		{2621628F-FD92-4E22-A29F-431FAEEBF0B8}.MinSizeRel|x64.ActiveCfg = Release|Any CPU
		{2621628F-FD92-4E22-A29F-431FAEEBF0B8}.MinSizeRel|x64.Build.0 = Release|Any CPU
		{2621628F-FD92-4E22-A29F-431FAEEBF0B8}.MinSizeRel|x86.ActiveCfg = Release|Any CPU
		{2621628F-FD92-4E22-A29F-431FAEEBF0B8}.MinSizeRel|x86.Build.0 = Release|Any CPU
		{2621628F-FD92-4E22-A29F-431FAEEBF0B8}.Release|Any CPU.ActiveCfg = Release|Any CPU
		{2621628F-FD92-4E22-A29F-431FAEEBF0B8}.Release|Any CPU.Build.0 = Release|Any CPU
		{2621628F-FD92-4E22-A29F-431FAEEBF0B8}.Release|ARM.ActiveCfg = Release|Any CPU
		{2621628F-FD92-4E22-A29F-431FAEEBF0B8}.Release|ARM.Build.0 = Release|Any CPU
		{2621628F-FD92-4E22-A29F-431FAEEBF0B8}.Release|iPhone.ActiveCfg = Release|Any CPU
		{2621628F-FD92-4E22-A29F-431FAEEBF0B8}.Release|iPhone.Build.0 = Release|Any CPU
		{2621628F-FD92-4E22-A29F-431FAEEBF0B8}.Release|iPhoneSimulator.ActiveCfg = Release|Any CPU
		{2621628F-FD92-4E22-A29F-431FAEEBF0B8}.Release|iPhoneSimulator.Build.0 = Release|Any CPU
		{2621628F-FD92-4E22-A29F-431FAEEBF0B8}.Release|x64.ActiveCfg = Release|Any CPU
		{2621628F-FD92-4E22-A29F-431FAEEBF0B8}.Release|x64.Build.0 = Release|Any CPU
		{2621628F-FD92-4E22-A29F-431FAEEBF0B8}.Release|x86.ActiveCfg = Release|Any CPU
		{2621628F-FD92-4E22-A29F-431FAEEBF0B8}.Release|x86.Build.0 = Release|Any CPU
		{2621628F-FD92-4E22-A29F-431FAEEBF0B8}.RelWithDebInfo|Any CPU.ActiveCfg = Release|Any CPU
		{2621628F-FD92-4E22-A29F-431FAEEBF0B8}.RelWithDebInfo|Any CPU.Build.0 = Release|Any CPU
		{2621628F-FD92-4E22-A29F-431FAEEBF0B8}.RelWithDebInfo|ARM.ActiveCfg = Release|Any CPU
		{2621628F-FD92-4E22-A29F-431FAEEBF0B8}.RelWithDebInfo|ARM.Build.0 = Release|Any CPU
		{2621628F-FD92-4E22-A29F-431FAEEBF0B8}.RelWithDebInfo|iPhone.ActiveCfg = Release|Any CPU
		{2621628F-FD92-4E22-A29F-431FAEEBF0B8}.RelWithDebInfo|iPhone.Build.0 = Release|Any CPU
		{2621628F-FD92-4E22-A29F-431FAEEBF0B8}.RelWithDebInfo|iPhoneSimulator.ActiveCfg = Release|Any CPU
		{2621628F-FD92-4E22-A29F-431FAEEBF0B8}.RelWithDebInfo|iPhoneSimulator.Build.0 = Release|Any CPU
		{2621628F-FD92-4E22-A29F-431FAEEBF0B8}.RelWithDebInfo|x64.ActiveCfg = Release|Any CPU
		{2621628F-FD92-4E22-A29F-431FAEEBF0B8}.RelWithDebInfo|x64.Build.0 = Release|Any CPU
		{2621628F-FD92-4E22-A29F-431FAEEBF0B8}.RelWithDebInfo|x86.ActiveCfg = Release|Any CPU
		{2621628F-FD92-4E22-A29F-431FAEEBF0B8}.RelWithDebInfo|x86.Build.0 = Release|Any CPU
		{C9753FE6-8022-427E-A612-D9E8EDB3641D}.Debug|Any CPU.ActiveCfg = Debug|Any CPU
		{C9753FE6-8022-427E-A612-D9E8EDB3641D}.Debug|Any CPU.Build.0 = Debug|Any CPU
		{C9753FE6-8022-427E-A612-D9E8EDB3641D}.Debug|ARM.ActiveCfg = Debug|Any CPU
		{C9753FE6-8022-427E-A612-D9E8EDB3641D}.Debug|ARM.Build.0 = Debug|Any CPU
		{C9753FE6-8022-427E-A612-D9E8EDB3641D}.Debug|iPhone.ActiveCfg = Debug|Any CPU
		{C9753FE6-8022-427E-A612-D9E8EDB3641D}.Debug|iPhone.Build.0 = Debug|Any CPU
		{C9753FE6-8022-427E-A612-D9E8EDB3641D}.Debug|iPhoneSimulator.ActiveCfg = Debug|Any CPU
		{C9753FE6-8022-427E-A612-D9E8EDB3641D}.Debug|iPhoneSimulator.Build.0 = Debug|Any CPU
		{C9753FE6-8022-427E-A612-D9E8EDB3641D}.Debug|x64.ActiveCfg = Debug|Any CPU
		{C9753FE6-8022-427E-A612-D9E8EDB3641D}.Debug|x64.Build.0 = Debug|Any CPU
		{C9753FE6-8022-427E-A612-D9E8EDB3641D}.Debug|x86.ActiveCfg = Debug|Any CPU
		{C9753FE6-8022-427E-A612-D9E8EDB3641D}.Debug|x86.Build.0 = Debug|Any CPU
		{C9753FE6-8022-427E-A612-D9E8EDB3641D}.MinSizeRel|Any CPU.ActiveCfg = Release|Any CPU
		{C9753FE6-8022-427E-A612-D9E8EDB3641D}.MinSizeRel|Any CPU.Build.0 = Release|Any CPU
		{C9753FE6-8022-427E-A612-D9E8EDB3641D}.MinSizeRel|ARM.ActiveCfg = Release|Any CPU
		{C9753FE6-8022-427E-A612-D9E8EDB3641D}.MinSizeRel|ARM.Build.0 = Release|Any CPU
		{C9753FE6-8022-427E-A612-D9E8EDB3641D}.MinSizeRel|iPhone.ActiveCfg = Release|Any CPU
		{C9753FE6-8022-427E-A612-D9E8EDB3641D}.MinSizeRel|iPhone.Build.0 = Release|Any CPU
		{C9753FE6-8022-427E-A612-D9E8EDB3641D}.MinSizeRel|iPhoneSimulator.ActiveCfg = Release|Any CPU
		{C9753FE6-8022-427E-A612-D9E8EDB3641D}.MinSizeRel|iPhoneSimulator.Build.0 = Release|Any CPU
		{C9753FE6-8022-427E-A612-D9E8EDB3641D}.MinSizeRel|x64.ActiveCfg = Release|Any CPU
		{C9753FE6-8022-427E-A612-D9E8EDB3641D}.MinSizeRel|x64.Build.0 = Release|Any CPU
		{C9753FE6-8022-427E-A612-D9E8EDB3641D}.MinSizeRel|x86.ActiveCfg = Release|Any CPU
		{C9753FE6-8022-427E-A612-D9E8EDB3641D}.MinSizeRel|x86.Build.0 = Release|Any CPU
		{C9753FE6-8022-427E-A612-D9E8EDB3641D}.Release|Any CPU.ActiveCfg = Release|Any CPU
		{C9753FE6-8022-427E-A612-D9E8EDB3641D}.Release|Any CPU.Build.0 = Release|Any CPU
		{C9753FE6-8022-427E-A612-D9E8EDB3641D}.Release|ARM.ActiveCfg = Release|Any CPU
		{C9753FE6-8022-427E-A612-D9E8EDB3641D}.Release|ARM.Build.0 = Release|Any CPU
		{C9753FE6-8022-427E-A612-D9E8EDB3641D}.Release|iPhone.ActiveCfg = Release|Any CPU
		{C9753FE6-8022-427E-A612-D9E8EDB3641D}.Release|iPhone.Build.0 = Release|Any CPU
		{C9753FE6-8022-427E-A612-D9E8EDB3641D}.Release|iPhoneSimulator.ActiveCfg = Release|Any CPU
		{C9753FE6-8022-427E-A612-D9E8EDB3641D}.Release|iPhoneSimulator.Build.0 = Release|Any CPU
		{C9753FE6-8022-427E-A612-D9E8EDB3641D}.Release|x64.ActiveCfg = Release|Any CPU
		{C9753FE6-8022-427E-A612-D9E8EDB3641D}.Release|x64.Build.0 = Release|Any CPU
		{C9753FE6-8022-427E-A612-D9E8EDB3641D}.Release|x86.ActiveCfg = Release|Any CPU
		{C9753FE6-8022-427E-A612-D9E8EDB3641D}.Release|x86.Build.0 = Release|Any CPU
		{C9753FE6-8022-427E-A612-D9E8EDB3641D}.RelWithDebInfo|Any CPU.ActiveCfg = Release|Any CPU
		{C9753FE6-8022-427E-A612-D9E8EDB3641D}.RelWithDebInfo|Any CPU.Build.0 = Release|Any CPU
		{C9753FE6-8022-427E-A612-D9E8EDB3641D}.RelWithDebInfo|ARM.ActiveCfg = Release|Any CPU
		{C9753FE6-8022-427E-A612-D9E8EDB3641D}.RelWithDebInfo|ARM.Build.0 = Release|Any CPU
		{C9753FE6-8022-427E-A612-D9E8EDB3641D}.RelWithDebInfo|iPhone.ActiveCfg = Release|Any CPU
		{C9753FE6-8022-427E-A612-D9E8EDB3641D}.RelWithDebInfo|iPhone.Build.0 = Release|Any CPU
		{C9753FE6-8022-427E-A612-D9E8EDB3641D}.RelWithDebInfo|iPhoneSimulator.ActiveCfg = Release|Any CPU
		{C9753FE6-8022-427E-A612-D9E8EDB3641D}.RelWithDebInfo|iPhoneSimulator.Build.0 = Release|Any CPU
		{C9753FE6-8022-427E-A612-D9E8EDB3641D}.RelWithDebInfo|x64.ActiveCfg = Release|Any CPU
		{C9753FE6-8022-427E-A612-D9E8EDB3641D}.RelWithDebInfo|x64.Build.0 = Release|Any CPU
		{C9753FE6-8022-427E-A612-D9E8EDB3641D}.RelWithDebInfo|x86.ActiveCfg = Release|Any CPU
		{C9753FE6-8022-427E-A612-D9E8EDB3641D}.RelWithDebInfo|x86.Build.0 = Release|Any CPU
		{A416D382-B243-4019-A05D-1D937F1CD73A}.Debug|Any CPU.ActiveCfg = Debug|Any CPU
		{A416D382-B243-4019-A05D-1D937F1CD73A}.Debug|Any CPU.Build.0 = Debug|Any CPU
		{A416D382-B243-4019-A05D-1D937F1CD73A}.Debug|ARM.ActiveCfg = Debug|Any CPU
		{A416D382-B243-4019-A05D-1D937F1CD73A}.Debug|ARM.Build.0 = Debug|Any CPU
		{A416D382-B243-4019-A05D-1D937F1CD73A}.Debug|iPhone.ActiveCfg = Debug|Any CPU
		{A416D382-B243-4019-A05D-1D937F1CD73A}.Debug|iPhone.Build.0 = Debug|Any CPU
		{A416D382-B243-4019-A05D-1D937F1CD73A}.Debug|iPhoneSimulator.ActiveCfg = Debug|Any CPU
		{A416D382-B243-4019-A05D-1D937F1CD73A}.Debug|iPhoneSimulator.Build.0 = Debug|Any CPU
		{A416D382-B243-4019-A05D-1D937F1CD73A}.Debug|x64.ActiveCfg = Debug|Any CPU
		{A416D382-B243-4019-A05D-1D937F1CD73A}.Debug|x64.Build.0 = Debug|Any CPU
		{A416D382-B243-4019-A05D-1D937F1CD73A}.Debug|x86.ActiveCfg = Debug|Any CPU
		{A416D382-B243-4019-A05D-1D937F1CD73A}.Debug|x86.Build.0 = Debug|Any CPU
		{A416D382-B243-4019-A05D-1D937F1CD73A}.MinSizeRel|Any CPU.ActiveCfg = Release|Any CPU
		{A416D382-B243-4019-A05D-1D937F1CD73A}.MinSizeRel|Any CPU.Build.0 = Release|Any CPU
		{A416D382-B243-4019-A05D-1D937F1CD73A}.MinSizeRel|ARM.ActiveCfg = Release|Any CPU
		{A416D382-B243-4019-A05D-1D937F1CD73A}.MinSizeRel|ARM.Build.0 = Release|Any CPU
		{A416D382-B243-4019-A05D-1D937F1CD73A}.MinSizeRel|iPhone.ActiveCfg = Release|Any CPU
		{A416D382-B243-4019-A05D-1D937F1CD73A}.MinSizeRel|iPhone.Build.0 = Release|Any CPU
		{A416D382-B243-4019-A05D-1D937F1CD73A}.MinSizeRel|iPhoneSimulator.ActiveCfg = Release|Any CPU
		{A416D382-B243-4019-A05D-1D937F1CD73A}.MinSizeRel|iPhoneSimulator.Build.0 = Release|Any CPU
		{A416D382-B243-4019-A05D-1D937F1CD73A}.MinSizeRel|x64.ActiveCfg = Release|Any CPU
		{A416D382-B243-4019-A05D-1D937F1CD73A}.MinSizeRel|x64.Build.0 = Release|Any CPU
		{A416D382-B243-4019-A05D-1D937F1CD73A}.MinSizeRel|x86.ActiveCfg = Release|Any CPU
		{A416D382-B243-4019-A05D-1D937F1CD73A}.MinSizeRel|x86.Build.0 = Release|Any CPU
		{A416D382-B243-4019-A05D-1D937F1CD73A}.Release|Any CPU.ActiveCfg = Release|Any CPU
		{A416D382-B243-4019-A05D-1D937F1CD73A}.Release|Any CPU.Build.0 = Release|Any CPU
		{A416D382-B243-4019-A05D-1D937F1CD73A}.Release|ARM.ActiveCfg = Release|Any CPU
		{A416D382-B243-4019-A05D-1D937F1CD73A}.Release|ARM.Build.0 = Release|Any CPU
		{A416D382-B243-4019-A05D-1D937F1CD73A}.Release|iPhone.ActiveCfg = Release|Any CPU
		{A416D382-B243-4019-A05D-1D937F1CD73A}.Release|iPhone.Build.0 = Release|Any CPU
		{A416D382-B243-4019-A05D-1D937F1CD73A}.Release|iPhoneSimulator.ActiveCfg = Release|Any CPU
		{A416D382-B243-4019-A05D-1D937F1CD73A}.Release|iPhoneSimulator.Build.0 = Release|Any CPU
		{A416D382-B243-4019-A05D-1D937F1CD73A}.Release|x64.ActiveCfg = Release|Any CPU
		{A416D382-B243-4019-A05D-1D937F1CD73A}.Release|x64.Build.0 = Release|Any CPU
		{A416D382-B243-4019-A05D-1D937F1CD73A}.Release|x86.ActiveCfg = Release|Any CPU
		{A416D382-B243-4019-A05D-1D937F1CD73A}.Release|x86.Build.0 = Release|Any CPU
		{A416D382-B243-4019-A05D-1D937F1CD73A}.RelWithDebInfo|Any CPU.ActiveCfg = Release|Any CPU
		{A416D382-B243-4019-A05D-1D937F1CD73A}.RelWithDebInfo|Any CPU.Build.0 = Release|Any CPU
		{A416D382-B243-4019-A05D-1D937F1CD73A}.RelWithDebInfo|ARM.ActiveCfg = Release|Any CPU
		{A416D382-B243-4019-A05D-1D937F1CD73A}.RelWithDebInfo|ARM.Build.0 = Release|Any CPU
		{A416D382-B243-4019-A05D-1D937F1CD73A}.RelWithDebInfo|iPhone.ActiveCfg = Release|Any CPU
		{A416D382-B243-4019-A05D-1D937F1CD73A}.RelWithDebInfo|iPhone.Build.0 = Release|Any CPU
		{A416D382-B243-4019-A05D-1D937F1CD73A}.RelWithDebInfo|iPhoneSimulator.ActiveCfg = Release|Any CPU
		{A416D382-B243-4019-A05D-1D937F1CD73A}.RelWithDebInfo|iPhoneSimulator.Build.0 = Release|Any CPU
		{A416D382-B243-4019-A05D-1D937F1CD73A}.RelWithDebInfo|x64.ActiveCfg = Release|Any CPU
		{A416D382-B243-4019-A05D-1D937F1CD73A}.RelWithDebInfo|x64.Build.0 = Release|Any CPU
		{A416D382-B243-4019-A05D-1D937F1CD73A}.RelWithDebInfo|x86.ActiveCfg = Release|Any CPU
		{A416D382-B243-4019-A05D-1D937F1CD73A}.RelWithDebInfo|x86.Build.0 = Release|Any CPU
		{D8DF24A7-E618-4A0F-ABC4-97AC823BD6A3}.Debug|Any CPU.ActiveCfg = Debug|Any CPU
		{D8DF24A7-E618-4A0F-ABC4-97AC823BD6A3}.Debug|Any CPU.Build.0 = Debug|Any CPU
		{D8DF24A7-E618-4A0F-ABC4-97AC823BD6A3}.Debug|ARM.ActiveCfg = Debug|Any CPU
		{D8DF24A7-E618-4A0F-ABC4-97AC823BD6A3}.Debug|ARM.Build.0 = Debug|Any CPU
		{D8DF24A7-E618-4A0F-ABC4-97AC823BD6A3}.Debug|iPhone.ActiveCfg = Debug|Any CPU
		{D8DF24A7-E618-4A0F-ABC4-97AC823BD6A3}.Debug|iPhone.Build.0 = Debug|Any CPU
		{D8DF24A7-E618-4A0F-ABC4-97AC823BD6A3}.Debug|iPhoneSimulator.ActiveCfg = Debug|Any CPU
		{D8DF24A7-E618-4A0F-ABC4-97AC823BD6A3}.Debug|iPhoneSimulator.Build.0 = Debug|Any CPU
		{D8DF24A7-E618-4A0F-ABC4-97AC823BD6A3}.Debug|x64.ActiveCfg = Debug|Any CPU
		{D8DF24A7-E618-4A0F-ABC4-97AC823BD6A3}.Debug|x64.Build.0 = Debug|Any CPU
		{D8DF24A7-E618-4A0F-ABC4-97AC823BD6A3}.Debug|x86.ActiveCfg = Debug|Any CPU
		{D8DF24A7-E618-4A0F-ABC4-97AC823BD6A3}.Debug|x86.Build.0 = Debug|Any CPU
		{D8DF24A7-E618-4A0F-ABC4-97AC823BD6A3}.MinSizeRel|Any CPU.ActiveCfg = Release|Any CPU
		{D8DF24A7-E618-4A0F-ABC4-97AC823BD6A3}.MinSizeRel|Any CPU.Build.0 = Release|Any CPU
		{D8DF24A7-E618-4A0F-ABC4-97AC823BD6A3}.MinSizeRel|ARM.ActiveCfg = Release|Any CPU
		{D8DF24A7-E618-4A0F-ABC4-97AC823BD6A3}.MinSizeRel|ARM.Build.0 = Release|Any CPU
		{D8DF24A7-E618-4A0F-ABC4-97AC823BD6A3}.MinSizeRel|iPhone.ActiveCfg = Release|Any CPU
		{D8DF24A7-E618-4A0F-ABC4-97AC823BD6A3}.MinSizeRel|iPhone.Build.0 = Release|Any CPU
		{D8DF24A7-E618-4A0F-ABC4-97AC823BD6A3}.MinSizeRel|iPhoneSimulator.ActiveCfg = Release|Any CPU
		{D8DF24A7-E618-4A0F-ABC4-97AC823BD6A3}.MinSizeRel|iPhoneSimulator.Build.0 = Release|Any CPU
		{D8DF24A7-E618-4A0F-ABC4-97AC823BD6A3}.MinSizeRel|x64.ActiveCfg = Release|Any CPU
		{D8DF24A7-E618-4A0F-ABC4-97AC823BD6A3}.MinSizeRel|x64.Build.0 = Release|Any CPU
		{D8DF24A7-E618-4A0F-ABC4-97AC823BD6A3}.MinSizeRel|x86.ActiveCfg = Release|Any CPU
		{D8DF24A7-E618-4A0F-ABC4-97AC823BD6A3}.MinSizeRel|x86.Build.0 = Release|Any CPU
		{D8DF24A7-E618-4A0F-ABC4-97AC823BD6A3}.Release|Any CPU.ActiveCfg = Release|Any CPU
		{D8DF24A7-E618-4A0F-ABC4-97AC823BD6A3}.Release|Any CPU.Build.0 = Release|Any CPU
		{D8DF24A7-E618-4A0F-ABC4-97AC823BD6A3}.Release|ARM.ActiveCfg = Release|Any CPU
		{D8DF24A7-E618-4A0F-ABC4-97AC823BD6A3}.Release|ARM.Build.0 = Release|Any CPU
		{D8DF24A7-E618-4A0F-ABC4-97AC823BD6A3}.Release|iPhone.ActiveCfg = Release|Any CPU
		{D8DF24A7-E618-4A0F-ABC4-97AC823BD6A3}.Release|iPhone.Build.0 = Release|Any CPU
		{D8DF24A7-E618-4A0F-ABC4-97AC823BD6A3}.Release|iPhoneSimulator.ActiveCfg = Release|Any CPU
		{D8DF24A7-E618-4A0F-ABC4-97AC823BD6A3}.Release|iPhoneSimulator.Build.0 = Release|Any CPU
		{D8DF24A7-E618-4A0F-ABC4-97AC823BD6A3}.Release|x64.ActiveCfg = Release|Any CPU
		{D8DF24A7-E618-4A0F-ABC4-97AC823BD6A3}.Release|x64.Build.0 = Release|Any CPU
		{D8DF24A7-E618-4A0F-ABC4-97AC823BD6A3}.Release|x86.ActiveCfg = Release|Any CPU
		{D8DF24A7-E618-4A0F-ABC4-97AC823BD6A3}.Release|x86.Build.0 = Release|Any CPU
		{D8DF24A7-E618-4A0F-ABC4-97AC823BD6A3}.RelWithDebInfo|Any CPU.ActiveCfg = Release|Any CPU
		{D8DF24A7-E618-4A0F-ABC4-97AC823BD6A3}.RelWithDebInfo|Any CPU.Build.0 = Release|Any CPU
		{D8DF24A7-E618-4A0F-ABC4-97AC823BD6A3}.RelWithDebInfo|ARM.ActiveCfg = Release|Any CPU
		{D8DF24A7-E618-4A0F-ABC4-97AC823BD6A3}.RelWithDebInfo|ARM.Build.0 = Release|Any CPU
		{D8DF24A7-E618-4A0F-ABC4-97AC823BD6A3}.RelWithDebInfo|iPhone.ActiveCfg = Release|Any CPU
		{D8DF24A7-E618-4A0F-ABC4-97AC823BD6A3}.RelWithDebInfo|iPhone.Build.0 = Release|Any CPU
		{D8DF24A7-E618-4A0F-ABC4-97AC823BD6A3}.RelWithDebInfo|iPhoneSimulator.ActiveCfg = Release|Any CPU
		{D8DF24A7-E618-4A0F-ABC4-97AC823BD6A3}.RelWithDebInfo|iPhoneSimulator.Build.0 = Release|Any CPU
		{D8DF24A7-E618-4A0F-ABC4-97AC823BD6A3}.RelWithDebInfo|x64.ActiveCfg = Release|Any CPU
		{D8DF24A7-E618-4A0F-ABC4-97AC823BD6A3}.RelWithDebInfo|x64.Build.0 = Release|Any CPU
		{D8DF24A7-E618-4A0F-ABC4-97AC823BD6A3}.RelWithDebInfo|x86.ActiveCfg = Release|Any CPU
		{D8DF24A7-E618-4A0F-ABC4-97AC823BD6A3}.RelWithDebInfo|x86.Build.0 = Release|Any CPU
		{7E414A7A-DB48-3EBF-8F4D-0AB7FC2E8721}.Debug|Any CPU.ActiveCfg = Debug|Win32
		{7E414A7A-DB48-3EBF-8F4D-0AB7FC2E8721}.Debug|ARM.ActiveCfg = Debug|Win32
		{7E414A7A-DB48-3EBF-8F4D-0AB7FC2E8721}.Debug|iPhone.ActiveCfg = Debug|Win32
		{7E414A7A-DB48-3EBF-8F4D-0AB7FC2E8721}.Debug|iPhoneSimulator.ActiveCfg = Debug|Win32
		{7E414A7A-DB48-3EBF-8F4D-0AB7FC2E8721}.Debug|x64.ActiveCfg = Debug|Win32
		{7E414A7A-DB48-3EBF-8F4D-0AB7FC2E8721}.Debug|x86.ActiveCfg = Debug|Win32
		{7E414A7A-DB48-3EBF-8F4D-0AB7FC2E8721}.Debug|x86.Build.0 = Debug|Win32
		{7E414A7A-DB48-3EBF-8F4D-0AB7FC2E8721}.MinSizeRel|Any CPU.ActiveCfg = MinSizeRel|Win32
		{7E414A7A-DB48-3EBF-8F4D-0AB7FC2E8721}.MinSizeRel|ARM.ActiveCfg = MinSizeRel|Win32
		{7E414A7A-DB48-3EBF-8F4D-0AB7FC2E8721}.MinSizeRel|iPhone.ActiveCfg = MinSizeRel|Win32
		{7E414A7A-DB48-3EBF-8F4D-0AB7FC2E8721}.MinSizeRel|iPhoneSimulator.ActiveCfg = MinSizeRel|Win32
		{7E414A7A-DB48-3EBF-8F4D-0AB7FC2E8721}.MinSizeRel|x64.ActiveCfg = MinSizeRel|Win32
		{7E414A7A-DB48-3EBF-8F4D-0AB7FC2E8721}.MinSizeRel|x86.ActiveCfg = MinSizeRel|Win32
		{7E414A7A-DB48-3EBF-8F4D-0AB7FC2E8721}.MinSizeRel|x86.Build.0 = MinSizeRel|Win32
		{7E414A7A-DB48-3EBF-8F4D-0AB7FC2E8721}.Release|Any CPU.ActiveCfg = Release|Win32
		{7E414A7A-DB48-3EBF-8F4D-0AB7FC2E8721}.Release|ARM.ActiveCfg = Release|Win32
		{7E414A7A-DB48-3EBF-8F4D-0AB7FC2E8721}.Release|iPhone.ActiveCfg = Release|Win32
		{7E414A7A-DB48-3EBF-8F4D-0AB7FC2E8721}.Release|iPhoneSimulator.ActiveCfg = Release|Win32
		{7E414A7A-DB48-3EBF-8F4D-0AB7FC2E8721}.Release|x64.ActiveCfg = Release|Win32
		{7E414A7A-DB48-3EBF-8F4D-0AB7FC2E8721}.Release|x86.ActiveCfg = Release|Win32
		{7E414A7A-DB48-3EBF-8F4D-0AB7FC2E8721}.Release|x86.Build.0 = Release|Win32
		{7E414A7A-DB48-3EBF-8F4D-0AB7FC2E8721}.RelWithDebInfo|Any CPU.ActiveCfg = RelWithDebInfo|Win32
		{7E414A7A-DB48-3EBF-8F4D-0AB7FC2E8721}.RelWithDebInfo|ARM.ActiveCfg = RelWithDebInfo|Win32
		{7E414A7A-DB48-3EBF-8F4D-0AB7FC2E8721}.RelWithDebInfo|iPhone.ActiveCfg = RelWithDebInfo|Win32
		{7E414A7A-DB48-3EBF-8F4D-0AB7FC2E8721}.RelWithDebInfo|iPhoneSimulator.ActiveCfg = RelWithDebInfo|Win32
		{7E414A7A-DB48-3EBF-8F4D-0AB7FC2E8721}.RelWithDebInfo|x64.ActiveCfg = RelWithDebInfo|Win32
		{7E414A7A-DB48-3EBF-8F4D-0AB7FC2E8721}.RelWithDebInfo|x86.ActiveCfg = RelWithDebInfo|Win32
		{7E414A7A-DB48-3EBF-8F4D-0AB7FC2E8721}.RelWithDebInfo|x86.Build.0 = RelWithDebInfo|Win32
		{692AD7D4-B10C-3877-B59D-9988A1AA8B0F}.Debug|Any CPU.ActiveCfg = Debug|Win32
		{692AD7D4-B10C-3877-B59D-9988A1AA8B0F}.Debug|ARM.ActiveCfg = Debug|Win32
		{692AD7D4-B10C-3877-B59D-9988A1AA8B0F}.Debug|iPhone.ActiveCfg = Debug|Win32
		{692AD7D4-B10C-3877-B59D-9988A1AA8B0F}.Debug|iPhoneSimulator.ActiveCfg = Debug|Win32
		{692AD7D4-B10C-3877-B59D-9988A1AA8B0F}.Debug|x64.ActiveCfg = Debug|Win32
		{692AD7D4-B10C-3877-B59D-9988A1AA8B0F}.Debug|x86.ActiveCfg = Debug|Win32
		{692AD7D4-B10C-3877-B59D-9988A1AA8B0F}.Debug|x86.Build.0 = Debug|Win32
		{692AD7D4-B10C-3877-B59D-9988A1AA8B0F}.MinSizeRel|Any CPU.ActiveCfg = MinSizeRel|Win32
		{692AD7D4-B10C-3877-B59D-9988A1AA8B0F}.MinSizeRel|ARM.ActiveCfg = MinSizeRel|Win32
		{692AD7D4-B10C-3877-B59D-9988A1AA8B0F}.MinSizeRel|iPhone.ActiveCfg = MinSizeRel|Win32
		{692AD7D4-B10C-3877-B59D-9988A1AA8B0F}.MinSizeRel|iPhoneSimulator.ActiveCfg = MinSizeRel|Win32
		{692AD7D4-B10C-3877-B59D-9988A1AA8B0F}.MinSizeRel|x64.ActiveCfg = MinSizeRel|Win32
		{692AD7D4-B10C-3877-B59D-9988A1AA8B0F}.MinSizeRel|x86.ActiveCfg = MinSizeRel|Win32
		{692AD7D4-B10C-3877-B59D-9988A1AA8B0F}.MinSizeRel|x86.Build.0 = MinSizeRel|Win32
		{692AD7D4-B10C-3877-B59D-9988A1AA8B0F}.Release|Any CPU.ActiveCfg = Release|Win32
		{692AD7D4-B10C-3877-B59D-9988A1AA8B0F}.Release|ARM.ActiveCfg = Release|Win32
		{692AD7D4-B10C-3877-B59D-9988A1AA8B0F}.Release|iPhone.ActiveCfg = Release|Win32
		{692AD7D4-B10C-3877-B59D-9988A1AA8B0F}.Release|iPhoneSimulator.ActiveCfg = Release|Win32
		{692AD7D4-B10C-3877-B59D-9988A1AA8B0F}.Release|x64.ActiveCfg = Release|Win32
		{692AD7D4-B10C-3877-B59D-9988A1AA8B0F}.Release|x86.ActiveCfg = Release|Win32
		{692AD7D4-B10C-3877-B59D-9988A1AA8B0F}.Release|x86.Build.0 = Release|Win32
		{692AD7D4-B10C-3877-B59D-9988A1AA8B0F}.RelWithDebInfo|Any CPU.ActiveCfg = RelWithDebInfo|Win32
		{692AD7D4-B10C-3877-B59D-9988A1AA8B0F}.RelWithDebInfo|ARM.ActiveCfg = RelWithDebInfo|Win32
		{692AD7D4-B10C-3877-B59D-9988A1AA8B0F}.RelWithDebInfo|iPhone.ActiveCfg = RelWithDebInfo|Win32
		{692AD7D4-B10C-3877-B59D-9988A1AA8B0F}.RelWithDebInfo|iPhoneSimulator.ActiveCfg = RelWithDebInfo|Win32
		{692AD7D4-B10C-3877-B59D-9988A1AA8B0F}.RelWithDebInfo|x64.ActiveCfg = RelWithDebInfo|Win32
		{692AD7D4-B10C-3877-B59D-9988A1AA8B0F}.RelWithDebInfo|x86.ActiveCfg = RelWithDebInfo|Win32
		{692AD7D4-B10C-3877-B59D-9988A1AA8B0F}.RelWithDebInfo|x86.Build.0 = RelWithDebInfo|Win32
		{8BDA672B-C40A-41DE-A114-D9E77452ABAB}.Debug|Any CPU.ActiveCfg = Debug|Any CPU
		{8BDA672B-C40A-41DE-A114-D9E77452ABAB}.Debug|Any CPU.Build.0 = Debug|Any CPU
		{8BDA672B-C40A-41DE-A114-D9E77452ABAB}.Debug|ARM.ActiveCfg = Debug|Any CPU
		{8BDA672B-C40A-41DE-A114-D9E77452ABAB}.Debug|ARM.Build.0 = Debug|Any CPU
		{8BDA672B-C40A-41DE-A114-D9E77452ABAB}.Debug|iPhone.ActiveCfg = Debug|Any CPU
		{8BDA672B-C40A-41DE-A114-D9E77452ABAB}.Debug|iPhone.Build.0 = Debug|Any CPU
		{8BDA672B-C40A-41DE-A114-D9E77452ABAB}.Debug|iPhoneSimulator.ActiveCfg = Debug|Any CPU
		{8BDA672B-C40A-41DE-A114-D9E77452ABAB}.Debug|iPhoneSimulator.Build.0 = Debug|Any CPU
		{8BDA672B-C40A-41DE-A114-D9E77452ABAB}.Debug|x64.ActiveCfg = Debug|Any CPU
		{8BDA672B-C40A-41DE-A114-D9E77452ABAB}.Debug|x64.Build.0 = Debug|Any CPU
		{8BDA672B-C40A-41DE-A114-D9E77452ABAB}.Debug|x86.ActiveCfg = Debug|Any CPU
		{8BDA672B-C40A-41DE-A114-D9E77452ABAB}.Debug|x86.Build.0 = Debug|Any CPU
		{8BDA672B-C40A-41DE-A114-D9E77452ABAB}.MinSizeRel|Any CPU.ActiveCfg = Debug|Any CPU
		{8BDA672B-C40A-41DE-A114-D9E77452ABAB}.MinSizeRel|Any CPU.Build.0 = Debug|Any CPU
		{8BDA672B-C40A-41DE-A114-D9E77452ABAB}.MinSizeRel|ARM.ActiveCfg = Debug|Any CPU
		{8BDA672B-C40A-41DE-A114-D9E77452ABAB}.MinSizeRel|ARM.Build.0 = Debug|Any CPU
		{8BDA672B-C40A-41DE-A114-D9E77452ABAB}.MinSizeRel|iPhone.ActiveCfg = Debug|Any CPU
		{8BDA672B-C40A-41DE-A114-D9E77452ABAB}.MinSizeRel|iPhone.Build.0 = Debug|Any CPU
		{8BDA672B-C40A-41DE-A114-D9E77452ABAB}.MinSizeRel|iPhoneSimulator.ActiveCfg = Debug|Any CPU
		{8BDA672B-C40A-41DE-A114-D9E77452ABAB}.MinSizeRel|iPhoneSimulator.Build.0 = Debug|Any CPU
		{8BDA672B-C40A-41DE-A114-D9E77452ABAB}.MinSizeRel|x64.ActiveCfg = Debug|Any CPU
		{8BDA672B-C40A-41DE-A114-D9E77452ABAB}.MinSizeRel|x64.Build.0 = Debug|Any CPU
		{8BDA672B-C40A-41DE-A114-D9E77452ABAB}.MinSizeRel|x86.ActiveCfg = Debug|Any CPU
		{8BDA672B-C40A-41DE-A114-D9E77452ABAB}.MinSizeRel|x86.Build.0 = Debug|Any CPU
		{8BDA672B-C40A-41DE-A114-D9E77452ABAB}.Release|Any CPU.ActiveCfg = Release|Any CPU
		{8BDA672B-C40A-41DE-A114-D9E77452ABAB}.Release|Any CPU.Build.0 = Release|Any CPU
		{8BDA672B-C40A-41DE-A114-D9E77452ABAB}.Release|ARM.ActiveCfg = Release|Any CPU
		{8BDA672B-C40A-41DE-A114-D9E77452ABAB}.Release|ARM.Build.0 = Release|Any CPU
		{8BDA672B-C40A-41DE-A114-D9E77452ABAB}.Release|iPhone.ActiveCfg = Release|Any CPU
		{8BDA672B-C40A-41DE-A114-D9E77452ABAB}.Release|iPhone.Build.0 = Release|Any CPU
		{8BDA672B-C40A-41DE-A114-D9E77452ABAB}.Release|iPhoneSimulator.ActiveCfg = Release|Any CPU
		{8BDA672B-C40A-41DE-A114-D9E77452ABAB}.Release|iPhoneSimulator.Build.0 = Release|Any CPU
		{8BDA672B-C40A-41DE-A114-D9E77452ABAB}.Release|x64.ActiveCfg = Release|Any CPU
		{8BDA672B-C40A-41DE-A114-D9E77452ABAB}.Release|x64.Build.0 = Release|Any CPU
		{8BDA672B-C40A-41DE-A114-D9E77452ABAB}.Release|x86.ActiveCfg = Release|Any CPU
		{8BDA672B-C40A-41DE-A114-D9E77452ABAB}.Release|x86.Build.0 = Release|Any CPU
		{8BDA672B-C40A-41DE-A114-D9E77452ABAB}.RelWithDebInfo|Any CPU.ActiveCfg = Release|Any CPU
		{8BDA672B-C40A-41DE-A114-D9E77452ABAB}.RelWithDebInfo|Any CPU.Build.0 = Release|Any CPU
		{8BDA672B-C40A-41DE-A114-D9E77452ABAB}.RelWithDebInfo|ARM.ActiveCfg = Release|Any CPU
		{8BDA672B-C40A-41DE-A114-D9E77452ABAB}.RelWithDebInfo|ARM.Build.0 = Release|Any CPU
		{8BDA672B-C40A-41DE-A114-D9E77452ABAB}.RelWithDebInfo|iPhone.ActiveCfg = Release|Any CPU
		{8BDA672B-C40A-41DE-A114-D9E77452ABAB}.RelWithDebInfo|iPhone.Build.0 = Release|Any CPU
		{8BDA672B-C40A-41DE-A114-D9E77452ABAB}.RelWithDebInfo|iPhoneSimulator.ActiveCfg = Release|Any CPU
		{8BDA672B-C40A-41DE-A114-D9E77452ABAB}.RelWithDebInfo|iPhoneSimulator.Build.0 = Release|Any CPU
		{8BDA672B-C40A-41DE-A114-D9E77452ABAB}.RelWithDebInfo|x64.ActiveCfg = Release|Any CPU
		{8BDA672B-C40A-41DE-A114-D9E77452ABAB}.RelWithDebInfo|x64.Build.0 = Release|Any CPU
		{8BDA672B-C40A-41DE-A114-D9E77452ABAB}.RelWithDebInfo|x86.ActiveCfg = Release|Any CPU
		{8BDA672B-C40A-41DE-A114-D9E77452ABAB}.RelWithDebInfo|x86.Build.0 = Release|Any CPU
		{F12D7B94-A727-39D0-8261-20451EC28DB1}.Debug|Any CPU.ActiveCfg = Debug|Win32
		{F12D7B94-A727-39D0-8261-20451EC28DB1}.Debug|ARM.ActiveCfg = Debug|Win32
		{F12D7B94-A727-39D0-8261-20451EC28DB1}.Debug|iPhone.ActiveCfg = Debug|Win32
		{F12D7B94-A727-39D0-8261-20451EC28DB1}.Debug|iPhoneSimulator.ActiveCfg = Debug|Win32
		{F12D7B94-A727-39D0-8261-20451EC28DB1}.Debug|x64.ActiveCfg = Debug|Win32
		{F12D7B94-A727-39D0-8261-20451EC28DB1}.Debug|x86.ActiveCfg = Debug|Win32
		{F12D7B94-A727-39D0-8261-20451EC28DB1}.Debug|x86.Build.0 = Debug|Win32
		{F12D7B94-A727-39D0-8261-20451EC28DB1}.MinSizeRel|Any CPU.ActiveCfg = MinSizeRel|Win32
		{F12D7B94-A727-39D0-8261-20451EC28DB1}.MinSizeRel|ARM.ActiveCfg = MinSizeRel|Win32
		{F12D7B94-A727-39D0-8261-20451EC28DB1}.MinSizeRel|iPhone.ActiveCfg = MinSizeRel|Win32
		{F12D7B94-A727-39D0-8261-20451EC28DB1}.MinSizeRel|iPhoneSimulator.ActiveCfg = MinSizeRel|Win32
		{F12D7B94-A727-39D0-8261-20451EC28DB1}.MinSizeRel|x64.ActiveCfg = MinSizeRel|Win32
		{F12D7B94-A727-39D0-8261-20451EC28DB1}.MinSizeRel|x86.ActiveCfg = MinSizeRel|Win32
		{F12D7B94-A727-39D0-8261-20451EC28DB1}.MinSizeRel|x86.Build.0 = MinSizeRel|Win32
		{F12D7B94-A727-39D0-8261-20451EC28DB1}.Release|Any CPU.ActiveCfg = Release|Win32
		{F12D7B94-A727-39D0-8261-20451EC28DB1}.Release|ARM.ActiveCfg = Release|Win32
		{F12D7B94-A727-39D0-8261-20451EC28DB1}.Release|iPhone.ActiveCfg = Release|Win32
		{F12D7B94-A727-39D0-8261-20451EC28DB1}.Release|iPhoneSimulator.ActiveCfg = Release|Win32
		{F12D7B94-A727-39D0-8261-20451EC28DB1}.Release|x64.ActiveCfg = Release|Win32
		{F12D7B94-A727-39D0-8261-20451EC28DB1}.Release|x86.ActiveCfg = Release|Win32
		{F12D7B94-A727-39D0-8261-20451EC28DB1}.Release|x86.Build.0 = Release|Win32
		{F12D7B94-A727-39D0-8261-20451EC28DB1}.RelWithDebInfo|Any CPU.ActiveCfg = RelWithDebInfo|Win32
		{F12D7B94-A727-39D0-8261-20451EC28DB1}.RelWithDebInfo|ARM.ActiveCfg = RelWithDebInfo|Win32
		{F12D7B94-A727-39D0-8261-20451EC28DB1}.RelWithDebInfo|iPhone.ActiveCfg = RelWithDebInfo|Win32
		{F12D7B94-A727-39D0-8261-20451EC28DB1}.RelWithDebInfo|iPhoneSimulator.ActiveCfg = RelWithDebInfo|Win32
		{F12D7B94-A727-39D0-8261-20451EC28DB1}.RelWithDebInfo|x64.ActiveCfg = RelWithDebInfo|Win32
		{F12D7B94-A727-39D0-8261-20451EC28DB1}.RelWithDebInfo|x86.ActiveCfg = RelWithDebInfo|Win32
		{F12D7B94-A727-39D0-8261-20451EC28DB1}.RelWithDebInfo|x86.Build.0 = RelWithDebInfo|Win32
	EndGlobalSection
	GlobalSection(SolutionProperties) = preSolution
		HideSolutionNode = FALSE
	EndGlobalSection
	GlobalSection(NestedProjects) = preSolution
		{C0DB0E07-4FBC-44D1-8E84-A074497385C6} = {50F058DF-2B41-403C-BB73-8B4180D1CF39}
		{159A55AF-9531-4107-8444-CA9C96107EF5} = {D10BE048-9C20-4B8B-BE5B-48CC55F8BB07}
		{3A6CC342-40D0-4487-9964-DDAEBA628199} = {D10BE048-9C20-4B8B-BE5B-48CC55F8BB07}
		{CDAB5FEE-CC5D-4EFA-807F-F1B974047BE7} = {50F058DF-2B41-403C-BB73-8B4180D1CF39}
		{4FF9AAE6-210E-41F0-A5E1-8D7C4A864F51} = {D10BE048-9C20-4B8B-BE5B-48CC55F8BB07}
		{10725A22-B22F-46AB-B5C4-7BC505A1E74A} = {D10BE048-9C20-4B8B-BE5B-48CC55F8BB07}
		{F67B1BEB-4157-45A2-B310-4AA8F99C750E} = {D10BE048-9C20-4B8B-BE5B-48CC55F8BB07}
		{78799FCD-BE2E-4ECE-A52E-662846615B58} = {D10BE048-9C20-4B8B-BE5B-48CC55F8BB07}
		{2621628F-FD92-4E22-A29F-431FAEEBF0B8} = {4FF9AAE6-210E-41F0-A5E1-8D7C4A864F51}
		{C9753FE6-8022-427E-A612-D9E8EDB3641D} = {4FF9AAE6-210E-41F0-A5E1-8D7C4A864F51}
		{A416D382-B243-4019-A05D-1D937F1CD73A} = {4FF9AAE6-210E-41F0-A5E1-8D7C4A864F51}
		{D8DF24A7-E618-4A0F-ABC4-97AC823BD6A3} = {4FF9AAE6-210E-41F0-A5E1-8D7C4A864F51}
		{8BDA672B-C40A-41DE-A114-D9E77452ABAB} = {D10BE048-9C20-4B8B-BE5B-48CC55F8BB07}
	EndGlobalSection
	GlobalSection(ExtensibilityGlobals) = postSolution
		SolutionGuid = {BE5E0028-B74D-4BE1-B1DA-5FFCC8469C41}
	EndGlobalSection
EndGlobal
