<?xml version="1.0" encoding="utf-8"?>
<Project ToolsVersion="4.0" xmlns="http://schemas.microsoft.com/developer/msbuild/2003">
  <ItemGroup>
    <Filter Include="Source Files">
      <UniqueIdentifier>{4FC737F1-C7A5-4376-A066-2A32D752A2FF}</UniqueIdentifier>
      <Extensions>cpp;c;cc;cxx;def;odl;idl;hpj;bat;asm;asmx</Extensions>
    </Filter>
    <Filter Include="Header Files">
      <UniqueIdentifier>{93995380-89BD-4b04-88EB-625FBE52EBFB}</UniqueIdentifier>
      <Extensions>h;hh;hpp;hxx;hm;inl;inc;xsd</Extensions>
    </Filter>
    <Filter Include="Resource Files">
      <UniqueIdentifier>{67DA6AB6-F800-4c08-8B7A-83BB121AAD01}</UniqueIdentifier>
      <Extensions>rc;ico;cur;bmp;dlg;rc2;rct;bin;rgs;gif;jpg;jpeg;jpe;resx;tiff;tif;png;wav;mfcribbon-ms</Extensions>
    </Filter>
    <Filter Include="Header Files\object-store">
      <UniqueIdentifier>{25d5e2ed-aac0-4f6d-8fc3-7562db1dab7a}</UniqueIdentifier>
    </Filter>
    <Filter Include="Source Files\object-store">
      <UniqueIdentifier>{068f5f1d-206a-461c-9713-e889d32b8bd3}</UniqueIdentifier>
    </Filter>
  </ItemGroup>
  <ItemGroup>
    <ClInclude Include="realm_export_decls.h">
      <Filter>Header Files</Filter>
    </ClInclude>
    <ClInclude Include="error_handling.hpp">
      <Filter>Header Files</Filter>
    </ClInclude>
    <ClInclude Include="marshalling.hpp">
      <Filter>Header Files</Filter>
    </ClInclude>
    <ClInclude Include="object-store\index_set.hpp">
      <Filter>Header Files\object-store</Filter>
    </ClInclude>
    <ClInclude Include="object-store\object_schema.hpp">
      <Filter>Header Files\object-store</Filter>
    </ClInclude>
    <ClInclude Include="object-store\object_store.hpp">
      <Filter>Header Files\object-store</Filter>
    </ClInclude>
    <ClInclude Include="object-store\property.hpp">
      <Filter>Header Files\object-store</Filter>
    </ClInclude>
    <ClInclude Include="..\..\..\realm-core\src\win32\pthread\pthread.h">
      <Filter>Header Files\object-store</Filter>
    </ClInclude>
    <ClInclude Include="object-store\schema.hpp">
      <Filter>Header Files\object-store</Filter>
    </ClInclude>
    <ClInclude Include="object-store\shared_realm.hpp">
      <Filter>Header Files\object-store</Filter>
    </ClInclude>
    <ClInclude Include="object-store\impl\windows\external_commit_helper.hpp">
      <Filter>Header Files</Filter>
    </ClInclude>
    <ClInclude Include="object-store\impl\transact_log_handler.hpp">
      <Filter>Header Files\object-store</Filter>
    </ClInclude>
    <ClInclude Include="object-store\realm_error_type.hpp">
      <Filter>Header Files\object-store</Filter>
    </ClInclude>
    <ClInclude Include="object-store\realm_binding_context.hpp">
      <Filter>Header Files\object-store</Filter>
    </ClInclude>
  </ItemGroup>
  <ItemGroup>
    <ClCompile Include="realm-csharp.cpp">
      <Filter>Source Files</Filter>
    </ClCompile>
    <ClCompile Include="shared_realm_cs.cpp">
      <Filter>Source Files</Filter>
    </ClCompile>
    <ClCompile Include="schema_cs.cpp">
      <Filter>Source Files</Filter>
    </ClCompile>
    <ClCompile Include="table_cs.cpp">
      <Filter>Source Files</Filter>
    </ClCompile>
    <ClCompile Include="marshalling.cpp">
      <Filter>Source Files</Filter>
    </ClCompile>
    <ClCompile Include="object-store\index_set.cpp">
      <Filter>Source Files\object-store</Filter>
    </ClCompile>
    <ClCompile Include="object-store\object_schema.cpp">
      <Filter>Source Files\object-store</Filter>
    </ClCompile>
    <ClCompile Include="object-store\object_store.cpp">
      <Filter>Source Files\object-store</Filter>
    </ClCompile>
    <ClCompile Include="..\..\..\realm-core\src\win32\pthread\pthread.c">
      <Filter>Source Files\object-store</Filter>
    </ClCompile>
    <ClCompile Include="object-store\schema.cpp">
      <Filter>Source Files\object-store</Filter>
    </ClCompile>
    <ClCompile Include="object-store\shared_realm.cpp">
      <Filter>Source Files\object-store</Filter>
    </ClCompile>
    <ClCompile Include="row_cs.cpp">
      <Filter>Source Files</Filter>
    </ClCompile>
    <ClCompile Include="query_cs.cpp">
      <Filter>Source Files</Filter>
    </ClCompile>
    <ClCompile Include="object_schema_cs.cpp">
      <Filter>Source Files</Filter>
    </ClCompile>
    <ClCompile Include="object-store\impl\windows\external_commit_helper.cpp">
      <Filter>Source Files</Filter>
    </ClCompile>
    <ClCompile Include="object-store\impl\transact_log_handler.cpp">
      <Filter>Source Files\object-store</Filter>
    </ClCompile>
    <ClCompile Include="error_handling.cpp">
      <Filter>Source Files</Filter>
    </ClCompile>
  </ItemGroup>
</Project>