
Microsoft Visual Studio Solution File, Format Version 12.00
Project("{FAE04EC0-301F-11D3-BF4B-00C04F79EFBC}") = "SimpleToDo", "SimpleToDo.csproj", "{BC4AD08C-023F-4235-AF2E-9F4FEA08740A}"
EndProject
Global
	GlobalSection(SolutionConfigurationPlatforms) = preSolution
		Debug|Any CPU = Debug|Any CPU
		Release|Any CPU = Release|Any CPU
	EndGlobalSection
	GlobalSection(ProjectConfigurationPlatforms) = postSolution
		{BC4AD08C-023F-4235-AF2E-9F4FEA08740A}.Debug|Any CPU.ActiveCfg = Debug|Any CPU
		{BC4AD08C-023F-4235-AF2E-9F4FEA08740A}.Debug|Any CPU.Build.0 = Debug|Any CPU
		{BC4AD08C-023F-4235-AF2E-9F4FEA08740A}.Release|Any CPU.ActiveCfg = Release|Any CPU
		{BC4AD08C-023F-4235-AF2E-9F4FEA08740A}.Release|Any CPU.Build.0 = Release|Any CPU
	EndGlobalSection
EndGlobal
