
Microsoft Visual Studio Solution File, Format Version 12.00
# Visual Studio 14
VisualStudioVersion = 14.0.23107.0
MinimumVisualStudioVersion = 10.0.40219.1
Project("{FAE04EC0-301F-11D3-BF4B-00C04F79EFBC}") = "RealmNetWeaver", "RealmNetWeaver\RealmNetWeaver.csproj", "{C3578A7B-09A6-4444-9383-0DEAFA4958BD}"
EndProject
Project("{FAE04EC0-301F-11D3-BF4B-00C04F79EFBC}") = "Nuget", "NuGet\Nuget.csproj", "{63786CE5-D899-43DF-AD4E-C2CA3BAC3FC2}"
EndProject
Project("{FAE04EC0-301F-11D3-BF4B-00C04F79EFBC}") = "RealmNet", "RealmNet\RealmNet.csproj", "{2494214E-6005-4EB9-AD2C-1D4BCD7B0223}"
EndProject
Project("{2150E333-8FDC-42A3-9474-1A3956D46DE8}") = "Solution Items", "Solution Items", "{4A6B567B-5654-449B-B30A-D7FDE6A7F341}"
	ProjectSection(SolutionItems) = preProject
		license.txt = license.txt
		README.md = README.md
	EndProjectSection
EndProject
Project("{2150E333-8FDC-42A3-9474-1A3956D46DE8}") = "Interop", "Interop", "{2591F0E6-164F-491A-9D18-4AB4B255C717}"
EndProject
Project("{FAE04EC0-301F-11D3-BF4B-00C04F79EFBC}") = "Interop.XamarinIOS", "Interop\Interop.XamarinIOS\Interop.XamarinIOS.csproj", "{A55BD773-5A29-4B2A-9DB7-1AB1DD38B537}"
EndProject
Project("{FAE04EC0-301F-11D3-BF4B-00C04F79EFBC}") = "Interop.XamarinMAC", "Interop\Interop.XamarinMAC\Interop.XamarinMAC.csproj", "{9F2EE4B5-CFD1-45E6-B2DB-969857FBCA2D}"
EndProject
Project("{FAE04EC0-301F-11D3-BF4B-00C04F79EFBC}") = "Interop.Win32", "Interop\Interop.Win32\Interop.Win32.csproj", "{C211EDE7-CC8E-4F53-A9DF-0B105A350BBF}"
	ProjectSection(ProjectDependencies) = postProject
		{A1E763AD-24B9-4D6B-AACA-282BB33E350F} = {A1E763AD-24B9-4D6B-AACA-282BB33E350F}
	EndProjectSection
EndProject
Project("{FAE04EC0-301F-11D3-BF4B-00C04F79EFBC}") = "InteropShared", "Interop\InteropShared\InteropShared.csproj", "{8B451911-321F-4244-9999-C1678BED060D}"
EndProject
Project("{FAE04EC0-301F-11D3-BF4B-00C04F79EFBC}") = "Interop.XamarinAndroid", "Interop\Interop.XamarinAndroid\Interop.XamarinAndroid.csproj", "{2379D669-4F4B-4FF6-AF8A-49FEA981EFC3}"
EndProject
Project("{2150E333-8FDC-42A3-9474-1A3956D46DE8}") = "Tests", "Tests", "{199A5BB3-E248-4A6A-8B86-364185EAFDAA}"
EndProject
Project("{FAE04EC0-301F-11D3-BF4B-00C04F79EFBC}") = "AssemblyToProcess", "Tests\AssemblyToProcess\AssemblyToProcess.csproj", "{E97E649F-B703-47E3-B18A-0871D3498742}"
EndProject
Project("{FAE04EC0-301F-11D3-BF4B-00C04F79EFBC}") = "IntegrationTests", "Tests\IntegrationTests\IntegrationTests.csproj", "{85BE0303-787B-4325-9FF3-DFC028A3E6FF}"
EndProject
Project("{FAE04EC0-301F-11D3-BF4B-00C04F79EFBC}") = "RealmNet.Tests", "Tests\RealmNet.Tests\RealmNet.Tests.csproj", "{5A86453B-96FB-4B6E-A283-225BB9F753D3}"
EndProject
Project("{FAE04EC0-301F-11D3-BF4B-00C04F79EFBC}") = "Playground.XamarinIOS", "Tests\Playground.XamarinIOS\Playground.XamarinIOS.csproj", "{F81186BE-F71F-4989-8208-60BC6474FE6D}"
EndProject
Project("{FAE04EC0-301F-11D3-BF4B-00C04F79EFBC}") = "Playground.XamarinAndroid", "Tests\Playground.XamarinAndroid\Playground.XamarinAndroid.csproj", "{E78C3F94-9D79-439C-B787-9ED7665CF358}"
EndProject
Project("{8BC9CEB8-8B4A-11D0-8D11-00A0C91BC942}") = "wrappers", "wrappers\wrappers.vcxproj", "{A1E763AD-24B9-4D6B-AACA-282BB33E350F}"
EndProject
Global
	GlobalSection(SolutionConfigurationPlatforms) = preSolution
		Debug|Any CPU = Debug|Any CPU
		Debug|ARM = Debug|ARM
		Debug|iPhone = Debug|iPhone
		Debug|iPhoneSimulator = Debug|iPhoneSimulator
		Debug|x64 = Debug|x64
		Debug|x86 = Debug|x86
		Release|Any CPU = Release|Any CPU
		Release|ARM = Release|ARM
		Release|iPhone = Release|iPhone
		Release|iPhoneSimulator = Release|iPhoneSimulator
		Release|x64 = Release|x64
		Release|x86 = Release|x86
	EndGlobalSection
	GlobalSection(ProjectConfigurationPlatforms) = postSolution
		{C3578A7B-09A6-4444-9383-0DEAFA4958BD}.Debug|Any CPU.ActiveCfg = Debug|Any CPU
		{C3578A7B-09A6-4444-9383-0DEAFA4958BD}.Debug|Any CPU.Build.0 = Debug|Any CPU
		{C3578A7B-09A6-4444-9383-0DEAFA4958BD}.Debug|ARM.ActiveCfg = Debug|Any CPU
		{C3578A7B-09A6-4444-9383-0DEAFA4958BD}.Debug|ARM.Build.0 = Debug|Any CPU
		{C3578A7B-09A6-4444-9383-0DEAFA4958BD}.Debug|iPhone.ActiveCfg = Debug|Any CPU
		{C3578A7B-09A6-4444-9383-0DEAFA4958BD}.Debug|iPhone.Build.0 = Debug|Any CPU
		{C3578A7B-09A6-4444-9383-0DEAFA4958BD}.Debug|iPhoneSimulator.ActiveCfg = Debug|Any CPU
		{C3578A7B-09A6-4444-9383-0DEAFA4958BD}.Debug|iPhoneSimulator.Build.0 = Debug|Any CPU
		{C3578A7B-09A6-4444-9383-0DEAFA4958BD}.Debug|x64.ActiveCfg = Debug|Any CPU
		{C3578A7B-09A6-4444-9383-0DEAFA4958BD}.Debug|x64.Build.0 = Debug|Any CPU
		{C3578A7B-09A6-4444-9383-0DEAFA4958BD}.Debug|x86.ActiveCfg = Debug|Any CPU
		{C3578A7B-09A6-4444-9383-0DEAFA4958BD}.Debug|x86.Build.0 = Debug|Any CPU
		{C3578A7B-09A6-4444-9383-0DEAFA4958BD}.Release|Any CPU.ActiveCfg = Release|Any CPU
		{C3578A7B-09A6-4444-9383-0DEAFA4958BD}.Release|Any CPU.Build.0 = Release|Any CPU
		{C3578A7B-09A6-4444-9383-0DEAFA4958BD}.Release|ARM.ActiveCfg = Release|Any CPU
		{C3578A7B-09A6-4444-9383-0DEAFA4958BD}.Release|ARM.Build.0 = Release|Any CPU
		{C3578A7B-09A6-4444-9383-0DEAFA4958BD}.Release|iPhone.ActiveCfg = Release|Any CPU
		{C3578A7B-09A6-4444-9383-0DEAFA4958BD}.Release|iPhone.Build.0 = Release|Any CPU
		{C3578A7B-09A6-4444-9383-0DEAFA4958BD}.Release|iPhoneSimulator.ActiveCfg = Release|Any CPU
		{C3578A7B-09A6-4444-9383-0DEAFA4958BD}.Release|iPhoneSimulator.Build.0 = Release|Any CPU
		{C3578A7B-09A6-4444-9383-0DEAFA4958BD}.Release|x64.ActiveCfg = Release|Any CPU
		{C3578A7B-09A6-4444-9383-0DEAFA4958BD}.Release|x64.Build.0 = Release|Any CPU
		{C3578A7B-09A6-4444-9383-0DEAFA4958BD}.Release|x86.ActiveCfg = Release|Any CPU
		{63786CE5-D899-43DF-AD4E-C2CA3BAC3FC2}.Debug|Any CPU.ActiveCfg = Debug|Any CPU
		{63786CE5-D899-43DF-AD4E-C2CA3BAC3FC2}.Debug|Any CPU.Build.0 = Debug|Any CPU
		{63786CE5-D899-43DF-AD4E-C2CA3BAC3FC2}.Debug|ARM.ActiveCfg = Debug|Any CPU
		{63786CE5-D899-43DF-AD4E-C2CA3BAC3FC2}.Debug|ARM.Build.0 = Debug|Any CPU
		{63786CE5-D899-43DF-AD4E-C2CA3BAC3FC2}.Debug|iPhone.ActiveCfg = Debug|Any CPU
		{63786CE5-D899-43DF-AD4E-C2CA3BAC3FC2}.Debug|iPhone.Build.0 = Debug|Any CPU
		{63786CE5-D899-43DF-AD4E-C2CA3BAC3FC2}.Debug|iPhoneSimulator.ActiveCfg = Debug|Any CPU
		{63786CE5-D899-43DF-AD4E-C2CA3BAC3FC2}.Debug|iPhoneSimulator.Build.0 = Debug|Any CPU
		{63786CE5-D899-43DF-AD4E-C2CA3BAC3FC2}.Debug|x64.ActiveCfg = Debug|Any CPU
		{63786CE5-D899-43DF-AD4E-C2CA3BAC3FC2}.Debug|x64.Build.0 = Debug|Any CPU
		{63786CE5-D899-43DF-AD4E-C2CA3BAC3FC2}.Debug|x86.ActiveCfg = Debug|Any CPU
		{63786CE5-D899-43DF-AD4E-C2CA3BAC3FC2}.Release|Any CPU.ActiveCfg = Release|Any CPU
		{63786CE5-D899-43DF-AD4E-C2CA3BAC3FC2}.Release|Any CPU.Build.0 = Release|Any CPU
		{63786CE5-D899-43DF-AD4E-C2CA3BAC3FC2}.Release|ARM.ActiveCfg = Release|Any CPU
		{63786CE5-D899-43DF-AD4E-C2CA3BAC3FC2}.Release|ARM.Build.0 = Release|Any CPU
		{63786CE5-D899-43DF-AD4E-C2CA3BAC3FC2}.Release|iPhone.ActiveCfg = Release|Any CPU
		{63786CE5-D899-43DF-AD4E-C2CA3BAC3FC2}.Release|iPhone.Build.0 = Release|Any CPU
		{63786CE5-D899-43DF-AD4E-C2CA3BAC3FC2}.Release|iPhoneSimulator.ActiveCfg = Release|Any CPU
		{63786CE5-D899-43DF-AD4E-C2CA3BAC3FC2}.Release|iPhoneSimulator.Build.0 = Release|Any CPU
		{63786CE5-D899-43DF-AD4E-C2CA3BAC3FC2}.Release|x64.ActiveCfg = Release|Any CPU
		{63786CE5-D899-43DF-AD4E-C2CA3BAC3FC2}.Release|x64.Build.0 = Release|Any CPU
		{63786CE5-D899-43DF-AD4E-C2CA3BAC3FC2}.Release|x86.ActiveCfg = Release|Any CPU
		{2494214E-6005-4EB9-AD2C-1D4BCD7B0223}.Debug|Any CPU.ActiveCfg = Debug|Any CPU
		{2494214E-6005-4EB9-AD2C-1D4BCD7B0223}.Debug|Any CPU.Build.0 = Debug|Any CPU
		{2494214E-6005-4EB9-AD2C-1D4BCD7B0223}.Debug|ARM.ActiveCfg = Debug|Any CPU
		{2494214E-6005-4EB9-AD2C-1D4BCD7B0223}.Debug|ARM.Build.0 = Debug|Any CPU
		{2494214E-6005-4EB9-AD2C-1D4BCD7B0223}.Debug|iPhone.ActiveCfg = Debug|Any CPU
		{2494214E-6005-4EB9-AD2C-1D4BCD7B0223}.Debug|iPhone.Build.0 = Debug|Any CPU
		{2494214E-6005-4EB9-AD2C-1D4BCD7B0223}.Debug|iPhoneSimulator.ActiveCfg = Debug|Any CPU
		{2494214E-6005-4EB9-AD2C-1D4BCD7B0223}.Debug|iPhoneSimulator.Build.0 = Debug|Any CPU
		{2494214E-6005-4EB9-AD2C-1D4BCD7B0223}.Debug|x64.ActiveCfg = Debug|Any CPU
		{2494214E-6005-4EB9-AD2C-1D4BCD7B0223}.Debug|x64.Build.0 = Debug|Any CPU
		{2494214E-6005-4EB9-AD2C-1D4BCD7B0223}.Debug|x86.ActiveCfg = Debug|Any CPU
		{2494214E-6005-4EB9-AD2C-1D4BCD7B0223}.Debug|x86.Build.0 = Debug|Any CPU
		{2494214E-6005-4EB9-AD2C-1D4BCD7B0223}.Release|Any CPU.ActiveCfg = Release|Any CPU
		{2494214E-6005-4EB9-AD2C-1D4BCD7B0223}.Release|Any CPU.Build.0 = Release|Any CPU
		{2494214E-6005-4EB9-AD2C-1D4BCD7B0223}.Release|ARM.ActiveCfg = Release|Any CPU
		{2494214E-6005-4EB9-AD2C-1D4BCD7B0223}.Release|ARM.Build.0 = Release|Any CPU
		{2494214E-6005-4EB9-AD2C-1D4BCD7B0223}.Release|iPhone.ActiveCfg = Release|Any CPU
		{2494214E-6005-4EB9-AD2C-1D4BCD7B0223}.Release|iPhone.Build.0 = Release|Any CPU
		{2494214E-6005-4EB9-AD2C-1D4BCD7B0223}.Release|iPhoneSimulator.ActiveCfg = Release|Any CPU
		{2494214E-6005-4EB9-AD2C-1D4BCD7B0223}.Release|iPhoneSimulator.Build.0 = Release|Any CPU
		{2494214E-6005-4EB9-AD2C-1D4BCD7B0223}.Release|x64.ActiveCfg = Release|Any CPU
		{2494214E-6005-4EB9-AD2C-1D4BCD7B0223}.Release|x64.Build.0 = Release|Any CPU
		{2494214E-6005-4EB9-AD2C-1D4BCD7B0223}.Release|x86.ActiveCfg = Release|Any CPU
		{A55BD773-5A29-4B2A-9DB7-1AB1DD38B537}.Debug|Any CPU.ActiveCfg = Debug|Any CPU
		{A55BD773-5A29-4B2A-9DB7-1AB1DD38B537}.Debug|Any CPU.Build.0 = Debug|Any CPU
		{A55BD773-5A29-4B2A-9DB7-1AB1DD38B537}.Debug|ARM.ActiveCfg = Debug|Any CPU
		{A55BD773-5A29-4B2A-9DB7-1AB1DD38B537}.Debug|iPhone.ActiveCfg = Debug|Any CPU
		{A55BD773-5A29-4B2A-9DB7-1AB1DD38B537}.Debug|iPhone.Build.0 = Debug|Any CPU
		{A55BD773-5A29-4B2A-9DB7-1AB1DD38B537}.Debug|iPhoneSimulator.ActiveCfg = Debug|Any CPU
		{A55BD773-5A29-4B2A-9DB7-1AB1DD38B537}.Debug|iPhoneSimulator.Build.0 = Debug|Any CPU
		{A55BD773-5A29-4B2A-9DB7-1AB1DD38B537}.Debug|x64.ActiveCfg = Debug|Any CPU
		{A55BD773-5A29-4B2A-9DB7-1AB1DD38B537}.Debug|x86.ActiveCfg = Debug|Any CPU
		{A55BD773-5A29-4B2A-9DB7-1AB1DD38B537}.Release|Any CPU.ActiveCfg = Release|Any CPU
		{A55BD773-5A29-4B2A-9DB7-1AB1DD38B537}.Release|Any CPU.Build.0 = Release|Any CPU
		{A55BD773-5A29-4B2A-9DB7-1AB1DD38B537}.Release|ARM.ActiveCfg = Release|Any CPU
		{A55BD773-5A29-4B2A-9DB7-1AB1DD38B537}.Release|iPhone.ActiveCfg = Release|Any CPU
		{A55BD773-5A29-4B2A-9DB7-1AB1DD38B537}.Release|iPhone.Build.0 = Release|Any CPU
		{A55BD773-5A29-4B2A-9DB7-1AB1DD38B537}.Release|iPhoneSimulator.ActiveCfg = Release|Any CPU
		{A55BD773-5A29-4B2A-9DB7-1AB1DD38B537}.Release|iPhoneSimulator.Build.0 = Release|Any CPU
		{A55BD773-5A29-4B2A-9DB7-1AB1DD38B537}.Release|x64.ActiveCfg = Release|Any CPU
		{A55BD773-5A29-4B2A-9DB7-1AB1DD38B537}.Release|x86.ActiveCfg = Release|Any CPU
		{A55BD773-5A29-4B2A-9DB7-1AB1DD38B537}.Release|x86.Build.0 = Release|Any CPU
		{9F2EE4B5-CFD1-45E6-B2DB-969857FBCA2D}.Debug|Any CPU.ActiveCfg = Debug|Any CPU
		{9F2EE4B5-CFD1-45E6-B2DB-969857FBCA2D}.Debug|Any CPU.Build.0 = Debug|Any CPU
		{9F2EE4B5-CFD1-45E6-B2DB-969857FBCA2D}.Debug|ARM.ActiveCfg = Debug|Any CPU
		{9F2EE4B5-CFD1-45E6-B2DB-969857FBCA2D}.Debug|iPhone.ActiveCfg = Debug|Any CPU
		{9F2EE4B5-CFD1-45E6-B2DB-969857FBCA2D}.Debug|iPhone.Build.0 = Debug|Any CPU
		{9F2EE4B5-CFD1-45E6-B2DB-969857FBCA2D}.Debug|iPhoneSimulator.ActiveCfg = Debug|Any CPU
		{9F2EE4B5-CFD1-45E6-B2DB-969857FBCA2D}.Debug|iPhoneSimulator.Build.0 = Debug|Any CPU
		{9F2EE4B5-CFD1-45E6-B2DB-969857FBCA2D}.Debug|x64.ActiveCfg = Debug|Any CPU
		{9F2EE4B5-CFD1-45E6-B2DB-969857FBCA2D}.Debug|x86.ActiveCfg = Debug|Any CPU
		{9F2EE4B5-CFD1-45E6-B2DB-969857FBCA2D}.Debug|x86.Build.0 = Debug|Any CPU
		{9F2EE4B5-CFD1-45E6-B2DB-969857FBCA2D}.Release|Any CPU.ActiveCfg = Release|Any CPU
		{9F2EE4B5-CFD1-45E6-B2DB-969857FBCA2D}.Release|Any CPU.Build.0 = Release|Any CPU
		{9F2EE4B5-CFD1-45E6-B2DB-969857FBCA2D}.Release|ARM.ActiveCfg = Release|Any CPU
		{9F2EE4B5-CFD1-45E6-B2DB-969857FBCA2D}.Release|iPhone.ActiveCfg = Release|Any CPU
		{9F2EE4B5-CFD1-45E6-B2DB-969857FBCA2D}.Release|iPhone.Build.0 = Release|Any CPU
		{9F2EE4B5-CFD1-45E6-B2DB-969857FBCA2D}.Release|iPhoneSimulator.ActiveCfg = Release|Any CPU
		{9F2EE4B5-CFD1-45E6-B2DB-969857FBCA2D}.Release|iPhoneSimulator.Build.0 = Release|Any CPU
		{9F2EE4B5-CFD1-45E6-B2DB-969857FBCA2D}.Release|x64.ActiveCfg = Release|Any CPU
		{9F2EE4B5-CFD1-45E6-B2DB-969857FBCA2D}.Release|x86.ActiveCfg = Release|Any CPU
		{9F2EE4B5-CFD1-45E6-B2DB-969857FBCA2D}.Release|x86.Build.0 = Release|Any CPU
		{C211EDE7-CC8E-4F53-A9DF-0B105A350BBF}.Debug|Any CPU.ActiveCfg = Debug|Any CPU
		{C211EDE7-CC8E-4F53-A9DF-0B105A350BBF}.Debug|ARM.ActiveCfg = Debug|Any CPU
		{C211EDE7-CC8E-4F53-A9DF-0B105A350BBF}.Debug|iPhone.ActiveCfg = Debug|Any CPU
		{C211EDE7-CC8E-4F53-A9DF-0B105A350BBF}.Debug|iPhoneSimulator.ActiveCfg = Debug|Any CPU
		{C211EDE7-CC8E-4F53-A9DF-0B105A350BBF}.Debug|x64.ActiveCfg = Debug|x64
		{C211EDE7-CC8E-4F53-A9DF-0B105A350BBF}.Debug|x64.Build.0 = Debug|x64
		{C211EDE7-CC8E-4F53-A9DF-0B105A350BBF}.Debug|x86.ActiveCfg = Debug|Any CPU
		{C211EDE7-CC8E-4F53-A9DF-0B105A350BBF}.Debug|x86.Build.0 = Debug|Any CPU
		{C211EDE7-CC8E-4F53-A9DF-0B105A350BBF}.Release|Any CPU.ActiveCfg = Release|Any CPU
		{C211EDE7-CC8E-4F53-A9DF-0B105A350BBF}.Release|Any CPU.Build.0 = Release|Any CPU
		{C211EDE7-CC8E-4F53-A9DF-0B105A350BBF}.Release|ARM.ActiveCfg = Release|Any CPU
		{C211EDE7-CC8E-4F53-A9DF-0B105A350BBF}.Release|ARM.Build.0 = Release|Any CPU
		{C211EDE7-CC8E-4F53-A9DF-0B105A350BBF}.Release|iPhone.ActiveCfg = Release|Any CPU
		{C211EDE7-CC8E-4F53-A9DF-0B105A350BBF}.Release|iPhone.Build.0 = Release|Any CPU
		{C211EDE7-CC8E-4F53-A9DF-0B105A350BBF}.Release|iPhoneSimulator.ActiveCfg = Release|Any CPU
		{C211EDE7-CC8E-4F53-A9DF-0B105A350BBF}.Release|iPhoneSimulator.Build.0 = Release|Any CPU
		{C211EDE7-CC8E-4F53-A9DF-0B105A350BBF}.Release|x64.ActiveCfg = Release|Any CPU
		{C211EDE7-CC8E-4F53-A9DF-0B105A350BBF}.Release|x64.Build.0 = Release|Any CPU
		{C211EDE7-CC8E-4F53-A9DF-0B105A350BBF}.Release|x86.ActiveCfg = Release|Any CPU
		{C211EDE7-CC8E-4F53-A9DF-0B105A350BBF}.Release|x86.Build.0 = Release|Any CPU
		{8B451911-321F-4244-9999-C1678BED060D}.Debug|Any CPU.ActiveCfg = Debug|Any CPU
		{8B451911-321F-4244-9999-C1678BED060D}.Debug|Any CPU.Build.0 = Debug|Any CPU
		{8B451911-321F-4244-9999-C1678BED060D}.Debug|ARM.ActiveCfg = Debug|Any CPU
		{8B451911-321F-4244-9999-C1678BED060D}.Debug|ARM.Build.0 = Debug|Any CPU
		{8B451911-321F-4244-9999-C1678BED060D}.Debug|iPhone.ActiveCfg = Debug|Any CPU
		{8B451911-321F-4244-9999-C1678BED060D}.Debug|iPhone.Build.0 = Debug|Any CPU
		{8B451911-321F-4244-9999-C1678BED060D}.Debug|iPhoneSimulator.ActiveCfg = Debug|Any CPU
		{8B451911-321F-4244-9999-C1678BED060D}.Debug|iPhoneSimulator.Build.0 = Debug|Any CPU
		{8B451911-321F-4244-9999-C1678BED060D}.Debug|x64.ActiveCfg = Debug|Any CPU
		{8B451911-321F-4244-9999-C1678BED060D}.Debug|x64.Build.0 = Debug|Any CPU
		{8B451911-321F-4244-9999-C1678BED060D}.Debug|x86.ActiveCfg = Debug|Any CPU
		{8B451911-321F-4244-9999-C1678BED060D}.Debug|x86.Build.0 = Debug|Any CPU
		{8B451911-321F-4244-9999-C1678BED060D}.Release|Any CPU.ActiveCfg = Release|Any CPU
		{8B451911-321F-4244-9999-C1678BED060D}.Release|Any CPU.Build.0 = Release|Any CPU
		{8B451911-321F-4244-9999-C1678BED060D}.Release|ARM.ActiveCfg = Release|Any CPU
		{8B451911-321F-4244-9999-C1678BED060D}.Release|ARM.Build.0 = Release|Any CPU
		{8B451911-321F-4244-9999-C1678BED060D}.Release|iPhone.ActiveCfg = Release|Any CPU
		{8B451911-321F-4244-9999-C1678BED060D}.Release|iPhone.Build.0 = Release|Any CPU
		{8B451911-321F-4244-9999-C1678BED060D}.Release|iPhoneSimulator.ActiveCfg = Release|Any CPU
		{8B451911-321F-4244-9999-C1678BED060D}.Release|iPhoneSimulator.Build.0 = Release|Any CPU
		{8B451911-321F-4244-9999-C1678BED060D}.Release|x64.ActiveCfg = Release|Any CPU
		{8B451911-321F-4244-9999-C1678BED060D}.Release|x64.Build.0 = Release|Any CPU
		{8B451911-321F-4244-9999-C1678BED060D}.Release|x86.ActiveCfg = Release|Any CPU
		{8B451911-321F-4244-9999-C1678BED060D}.Release|x86.Build.0 = Release|Any CPU
		{2379D669-4F4B-4FF6-AF8A-49FEA981EFC3}.Debug|Any CPU.ActiveCfg = Debug|Any CPU
		{2379D669-4F4B-4FF6-AF8A-49FEA981EFC3}.Debug|Any CPU.Build.0 = Debug|Any CPU
		{2379D669-4F4B-4FF6-AF8A-49FEA981EFC3}.Debug|ARM.ActiveCfg = Debug|Any CPU
		{2379D669-4F4B-4FF6-AF8A-49FEA981EFC3}.Debug|ARM.Build.0 = Debug|Any CPU
		{2379D669-4F4B-4FF6-AF8A-49FEA981EFC3}.Debug|iPhone.ActiveCfg = Debug|Any CPU
		{2379D669-4F4B-4FF6-AF8A-49FEA981EFC3}.Debug|iPhoneSimulator.ActiveCfg = Debug|Any CPU
		{2379D669-4F4B-4FF6-AF8A-49FEA981EFC3}.Debug|iPhoneSimulator.Build.0 = Debug|Any CPU
		{2379D669-4F4B-4FF6-AF8A-49FEA981EFC3}.Debug|x64.ActiveCfg = Debug|Any CPU
		{2379D669-4F4B-4FF6-AF8A-49FEA981EFC3}.Debug|x64.Build.0 = Debug|Any CPU
		{2379D669-4F4B-4FF6-AF8A-49FEA981EFC3}.Debug|x86.ActiveCfg = Debug|Any CPU
		{2379D669-4F4B-4FF6-AF8A-49FEA981EFC3}.Release|Any CPU.ActiveCfg = Release|Any CPU
		{2379D669-4F4B-4FF6-AF8A-49FEA981EFC3}.Release|Any CPU.Build.0 = Release|Any CPU
		{2379D669-4F4B-4FF6-AF8A-49FEA981EFC3}.Release|ARM.ActiveCfg = Release|Any CPU
		{2379D669-4F4B-4FF6-AF8A-49FEA981EFC3}.Release|ARM.Build.0 = Release|Any CPU
		{2379D669-4F4B-4FF6-AF8A-49FEA981EFC3}.Release|iPhone.ActiveCfg = Release|Any CPU
		{2379D669-4F4B-4FF6-AF8A-49FEA981EFC3}.Release|iPhone.Build.0 = Release|Any CPU
		{2379D669-4F4B-4FF6-AF8A-49FEA981EFC3}.Release|iPhoneSimulator.ActiveCfg = Release|Any CPU
		{2379D669-4F4B-4FF6-AF8A-49FEA981EFC3}.Release|iPhoneSimulator.Build.0 = Release|Any CPU
		{2379D669-4F4B-4FF6-AF8A-49FEA981EFC3}.Release|x64.ActiveCfg = Release|Any CPU
		{2379D669-4F4B-4FF6-AF8A-49FEA981EFC3}.Release|x64.Build.0 = Release|Any CPU
		{2379D669-4F4B-4FF6-AF8A-49FEA981EFC3}.Release|x86.ActiveCfg = Release|Any CPU
		{2379D669-4F4B-4FF6-AF8A-49FEA981EFC3}.Release|x86.Build.0 = Release|Any CPU
		{E97E649F-B703-47E3-B18A-0871D3498742}.Debug|Any CPU.ActiveCfg = Debug|Any CPU
		{E97E649F-B703-47E3-B18A-0871D3498742}.Debug|Any CPU.Build.0 = Debug|Any CPU
		{E97E649F-B703-47E3-B18A-0871D3498742}.Debug|ARM.ActiveCfg = Debug|Any CPU
		{E97E649F-B703-47E3-B18A-0871D3498742}.Debug|ARM.Build.0 = Debug|Any CPU
		{E97E649F-B703-47E3-B18A-0871D3498742}.Debug|iPhone.ActiveCfg = Debug|Any CPU
		{E97E649F-B703-47E3-B18A-0871D3498742}.Debug|iPhone.Build.0 = Debug|Any CPU
		{E97E649F-B703-47E3-B18A-0871D3498742}.Debug|iPhoneSimulator.ActiveCfg = Debug|Any CPU
		{E97E649F-B703-47E3-B18A-0871D3498742}.Debug|iPhoneSimulator.Build.0 = Debug|Any CPU
		{E97E649F-B703-47E3-B18A-0871D3498742}.Debug|x64.ActiveCfg = Debug|Any CPU
		{E97E649F-B703-47E3-B18A-0871D3498742}.Debug|x64.Build.0 = Debug|Any CPU
		{E97E649F-B703-47E3-B18A-0871D3498742}.Debug|x86.ActiveCfg = Debug|Any CPU
		{E97E649F-B703-47E3-B18A-0871D3498742}.Debug|x86.Build.0 = Debug|Any CPU
		{E97E649F-B703-47E3-B18A-0871D3498742}.Release|Any CPU.ActiveCfg = Release|Any CPU
		{E97E649F-B703-47E3-B18A-0871D3498742}.Release|Any CPU.Build.0 = Release|Any CPU
		{E97E649F-B703-47E3-B18A-0871D3498742}.Release|ARM.ActiveCfg = Release|Any CPU
		{E97E649F-B703-47E3-B18A-0871D3498742}.Release|ARM.Build.0 = Release|Any CPU
		{E97E649F-B703-47E3-B18A-0871D3498742}.Release|iPhone.ActiveCfg = Release|Any CPU
		{E97E649F-B703-47E3-B18A-0871D3498742}.Release|iPhone.Build.0 = Release|Any CPU
		{E97E649F-B703-47E3-B18A-0871D3498742}.Release|iPhoneSimulator.ActiveCfg = Release|Any CPU
		{E97E649F-B703-47E3-B18A-0871D3498742}.Release|iPhoneSimulator.Build.0 = Release|Any CPU
		{E97E649F-B703-47E3-B18A-0871D3498742}.Release|x64.ActiveCfg = Release|Any CPU
		{E97E649F-B703-47E3-B18A-0871D3498742}.Release|x64.Build.0 = Release|Any CPU
		{E97E649F-B703-47E3-B18A-0871D3498742}.Release|x86.ActiveCfg = Release|Any CPU
		{E97E649F-B703-47E3-B18A-0871D3498742}.Release|x86.Build.0 = Release|Any CPU
		{85BE0303-787B-4325-9FF3-DFC028A3E6FF}.Debug|Any CPU.ActiveCfg = Debug|Any CPU
		{85BE0303-787B-4325-9FF3-DFC028A3E6FF}.Debug|Any CPU.Build.0 = Debug|Any CPU
		{85BE0303-787B-4325-9FF3-DFC028A3E6FF}.Debug|ARM.ActiveCfg = Debug|Any CPU
		{85BE0303-787B-4325-9FF3-DFC028A3E6FF}.Debug|ARM.Build.0 = Debug|Any CPU
		{85BE0303-787B-4325-9FF3-DFC028A3E6FF}.Debug|iPhone.ActiveCfg = Debug|Any CPU
		{85BE0303-787B-4325-9FF3-DFC028A3E6FF}.Debug|iPhone.Build.0 = Debug|Any CPU
		{85BE0303-787B-4325-9FF3-DFC028A3E6FF}.Debug|iPhoneSimulator.ActiveCfg = Debug|Any CPU
		{85BE0303-787B-4325-9FF3-DFC028A3E6FF}.Debug|iPhoneSimulator.Build.0 = Debug|Any CPU
		{85BE0303-787B-4325-9FF3-DFC028A3E6FF}.Debug|x64.ActiveCfg = Debug|Any CPU
		{85BE0303-787B-4325-9FF3-DFC028A3E6FF}.Debug|x64.Build.0 = Debug|Any CPU
		{85BE0303-787B-4325-9FF3-DFC028A3E6FF}.Debug|x86.ActiveCfg = Debug|Any CPU
		{85BE0303-787B-4325-9FF3-DFC028A3E6FF}.Debug|x86.Build.0 = Debug|Any CPU
		{85BE0303-787B-4325-9FF3-DFC028A3E6FF}.Release|Any CPU.ActiveCfg = Release|Any CPU
		{85BE0303-787B-4325-9FF3-DFC028A3E6FF}.Release|Any CPU.Build.0 = Release|Any CPU
		{85BE0303-787B-4325-9FF3-DFC028A3E6FF}.Release|ARM.ActiveCfg = Release|Any CPU
		{85BE0303-787B-4325-9FF3-DFC028A3E6FF}.Release|ARM.Build.0 = Release|Any CPU
		{85BE0303-787B-4325-9FF3-DFC028A3E6FF}.Release|iPhone.ActiveCfg = Release|Any CPU
		{85BE0303-787B-4325-9FF3-DFC028A3E6FF}.Release|iPhone.Build.0 = Release|Any CPU
		{85BE0303-787B-4325-9FF3-DFC028A3E6FF}.Release|iPhoneSimulator.ActiveCfg = Release|Any CPU
		{85BE0303-787B-4325-9FF3-DFC028A3E6FF}.Release|iPhoneSimulator.Build.0 = Release|Any CPU
		{85BE0303-787B-4325-9FF3-DFC028A3E6FF}.Release|x64.ActiveCfg = Release|Any CPU
		{85BE0303-787B-4325-9FF3-DFC028A3E6FF}.Release|x64.Build.0 = Release|Any CPU
		{85BE0303-787B-4325-9FF3-DFC028A3E6FF}.Release|x86.ActiveCfg = Release|Any CPU
		{85BE0303-787B-4325-9FF3-DFC028A3E6FF}.Release|x86.Build.0 = Release|Any CPU
		{5A86453B-96FB-4B6E-A283-225BB9F753D3}.Debug|Any CPU.ActiveCfg = Debug|Any CPU
		{5A86453B-96FB-4B6E-A283-225BB9F753D3}.Debug|Any CPU.Build.0 = Debug|Any CPU
		{5A86453B-96FB-4B6E-A283-225BB9F753D3}.Debug|ARM.ActiveCfg = Debug|Any CPU
		{5A86453B-96FB-4B6E-A283-225BB9F753D3}.Debug|ARM.Build.0 = Debug|Any CPU
		{5A86453B-96FB-4B6E-A283-225BB9F753D3}.Debug|iPhone.ActiveCfg = Debug|Any CPU
		{5A86453B-96FB-4B6E-A283-225BB9F753D3}.Debug|iPhone.Build.0 = Debug|Any CPU
		{5A86453B-96FB-4B6E-A283-225BB9F753D3}.Debug|iPhoneSimulator.ActiveCfg = Debug|Any CPU
		{5A86453B-96FB-4B6E-A283-225BB9F753D3}.Debug|iPhoneSimulator.Build.0 = Debug|Any CPU
		{5A86453B-96FB-4B6E-A283-225BB9F753D3}.Debug|x64.ActiveCfg = Debug|Any CPU
		{5A86453B-96FB-4B6E-A283-225BB9F753D3}.Debug|x64.Build.0 = Debug|Any CPU
		{5A86453B-96FB-4B6E-A283-225BB9F753D3}.Debug|x86.ActiveCfg = Debug|Any CPU
		{5A86453B-96FB-4B6E-A283-225BB9F753D3}.Debug|x86.Build.0 = Debug|Any CPU
		{5A86453B-96FB-4B6E-A283-225BB9F753D3}.Release|Any CPU.ActiveCfg = Release|Any CPU
		{5A86453B-96FB-4B6E-A283-225BB9F753D3}.Release|Any CPU.Build.0 = Release|Any CPU
		{5A86453B-96FB-4B6E-A283-225BB9F753D3}.Release|ARM.ActiveCfg = Release|Any CPU
		{5A86453B-96FB-4B6E-A283-225BB9F753D3}.Release|ARM.Build.0 = Release|Any CPU
		{5A86453B-96FB-4B6E-A283-225BB9F753D3}.Release|iPhone.ActiveCfg = Release|Any CPU
		{5A86453B-96FB-4B6E-A283-225BB9F753D3}.Release|iPhone.Build.0 = Release|Any CPU
		{5A86453B-96FB-4B6E-A283-225BB9F753D3}.Release|iPhoneSimulator.ActiveCfg = Release|Any CPU
		{5A86453B-96FB-4B6E-A283-225BB9F753D3}.Release|iPhoneSimulator.Build.0 = Release|Any CPU
		{5A86453B-96FB-4B6E-A283-225BB9F753D3}.Release|x64.ActiveCfg = Release|Any CPU
		{5A86453B-96FB-4B6E-A283-225BB9F753D3}.Release|x64.Build.0 = Release|Any CPU
		{5A86453B-96FB-4B6E-A283-225BB9F753D3}.Release|x86.ActiveCfg = Release|Any CPU
		{5A86453B-96FB-4B6E-A283-225BB9F753D3}.Release|x86.Build.0 = Release|Any CPU
		{F81186BE-F71F-4989-8208-60BC6474FE6D}.Debug|Any CPU.ActiveCfg = Debug|iPhoneSimulator
		{F81186BE-F71F-4989-8208-60BC6474FE6D}.Debug|Any CPU.Build.0 = Debug|iPhoneSimulator
		{F81186BE-F71F-4989-8208-60BC6474FE6D}.Debug|ARM.ActiveCfg = Debug|iPhone
		{F81186BE-F71F-4989-8208-60BC6474FE6D}.Debug|iPhone.ActiveCfg = Debug|iPhone
		{F81186BE-F71F-4989-8208-60BC6474FE6D}.Debug|iPhone.Build.0 = Debug|iPhone
		{F81186BE-F71F-4989-8208-60BC6474FE6D}.Debug|iPhoneSimulator.ActiveCfg = Debug|iPhoneSimulator
		{F81186BE-F71F-4989-8208-60BC6474FE6D}.Debug|iPhoneSimulator.Build.0 = Debug|iPhoneSimulator
		{F81186BE-F71F-4989-8208-60BC6474FE6D}.Debug|x64.ActiveCfg = Debug|iPhone
		{F81186BE-F71F-4989-8208-60BC6474FE6D}.Debug|x86.ActiveCfg = Debug|iPhoneSimulator
		{F81186BE-F71F-4989-8208-60BC6474FE6D}.Release|Any CPU.ActiveCfg = Release|iPhone
		{F81186BE-F71F-4989-8208-60BC6474FE6D}.Release|Any CPU.Build.0 = Release|iPhone
		{F81186BE-F71F-4989-8208-60BC6474FE6D}.Release|ARM.ActiveCfg = Release|iPhoneSimulator
		{F81186BE-F71F-4989-8208-60BC6474FE6D}.Release|iPhone.ActiveCfg = Release|iPhone
		{F81186BE-F71F-4989-8208-60BC6474FE6D}.Release|iPhone.Build.0 = Release|iPhone
		{F81186BE-F71F-4989-8208-60BC6474FE6D}.Release|iPhoneSimulator.ActiveCfg = Release|iPhoneSimulator
		{F81186BE-F71F-4989-8208-60BC6474FE6D}.Release|iPhoneSimulator.Build.0 = Release|iPhoneSimulator
		{F81186BE-F71F-4989-8208-60BC6474FE6D}.Release|x64.ActiveCfg = Release|iPhoneSimulator
		{F81186BE-F71F-4989-8208-60BC6474FE6D}.Release|x86.ActiveCfg = Release|iPhone
		{F81186BE-F71F-4989-8208-60BC6474FE6D}.Release|x86.Build.0 = Release|iPhone
		{E78C3F94-9D79-439C-B787-9ED7665CF358}.Debug|Any CPU.ActiveCfg = Debug|Any CPU
		{E78C3F94-9D79-439C-B787-9ED7665CF358}.Debug|Any CPU.Build.0 = Debug|Any CPU
		{E78C3F94-9D79-439C-B787-9ED7665CF358}.Debug|Any CPU.Deploy.0 = Debug|Any CPU
		{E78C3F94-9D79-439C-B787-9ED7665CF358}.Debug|ARM.ActiveCfg = Debug|Any CPU
		{E78C3F94-9D79-439C-B787-9ED7665CF358}.Debug|ARM.Build.0 = Debug|Any CPU
		{E78C3F94-9D79-439C-B787-9ED7665CF358}.Debug|ARM.Deploy.0 = Debug|Any CPU
		{E78C3F94-9D79-439C-B787-9ED7665CF358}.Debug|iPhone.ActiveCfg = Debug|Any CPU
		{E78C3F94-9D79-439C-B787-9ED7665CF358}.Debug|iPhoneSimulator.ActiveCfg = Debug|Any CPU
		{E78C3F94-9D79-439C-B787-9ED7665CF358}.Debug|x64.ActiveCfg = Debug|Any CPU
		{E78C3F94-9D79-439C-B787-9ED7665CF358}.Debug|x86.ActiveCfg = Debug|Any CPU
		{E78C3F94-9D79-439C-B787-9ED7665CF358}.Release|Any CPU.ActiveCfg = Release|Any CPU
		{E78C3F94-9D79-439C-B787-9ED7665CF358}.Release|Any CPU.Build.0 = Release|Any CPU
		{E78C3F94-9D79-439C-B787-9ED7665CF358}.Release|Any CPU.Deploy.0 = Release|Any CPU
		{E78C3F94-9D79-439C-B787-9ED7665CF358}.Release|ARM.ActiveCfg = Release|Any CPU
		{E78C3F94-9D79-439C-B787-9ED7665CF358}.Release|ARM.Build.0 = Release|Any CPU
		{E78C3F94-9D79-439C-B787-9ED7665CF358}.Release|ARM.Deploy.0 = Release|Any CPU
		{E78C3F94-9D79-439C-B787-9ED7665CF358}.Release|iPhone.ActiveCfg = Release|Any CPU
		{E78C3F94-9D79-439C-B787-9ED7665CF358}.Release|iPhone.Build.0 = Release|Any CPU
		{E78C3F94-9D79-439C-B787-9ED7665CF358}.Release|iPhone.Deploy.0 = Release|Any CPU
		{E78C3F94-9D79-439C-B787-9ED7665CF358}.Release|iPhoneSimulator.ActiveCfg = Release|Any CPU
		{E78C3F94-9D79-439C-B787-9ED7665CF358}.Release|iPhoneSimulator.Build.0 = Release|Any CPU
		{E78C3F94-9D79-439C-B787-9ED7665CF358}.Release|iPhoneSimulator.Deploy.0 = Release|Any CPU
		{E78C3F94-9D79-439C-B787-9ED7665CF358}.Release|x64.ActiveCfg = Release|Any CPU
		{E78C3F94-9D79-439C-B787-9ED7665CF358}.Release|x64.Build.0 = Release|Any CPU
		{E78C3F94-9D79-439C-B787-9ED7665CF358}.Release|x64.Deploy.0 = Release|Any CPU
		{E78C3F94-9D79-439C-B787-9ED7665CF358}.Release|x86.ActiveCfg = Release|Any CPU
		{E78C3F94-9D79-439C-B787-9ED7665CF358}.Release|x86.Build.0 = Release|Any CPU
		{E78C3F94-9D79-439C-B787-9ED7665CF358}.Release|x86.Deploy.0 = Release|Any CPU
		{A1E763AD-24B9-4D6B-AACA-282BB33E350F}.Debug|Any CPU.ActiveCfg = Debug|Win32
		{A1E763AD-24B9-4D6B-AACA-282BB33E350F}.Debug|ARM.ActiveCfg = Debug|Win32
		{A1E763AD-24B9-4D6B-AACA-282BB33E350F}.Debug|iPhone.ActiveCfg = Debug|Win32
		{A1E763AD-24B9-4D6B-AACA-282BB33E350F}.Debug|iPhoneSimulator.ActiveCfg = Debug|Win32
		{A1E763AD-24B9-4D6B-AACA-282BB33E350F}.Debug|x64.ActiveCfg = Debug|x64
		{A1E763AD-24B9-4D6B-AACA-282BB33E350F}.Debug|x64.Build.0 = Debug|x64
		{A1E763AD-24B9-4D6B-AACA-282BB33E350F}.Debug|x86.ActiveCfg = Debug|Win32
		{A1E763AD-24B9-4D6B-AACA-282BB33E350F}.Debug|x86.Build.0 = Debug|Win32
		{A1E763AD-24B9-4D6B-AACA-282BB33E350F}.Release|Any CPU.ActiveCfg = Release|Win32
		{A1E763AD-24B9-4D6B-AACA-282BB33E350F}.Release|Any CPU.Build.0 = Release|Win32
		{A1E763AD-24B9-4D6B-AACA-282BB33E350F}.Release|ARM.ActiveCfg = Release|Win32
		{A1E763AD-24B9-4D6B-AACA-282BB33E350F}.Release|iPhone.ActiveCfg = Release|Win32
		{A1E763AD-24B9-4D6B-AACA-282BB33E350F}.Release|iPhoneSimulator.ActiveCfg = Release|Win32
		{A1E763AD-24B9-4D6B-AACA-282BB33E350F}.Release|x64.ActiveCfg = Release|Win32
		{A1E763AD-24B9-4D6B-AACA-282BB33E350F}.Release|x86.ActiveCfg = Release|Win32
		{A1E763AD-24B9-4D6B-AACA-282BB33E350F}.Release|x86.Build.0 = Release|Win32
	EndGlobalSection
	GlobalSection(SolutionProperties) = preSolution
		HideSolutionNode = FALSE
	EndGlobalSection
	GlobalSection(NestedProjects) = preSolution
		{A55BD773-5A29-4B2A-9DB7-1AB1DD38B537} = {2591F0E6-164F-491A-9D18-4AB4B255C717}
		{9F2EE4B5-CFD1-45E6-B2DB-969857FBCA2D} = {2591F0E6-164F-491A-9D18-4AB4B255C717}
		{C211EDE7-CC8E-4F53-A9DF-0B105A350BBF} = {2591F0E6-164F-491A-9D18-4AB4B255C717}
		{8B451911-321F-4244-9999-C1678BED060D} = {2591F0E6-164F-491A-9D18-4AB4B255C717}
		{2379D669-4F4B-4FF6-AF8A-49FEA981EFC3} = {2591F0E6-164F-491A-9D18-4AB4B255C717}
		{E97E649F-B703-47E3-B18A-0871D3498742} = {199A5BB3-E248-4A6A-8B86-364185EAFDAA}
		{85BE0303-787B-4325-9FF3-DFC028A3E6FF} = {199A5BB3-E248-4A6A-8B86-364185EAFDAA}
		{5A86453B-96FB-4B6E-A283-225BB9F753D3} = {199A5BB3-E248-4A6A-8B86-364185EAFDAA}
		{F81186BE-F71F-4989-8208-60BC6474FE6D} = {199A5BB3-E248-4A6A-8B86-364185EAFDAA}
		{E78C3F94-9D79-439C-B787-9ED7665CF358} = {199A5BB3-E248-4A6A-8B86-364185EAFDAA}
	EndGlobalSection
EndGlobal
