
Microsoft Visual Studio Solution File, Format Version 12.00
# Visual Studio 2012
Project("{FAE04EC0-301F-11D3-BF4B-00C04F79EFBC}") = "DrawX.Droid", "Droid\DrawX.Droid.csproj", "{056D3CA2-E742-4EA4-B45A-8B208FEB0B8C}"
EndProject
Project("{FAE04EC0-301F-11D3-BF4B-00C04F79EFBC}") = "DrawX.iOS", "iOS\DrawX.iOS.csproj", "{F4CDEB98-E11E-4453-9921-149A4BD99954}"
EndProject
Project("{D954291E-2A0B-460D-934E-DC6B0785DB48}") = "DrawXShared", "DrawXShared\DrawXShared.shproj", "{D5678D53-71AB-4CF6-A7D8-F20E75E2ED03}"
EndProject
Global
	GlobalSection(SolutionConfigurationPlatforms) = preSolution
		Debug|Any CPU = Debug|Any CPU
		Release|Any CPU = Release|Any CPU
		Debug|iPhoneSimulator = Debug|iPhoneSimulator
		Release|iPhone = Release|iPhone
		Release|iPhoneSimulator = Release|iPhoneSimulator
		Debug|iPhone = Debug|iPhone
	EndGlobalSection
	GlobalSection(ProjectConfigurationPlatforms) = postSolution
		{056D3CA2-E742-4EA4-B45A-8B208FEB0B8C}.Debug|Any CPU.ActiveCfg = Debug|Any CPU
		{056D3CA2-E742-4EA4-B45A-8B208FEB0B8C}.Debug|Any CPU.Build.0 = Debug|Any CPU
		{056D3CA2-E742-4EA4-B45A-8B208FEB0B8C}.Release|Any CPU.ActiveCfg = Release|Any CPU
		{056D3CA2-E742-4EA4-B45A-8B208FEB0B8C}.Release|Any CPU.Build.0 = Release|Any CPU
		{056D3CA2-E742-4EA4-B45A-8B208FEB0B8C}.Debug|iPhoneSimulator.ActiveCfg = Debug|Any CPU
		{056D3CA2-E742-4EA4-B45A-8B208FEB0B8C}.Debug|iPhoneSimulator.Build.0 = Debug|Any CPU
		{056D3CA2-E742-4EA4-B45A-8B208FEB0B8C}.Release|iPhone.ActiveCfg = Release|Any CPU
		{056D3CA2-E742-4EA4-B45A-8B208FEB0B8C}.Release|iPhone.Build.0 = Release|Any CPU
		{056D3CA2-E742-4EA4-B45A-8B208FEB0B8C}.Release|iPhoneSimulator.ActiveCfg = Release|Any CPU
		{056D3CA2-E742-4EA4-B45A-8B208FEB0B8C}.Release|iPhoneSimulator.Build.0 = Release|Any CPU
		{056D3CA2-E742-4EA4-B45A-8B208FEB0B8C}.Debug|iPhone.ActiveCfg = Debug|Any CPU
		{056D3CA2-E742-4EA4-B45A-8B208FEB0B8C}.Debug|iPhone.Build.0 = Debug|Any CPU
		{F4CDEB98-E11E-4453-9921-149A4BD99954}.Debug|Any CPU.ActiveCfg = Debug|iPhoneSimulator
		{F4CDEB98-E11E-4453-9921-149A4BD99954}.Debug|Any CPU.Build.0 = Debug|iPhoneSimulator
		{F4CDEB98-E11E-4453-9921-149A4BD99954}.Release|Any CPU.ActiveCfg = Release|iPhone
		{F4CDEB98-E11E-4453-9921-149A4BD99954}.Release|Any CPU.Build.0 = Release|iPhone
		{F4CDEB98-E11E-4453-9921-149A4BD99954}.Debug|iPhoneSimulator.ActiveCfg = Debug|iPhoneSimulator
		{F4CDEB98-E11E-4453-9921-149A4BD99954}.Debug|iPhoneSimulator.Build.0 = Debug|iPhoneSimulator
		{F4CDEB98-E11E-4453-9921-149A4BD99954}.Release|iPhone.ActiveCfg = Release|iPhone
		{F4CDEB98-E11E-4453-9921-149A4BD99954}.Release|iPhone.Build.0 = Release|iPhone
		{F4CDEB98-E11E-4453-9921-149A4BD99954}.Release|iPhoneSimulator.ActiveCfg = Release|iPhoneSimulator
		{F4CDEB98-E11E-4453-9921-149A4BD99954}.Release|iPhoneSimulator.Build.0 = Release|iPhoneSimulator
		{F4CDEB98-E11E-4453-9921-149A4BD99954}.Debug|iPhone.ActiveCfg = Debug|iPhone
		{F4CDEB98-E11E-4453-9921-149A4BD99954}.Debug|iPhone.Build.0 = Debug|iPhone
	EndGlobalSection
EndGlobal
